// !$*UTF8*$!
{
	archiveVersion = 1;
	classes = {
	};
	objectVersion = 46;
	objects = {

/* Begin PBXAggregateTarget section */
		401297BD16F21CA100C0DC35 /* Mogenerator */ = {
			isa = PBXAggregateTarget;
			buildConfigurationList = 401297BE16F21CA100C0DC35 /* Build configuration list for PBXAggregateTarget "Mogenerator" */;
			buildPhases = (
				401297C116F21CB200C0DC35 /* ShellScript */,
			);
			dependencies = (
			);
			name = Mogenerator;
			productName = Mogenerator;
		};
/* End PBXAggregateTarget section */

/* Begin PBXBuildFile section */
		401297BB16F21C2D00C0DC35 /* ATCalendar.xcdatamodeld in Sources */ = {isa = PBXBuildFile; fileRef = 401297B916F21C2D00C0DC35 /* ATCalendar.xcdatamodeld */; };
		401297BC16F21C2D00C0DC35 /* ATCalendar.xcdatamodeld in Sources */ = {isa = PBXBuildFile; fileRef = 401297B916F21C2D00C0DC35 /* ATCalendar.xcdatamodeld */; };
		405EC2C616F219B400F590DD /* UIKit.framework in Frameworks */ = {isa = PBXBuildFile; fileRef = 405EC2C516F219B400F590DD /* UIKit.framework */; };
		405EC2C816F219B400F590DD /* Foundation.framework in Frameworks */ = {isa = PBXBuildFile; fileRef = 405EC2C716F219B400F590DD /* Foundation.framework */; };
		405EC2CA16F219B400F590DD /* CoreGraphics.framework in Frameworks */ = {isa = PBXBuildFile; fileRef = 405EC2C916F219B400F590DD /* CoreGraphics.framework */; };
		405EC2CC16F219B400F590DD /* CoreData.framework in Frameworks */ = {isa = PBXBuildFile; fileRef = 405EC2CB16F219B400F590DD /* CoreData.framework */; };
		405EC2D216F219B400F590DD /* InfoPlist.strings in Resources */ = {isa = PBXBuildFile; fileRef = 405EC2D016F219B400F590DD /* InfoPlist.strings */; };
		405EC2D416F219B400F590DD /* main.m in Sources */ = {isa = PBXBuildFile; fileRef = 405EC2D316F219B400F590DD /* main.m */; };
		405EC2D816F219B400F590DD /* ATAppDelegate.m in Sources */ = {isa = PBXBuildFile; fileRef = 405EC2D716F219B400F590DD /* ATAppDelegate.m */; };
		405EC2DA16F219B400F590DD /* Default.png in Resources */ = {isa = PBXBuildFile; fileRef = 405EC2D916F219B400F590DD /* Default.png */; };
		405EC2DC16F219B400F590DD /* Default@2x.png in Resources */ = {isa = PBXBuildFile; fileRef = 405EC2DB16F219B400F590DD /* Default@2x.png */; };
		405EC2DE16F219B400F590DD /* Default-568h@2x.png in Resources */ = {isa = PBXBuildFile; fileRef = 405EC2DD16F219B400F590DD /* Default-568h@2x.png */; };
		405EC2E116F219B400F590DD /* MainStoryboard.storyboard in Resources */ = {isa = PBXBuildFile; fileRef = 405EC2DF16F219B400F590DD /* MainStoryboard.storyboard */; };
		405EC2E716F219B400F590DD /* ATMasterViewController.m in Sources */ = {isa = PBXBuildFile; fileRef = 405EC2E616F219B400F590DD /* ATMasterViewController.m */; };
		405EC2EA16F219B400F590DD /* ATDetailViewController.m in Sources */ = {isa = PBXBuildFile; fileRef = 405EC2E916F219B400F590DD /* ATDetailViewController.m */; };
		405EC2F216F219B400F590DD /* SenTestingKit.framework in Frameworks */ = {isa = PBXBuildFile; fileRef = 405EC2F116F219B400F590DD /* SenTestingKit.framework */; };
		405EC2F316F219B400F590DD /* UIKit.framework in Frameworks */ = {isa = PBXBuildFile; fileRef = 405EC2C516F219B400F590DD /* UIKit.framework */; };
		405EC2F416F219B400F590DD /* Foundation.framework in Frameworks */ = {isa = PBXBuildFile; fileRef = 405EC2C716F219B400F590DD /* Foundation.framework */; };
		405EC2F516F219B400F590DD /* CoreData.framework in Frameworks */ = {isa = PBXBuildFile; fileRef = 405EC2CB16F219B400F590DD /* CoreData.framework */; };
		405EC2FD16F219B400F590DD /* InfoPlist.strings in Resources */ = {isa = PBXBuildFile; fileRef = 405EC2FB16F219B400F590DD /* InfoPlist.strings */; };
		405EC30016F219B400F590DD /* ATCalendarDemoTests.m in Sources */ = {isa = PBXBuildFile; fileRef = 405EC2FF16F219B400F590DD /* ATCalendarDemoTests.m */; };
/* End PBXBuildFile section */

/* Begin PBXContainerItemProxy section */
		405EC2F616F219B400F590DD /* PBXContainerItemProxy */ = {
			isa = PBXContainerItemProxy;
			containerPortal = 405EC2BA16F219B400F590DD /* Project object */;
			proxyType = 1;
			remoteGlobalIDString = 405EC2C116F219B400F590DD;
			remoteInfo = ATCalendarDemo;
		};
/* End PBXContainerItemProxy section */

/* Begin PBXFileReference section */
		401297BA16F21C2D00C0DC35 /* ATCalendar.xcdatamodel */ = {isa = PBXFileReference; lastKnownFileType = wrapper.xcdatamodel; path = ATCalendar.xcdatamodel; sourceTree = "<group>"; };
		401297C216F21D6C00C0DC35 /* ATCalendar_initial.xcdatamodel */ = {isa = PBXFileReference; lastKnownFileType = file; path = ATCalendar_initial.xcdatamodel; sourceTree = "<group>"; };
		405EC2C216F219B400F590DD /* ATCalendarDemo.app */ = {isa = PBXFileReference; explicitFileType = wrapper.application; includeInIndex = 0; path = ATCalendarDemo.app; sourceTree = BUILT_PRODUCTS_DIR; };
		405EC2C516F219B400F590DD /* UIKit.framework */ = {isa = PBXFileReference; lastKnownFileType = wrapper.framework; name = UIKit.framework; path = System/Library/Frameworks/UIKit.framework; sourceTree = SDKROOT; };
		405EC2C716F219B400F590DD /* Foundation.framework */ = {isa = PBXFileReference; lastKnownFileType = wrapper.framework; name = Foundation.framework; path = System/Library/Frameworks/Foundation.framework; sourceTree = SDKROOT; };
		405EC2C916F219B400F590DD /* CoreGraphics.framework */ = {isa = PBXFileReference; lastKnownFileType = wrapper.framework; name = CoreGraphics.framework; path = System/Library/Frameworks/CoreGraphics.framework; sourceTree = SDKROOT; };
		405EC2CB16F219B400F590DD /* CoreData.framework */ = {isa = PBXFileReference; lastKnownFileType = wrapper.framework; name = CoreData.framework; path = System/Library/Frameworks/CoreData.framework; sourceTree = SDKROOT; };
		405EC2CF16F219B400F590DD /* ATCalendarDemo-Info.plist */ = {isa = PBXFileReference; lastKnownFileType = text.plist.xml; path = "ATCalendarDemo-Info.plist"; sourceTree = "<group>"; };
		405EC2D116F219B400F590DD /* en */ = {isa = PBXFileReference; lastKnownFileType = text.plist.strings; name = en; path = en.lproj/InfoPlist.strings; sourceTree = "<group>"; };
		405EC2D316F219B400F590DD /* main.m */ = {isa = PBXFileReference; lastKnownFileType = sourcecode.c.objc; path = main.m; sourceTree = "<group>"; };
		405EC2D516F219B400F590DD /* ATCalendarDemo-Prefix.pch */ = {isa = PBXFileReference; lastKnownFileType = sourcecode.c.h; path = "ATCalendarDemo-Prefix.pch"; sourceTree = "<group>"; };
		405EC2D616F219B400F590DD /* ATAppDelegate.h */ = {isa = PBXFileReference; lastKnownFileType = sourcecode.c.h; path = ATAppDelegate.h; sourceTree = "<group>"; };
		405EC2D716F219B400F590DD /* ATAppDelegate.m */ = {isa = PBXFileReference; lastKnownFileType = sourcecode.c.objc; path = ATAppDelegate.m; sourceTree = "<group>"; };
		405EC2D916F219B400F590DD /* Default.png */ = {isa = PBXFileReference; lastKnownFileType = image.png; path = Default.png; sourceTree = "<group>"; };
		405EC2DB16F219B400F590DD /* Default@2x.png */ = {isa = PBXFileReference; lastKnownFileType = image.png; path = "Default@2x.png"; sourceTree = "<group>"; };
		405EC2DD16F219B400F590DD /* Default-568h@2x.png */ = {isa = PBXFileReference; lastKnownFileType = image.png; path = "Default-568h@2x.png"; sourceTree = "<group>"; };
		405EC2E016F219B400F590DD /* en */ = {isa = PBXFileReference; lastKnownFileType = file.storyboard; name = en; path = en.lproj/MainStoryboard.storyboard; sourceTree = "<group>"; };
		405EC2E516F219B400F590DD /* ATMasterViewController.h */ = {isa = PBXFileReference; lastKnownFileType = sourcecode.c.h; path = ATMasterViewController.h; sourceTree = "<group>"; };
		405EC2E616F219B400F590DD /* ATMasterViewController.m */ = {isa = PBXFileReference; lastKnownFileType = sourcecode.c.objc; path = ATMasterViewController.m; sourceTree = "<group>"; };
		405EC2E816F219B400F590DD /* ATDetailViewController.h */ = {isa = PBXFileReference; lastKnownFileType = sourcecode.c.h; path = ATDetailViewController.h; sourceTree = "<group>"; };
		405EC2E916F219B400F590DD /* ATDetailViewController.m */ = {isa = PBXFileReference; lastKnownFileType = sourcecode.c.objc; path = ATDetailViewController.m; sourceTree = "<group>"; };
		405EC2F016F219B400F590DD /* ATCalendarDemoTests.octest */ = {isa = PBXFileReference; explicitFileType = wrapper.cfbundle; includeInIndex = 0; name = ATCalendarDemoTests.octest; path = ATCalendarTests.octest; sourceTree = BUILT_PRODUCTS_DIR; };
		405EC2F116F219B400F590DD /* SenTestingKit.framework */ = {isa = PBXFileReference; lastKnownFileType = wrapper.framework; name = SenTestingKit.framework; path = Library/Frameworks/SenTestingKit.framework; sourceTree = DEVELOPER_DIR; };
		405EC2FA16F219B400F590DD /* ATCalendarDemoTests-Info.plist */ = {isa = PBXFileReference; lastKnownFileType = text.plist.xml; path = "ATCalendarDemoTests-Info.plist"; sourceTree = "<group>"; };
		405EC2FC16F219B400F590DD /* en */ = {isa = PBXFileReference; lastKnownFileType = text.plist.strings; name = en; path = en.lproj/InfoPlist.strings; sourceTree = "<group>"; };
		405EC2FE16F219B400F590DD /* ATCalendarDemoTests.h */ = {isa = PBXFileReference; lastKnownFileType = sourcecode.c.h; path = ATCalendarDemoTests.h; sourceTree = "<group>"; };
		405EC2FF16F219B400F590DD /* ATCalendarDemoTests.m */ = {isa = PBXFileReference; lastKnownFileType = sourcecode.c.objc; path = ATCalendarDemoTests.m; sourceTree = "<group>"; };
/* End PBXFileReference section */

/* Begin PBXFrameworksBuildPhase section */
		405EC2BF16F219B400F590DD /* Frameworks */ = {
			isa = PBXFrameworksBuildPhase;
			buildActionMask = 2147483647;
			files = (
				405EC2C616F219B400F590DD /* UIKit.framework in Frameworks */,
				405EC2C816F219B400F590DD /* Foundation.framework in Frameworks */,
				405EC2CA16F219B400F590DD /* CoreGraphics.framework in Frameworks */,
				405EC2CC16F219B400F590DD /* CoreData.framework in Frameworks */,
			);
			runOnlyForDeploymentPostprocessing = 0;
		};
		405EC2EC16F219B400F590DD /* Frameworks */ = {
			isa = PBXFrameworksBuildPhase;
			buildActionMask = 2147483647;
			files = (
				405EC2F216F219B400F590DD /* SenTestingKit.framework in Frameworks */,
				405EC2F316F219B400F590DD /* UIKit.framework in Frameworks */,
				405EC2F416F219B400F590DD /* Foundation.framework in Frameworks */,
				405EC2F516F219B400F590DD /* CoreData.framework in Frameworks */,
			);
			runOnlyForDeploymentPostprocessing = 0;
		};
/* End PBXFrameworksBuildPhase section */

/* Begin PBXGroup section */
		401297B816F21C2D00C0DC35 /* Models */ = {
			isa = PBXGroup;
			children = (
				401297B916F21C2D00C0DC35 /* ATCalendar.xcdatamodeld */,
			);
			path = Models;
			sourceTree = "<group>";
		};
		405EC2B916F219B400F590DD = {
			isa = PBXGroup;
			children = (
				405EC30916F21B0500F590DD /* src */,
				405EC2CD16F219B400F590DD /* ATCalendarDemo */,
				405EC2F816F219B400F590DD /* ATCalendarDemoTests */,
				405EC2C416F219B400F590DD /* Frameworks */,
				405EC2C316F219B400F590DD /* Products */,
			);
			sourceTree = "<group>";
		};
		405EC2C316F219B400F590DD /* Products */ = {
			isa = PBXGroup;
			children = (
				405EC2C216F219B400F590DD /* ATCalendarDemo.app */,
				405EC2F016F219B400F590DD /* ATCalendarDemoTests.octest */,
			);
			name = Products;
			sourceTree = "<group>";
		};
		405EC2C416F219B400F590DD /* Frameworks */ = {
			isa = PBXGroup;
			children = (
				405EC2C516F219B400F590DD /* UIKit.framework */,
				405EC2C716F219B400F590DD /* Foundation.framework */,
				405EC2C916F219B400F590DD /* CoreGraphics.framework */,
				405EC2CB16F219B400F590DD /* CoreData.framework */,
				405EC2F116F219B400F590DD /* SenTestingKit.framework */,
			);
			name = Frameworks;
			sourceTree = "<group>";
		};
		405EC2CD16F219B400F590DD /* ATCalendarDemo */ = {
			isa = PBXGroup;
			children = (
				405EC2D616F219B400F590DD /* ATAppDelegate.h */,
				405EC2D716F219B400F590DD /* ATAppDelegate.m */,
				405EC2DF16F219B400F590DD /* MainStoryboard.storyboard */,
				405EC2E516F219B400F590DD /* ATMasterViewController.h */,
				405EC2E616F219B400F590DD /* ATMasterViewController.m */,
				405EC2E816F219B400F590DD /* ATDetailViewController.h */,
				405EC2E916F219B400F590DD /* ATDetailViewController.m */,
				405EC2CE16F219B400F590DD /* Supporting Files */,
			);
			path = ATCalendarDemo;
			sourceTree = "<group>";
		};
		405EC2CE16F219B400F590DD /* Supporting Files */ = {
			isa = PBXGroup;
			children = (
				405EC2CF16F219B400F590DD /* ATCalendarDemo-Info.plist */,
				405EC2D016F219B400F590DD /* InfoPlist.strings */,
				405EC2D316F219B400F590DD /* main.m */,
				405EC2D516F219B400F590DD /* ATCalendarDemo-Prefix.pch */,
				405EC2D916F219B400F590DD /* Default.png */,
				405EC2DB16F219B400F590DD /* Default@2x.png */,
				405EC2DD16F219B400F590DD /* Default-568h@2x.png */,
			);
			name = "Supporting Files";
			sourceTree = "<group>";
		};
		405EC2F816F219B400F590DD /* ATCalendarDemoTests */ = {
			isa = PBXGroup;
			children = (
				405EC2FE16F219B400F590DD /* ATCalendarDemoTests.h */,
				405EC2FF16F219B400F590DD /* ATCalendarDemoTests.m */,
				405EC2F916F219B400F590DD /* Supporting Files */,
			);
			path = ATCalendarDemoTests;
			sourceTree = "<group>";
		};
		405EC2F916F219B400F590DD /* Supporting Files */ = {
			isa = PBXGroup;
			children = (
				405EC2FA16F219B400F590DD /* ATCalendarDemoTests-Info.plist */,
				405EC2FB16F219B400F590DD /* InfoPlist.strings */,
			);
			name = "Supporting Files";
			sourceTree = "<group>";
		};
		405EC30916F21B0500F590DD /* src */ = {
			isa = PBXGroup;
			children = (
				401297B816F21C2D00C0DC35 /* Models */,
			);
			path = src;
			sourceTree = "<group>";
		};
/* End PBXGroup section */

/* Begin PBXNativeTarget section */
		405EC2C116F219B400F590DD /* ATCalendarDemo */ = {
			isa = PBXNativeTarget;
			buildConfigurationList = 405EC30316F219B400F590DD /* Build configuration list for PBXNativeTarget "ATCalendarDemo" */;
			buildPhases = (
				405EC2BE16F219B400F590DD /* Sources */,
				405EC2BF16F219B400F590DD /* Frameworks */,
				405EC2C016F219B400F590DD /* Resources */,
			);
			buildRules = (
			);
			dependencies = (
			);
			name = ATCalendarDemo;
			productName = ATCalendarDemo;
			productReference = 405EC2C216F219B400F590DD /* ATCalendarDemo.app */;
			productType = "com.apple.product-type.application";
		};
		405EC2EF16F219B400F590DD /* ATCalendarTests */ = {
			isa = PBXNativeTarget;
			buildConfigurationList = 405EC30616F219B400F590DD /* Build configuration list for PBXNativeTarget "ATCalendarTests" */;
			buildPhases = (
				405EC2EB16F219B400F590DD /* Sources */,
				405EC2EC16F219B400F590DD /* Frameworks */,
				405EC2ED16F219B400F590DD /* Resources */,
				405EC2EE16F219B400F590DD /* ShellScript */,
			);
			buildRules = (
			);
			dependencies = (
				405EC2F716F219B400F590DD /* PBXTargetDependency */,
			);
			name = ATCalendarTests;
			productName = ATCalendarDemoTests;
			productReference = 405EC2F016F219B400F590DD /* ATCalendarDemoTests.octest */;
			productType = "com.apple.product-type.bundle";
		};
/* End PBXNativeTarget section */

/* Begin PBXProject section */
		405EC2BA16F219B400F590DD /* Project object */ = {
			isa = PBXProject;
			attributes = {
				CLASSPREFIX = AT;
				LastUpgradeCheck = 0460;
				ORGANIZATIONNAME = "Adrian Tofan";
			};
			buildConfigurationList = 405EC2BD16F219B400F590DD /* Build configuration list for PBXProject "ATCalendarDemo" */;
			compatibilityVersion = "Xcode 3.2";
			developmentRegion = English;
			hasScannedForEncodings = 0;
			knownRegions = (
				en,
			);
			mainGroup = 405EC2B916F219B400F590DD;
			productRefGroup = 405EC2C316F219B400F590DD /* Products */;
			projectDirPath = "";
			projectRoot = "";
			targets = (
				405EC2C116F219B400F590DD /* ATCalendarDemo */,
				405EC2EF16F219B400F590DD /* ATCalendarTests */,
				401297BD16F21CA100C0DC35 /* Mogenerator */,
			);
		};
/* End PBXProject section */

/* Begin PBXResourcesBuildPhase section */
		405EC2C016F219B400F590DD /* Resources */ = {
			isa = PBXResourcesBuildPhase;
			buildActionMask = 2147483647;
			files = (
				405EC2D216F219B400F590DD /* InfoPlist.strings in Resources */,
				405EC2DA16F219B400F590DD /* Default.png in Resources */,
				405EC2DC16F219B400F590DD /* Default@2x.png in Resources */,
				405EC2DE16F219B400F590DD /* Default-568h@2x.png in Resources */,
				405EC2E116F219B400F590DD /* MainStoryboard.storyboard in Resources */,
			);
			runOnlyForDeploymentPostprocessing = 0;
		};
		405EC2ED16F219B400F590DD /* Resources */ = {
			isa = PBXResourcesBuildPhase;
			buildActionMask = 2147483647;
			files = (
				405EC2FD16F219B400F590DD /* InfoPlist.strings in Resources */,
			);
			runOnlyForDeploymentPostprocessing = 0;
		};
/* End PBXResourcesBuildPhase section */

/* Begin PBXShellScriptBuildPhase section */
		401297C116F21CB200C0DC35 /* ShellScript */ = {
			isa = PBXShellScriptBuildPhase;
			buildActionMask = 2147483647;
			files = (
			);
			inputPaths = (
			);
			outputPaths = (
			);
			runOnlyForDeploymentPostprocessing = 0;
			shellPath = /bin/sh;
			shellScript = "cd src/Models\nDATA_MODEL_PACKAGE=\"ATCalendar.xcdatamodeld\"\nCURRENT_VERSION=`/usr/libexec/PlistBuddy \"$DATA_MODEL_PACKAGE/.xccurrentversion\" -c 'print _XCCurrentVersionName'`\n/usr/local/bin/mogenerator --template-var arc=true -m \"$DATA_MODEL_PACKAGE/$CURRENT_VERSION\"";
		};
		405EC2EE16F219B400F590DD /* ShellScript */ = {
			isa = PBXShellScriptBuildPhase;
			buildActionMask = 2147483647;
			files = (
			);
			inputPaths = (
			);
			outputPaths = (
			);
			runOnlyForDeploymentPostprocessing = 0;
			shellPath = /bin/sh;
			shellScript = "# Run the unit tests in this test bundle.\n\"${SYSTEM_DEVELOPER_DIR}/Tools/RunUnitTests\"\n";
		};
/* End PBXShellScriptBuildPhase section */

/* Begin PBXSourcesBuildPhase section */
		405EC2BE16F219B400F590DD /* Sources */ = {
			isa = PBXSourcesBuildPhase;
			buildActionMask = 2147483647;
			files = (
				405EC2D416F219B400F590DD /* main.m in Sources */,
				405EC2D816F219B400F590DD /* ATAppDelegate.m in Sources */,
				405EC2E716F219B400F590DD /* ATMasterViewController.m in Sources */,
				405EC2EA16F219B400F590DD /* ATDetailViewController.m in Sources */,
				401297BB16F21C2D00C0DC35 /* ATCalendar.xcdatamodeld in Sources */,
			);
			runOnlyForDeploymentPostprocessing = 0;
		};
		405EC2EB16F219B400F590DD /* Sources */ = {
			isa = PBXSourcesBuildPhase;
			buildActionMask = 2147483647;
			files = (
				405EC30016F219B400F590DD /* ATCalendarDemoTests.m in Sources */,
				401297BC16F21C2D00C0DC35 /* ATCalendar.xcdatamodeld in Sources */,
			);
			runOnlyForDeploymentPostprocessing = 0;
		};
/* End PBXSourcesBuildPhase section */

/* Begin PBXTargetDependency section */
		405EC2F716F219B400F590DD /* PBXTargetDependency */ = {
			isa = PBXTargetDependency;
			target = 405EC2C116F219B400F590DD /* ATCalendarDemo */;
			targetProxy = 405EC2F616F219B400F590DD /* PBXContainerItemProxy */;
		};
/* End PBXTargetDependency section */

/* Begin PBXVariantGroup section */
		405EC2D016F219B400F590DD /* InfoPlist.strings */ = {
			isa = PBXVariantGroup;
			children = (
				405EC2D116F219B400F590DD /* en */,
			);
			name = InfoPlist.strings;
			sourceTree = "<group>";
		};
		405EC2DF16F219B400F590DD /* MainStoryboard.storyboard */ = {
			isa = PBXVariantGroup;
			children = (
				405EC2E016F219B400F590DD /* en */,
			);
			name = MainStoryboard.storyboard;
			sourceTree = "<group>";
		};
		405EC2FB16F219B400F590DD /* InfoPlist.strings */ = {
			isa = PBXVariantGroup;
			children = (
				405EC2FC16F219B400F590DD /* en */,
			);
			name = InfoPlist.strings;
			sourceTree = "<group>";
		};
/* End PBXVariantGroup section */

/* Begin XCBuildConfiguration section */
		401297BF16F21CA100C0DC35 /* Debug */ = {
			isa = XCBuildConfiguration;
			buildSettings = {
				PRODUCT_NAME = "$(TARGET_NAME)";
			};
			name = Debug;
		};
		401297C016F21CA100C0DC35 /* Release */ = {
			isa = XCBuildConfiguration;
			buildSettings = {
				PRODUCT_NAME = "$(TARGET_NAME)";
			};
			name = Release;
		};
		405EC30116F219B400F590DD /* Debug */ = {
			isa = XCBuildConfiguration;
			buildSettings = {
				ALWAYS_SEARCH_USER_PATHS = NO;
				CLANG_CXX_LANGUAGE_STANDARD = "gnu++0x";
				CLANG_CXX_LIBRARY = "libc++";
				CLANG_ENABLE_OBJC_ARC = YES;
				CLANG_WARN_CONSTANT_CONVERSION = YES;
				CLANG_WARN_EMPTY_BODY = YES;
				CLANG_WARN_ENUM_CONVERSION = YES;
				CLANG_WARN_INT_CONVERSION = YES;
				CLANG_WARN__DUPLICATE_METHOD_MATCH = YES;
				"CODE_SIGN_IDENTITY[sdk=iphoneos*]" = "iPhone Developer";
				COPY_PHASE_STRIP = NO;
				GCC_C_LANGUAGE_STANDARD = gnu99;
				GCC_DYNAMIC_NO_PIC = NO;
				GCC_OPTIMIZATION_LEVEL = 0;
				GCC_PREPROCESSOR_DEFINITIONS = (
					"DEBUG=1",
					"$(inherited)",
				);
				GCC_SYMBOLS_PRIVATE_EXTERN = NO;
				GCC_WARN_ABOUT_RETURN_TYPE = YES;
				GCC_WARN_UNINITIALIZED_AUTOS = YES;
				GCC_WARN_UNUSED_VARIABLE = YES;
				IPHONEOS_DEPLOYMENT_TARGET = 6.1;
				ONLY_ACTIVE_ARCH = YES;
				SDKROOT = iphoneos;
			};
			name = Debug;
		};
		405EC30216F219B400F590DD /* Release */ = {
			isa = XCBuildConfiguration;
			buildSettings = {
				ALWAYS_SEARCH_USER_PATHS = NO;
				CLANG_CXX_LANGUAGE_STANDARD = "gnu++0x";
				CLANG_CXX_LIBRARY = "libc++";
				CLANG_ENABLE_OBJC_ARC = YES;
				CLANG_WARN_CONSTANT_CONVERSION = YES;
				CLANG_WARN_EMPTY_BODY = YES;
				CLANG_WARN_ENUM_CONVERSION = YES;
				CLANG_WARN_INT_CONVERSION = YES;
				CLANG_WARN__DUPLICATE_METHOD_MATCH = YES;
				"CODE_SIGN_IDENTITY[sdk=iphoneos*]" = "iPhone Developer";
				COPY_PHASE_STRIP = YES;
				GCC_C_LANGUAGE_STANDARD = gnu99;
				GCC_WARN_ABOUT_RETURN_TYPE = YES;
				GCC_WARN_UNINITIALIZED_AUTOS = YES;
				GCC_WARN_UNUSED_VARIABLE = YES;
				IPHONEOS_DEPLOYMENT_TARGET = 6.1;
				OTHER_CFLAGS = "-DNS_BLOCK_ASSERTIONS=1";
				SDKROOT = iphoneos;
				VALIDATE_PRODUCT = YES;
			};
			name = Release;
		};
		405EC30416F219B400F590DD /* Debug */ = {
			isa = XCBuildConfiguration;
			buildSettings = {
				GCC_PRECOMPILE_PREFIX_HEADER = YES;
				GCC_PREFIX_HEADER = "ATCalendarDemo/ATCalendarDemo-Prefix.pch";
				INFOPLIST_FILE = "ATCalendarDemo/ATCalendarDemo-Info.plist";
				PRODUCT_NAME = "$(TARGET_NAME)";
				WRAPPER_EXTENSION = app;
			};
			name = Debug;
		};
		405EC30516F219B400F590DD /* Release */ = {
			isa = XCBuildConfiguration;
			buildSettings = {
				GCC_PRECOMPILE_PREFIX_HEADER = YES;
				GCC_PREFIX_HEADER = "ATCalendarDemo/ATCalendarDemo-Prefix.pch";
				INFOPLIST_FILE = "ATCalendarDemo/ATCalendarDemo-Info.plist";
				PRODUCT_NAME = "$(TARGET_NAME)";
				WRAPPER_EXTENSION = app;
			};
			name = Release;
		};
		405EC30716F219B400F590DD /* Debug */ = {
			isa = XCBuildConfiguration;
			buildSettings = {
				BUNDLE_LOADER = "$(BUILT_PRODUCTS_DIR)/ATCalendarDemo.app/ATCalendarDemo";
				FRAMEWORK_SEARCH_PATHS = (
					"\"$(SDKROOT)/Developer/Library/Frameworks\"",
					"\"$(DEVELOPER_LIBRARY_DIR)/Frameworks\"",
				);
				GCC_PRECOMPILE_PREFIX_HEADER = YES;
				GCC_PREFIX_HEADER = "ATCalendarDemo/ATCalendarDemo-Prefix.pch";
				INFOPLIST_FILE = "ATCalendarDemoTests/ATCalendarDemoTests-Info.plist";
				PRODUCT_NAME = "$(TARGET_NAME)";
				TEST_HOST = "$(BUNDLE_LOADER)";
				WRAPPER_EXTENSION = octest;
			};
			name = Debug;
		};
		405EC30816F219B400F590DD /* Release */ = {
			isa = XCBuildConfiguration;
			buildSettings = {
				BUNDLE_LOADER = "$(BUILT_PRODUCTS_DIR)/ATCalendarDemo.app/ATCalendarDemo";
				FRAMEWORK_SEARCH_PATHS = (
					"\"$(SDKROOT)/Developer/Library/Frameworks\"",
					"\"$(DEVELOPER_LIBRARY_DIR)/Frameworks\"",
				);
				GCC_PRECOMPILE_PREFIX_HEADER = YES;
				GCC_PREFIX_HEADER = "ATCalendarDemo/ATCalendarDemo-Prefix.pch";
				INFOPLIST_FILE = "ATCalendarDemoTests/ATCalendarDemoTests-Info.plist";
				PRODUCT_NAME = "$(TARGET_NAME)";
				TEST_HOST = "$(BUNDLE_LOADER)";
				WRAPPER_EXTENSION = octest;
			};
			name = Release;
		};
/* End XCBuildConfiguration section */

/* Begin XCConfigurationList section */
		401297BE16F21CA100C0DC35 /* Build configuration list for PBXAggregateTarget "Mogenerator" */ = {
			isa = XCConfigurationList;
			buildConfigurations = (
				401297BF16F21CA100C0DC35 /* Debug */,
				401297C016F21CA100C0DC35 /* Release */,
			);
			defaultConfigurationIsVisible = 0;
			defaultConfigurationName = Release;
		};
		405EC2BD16F219B400F590DD /* Build configuration list for PBXProject "ATCalendarDemo" */ = {
			isa = XCConfigurationList;
			buildConfigurations = (
				405EC30116F219B400F590DD /* Debug */,
				405EC30216F219B400F590DD /* Release */,
			);
			defaultConfigurationIsVisible = 0;
			defaultConfigurationName = Release;
		};
		405EC30316F219B400F590DD /* Build configuration list for PBXNativeTarget "ATCalendarDemo" */ = {
			isa = XCConfigurationList;
			buildConfigurations = (
				405EC30416F219B400F590DD /* Debug */,
				405EC30516F219B400F590DD /* Release */,
			);
			defaultConfigurationIsVisible = 0;
			defaultConfigurationName = Release;
		};
		405EC30616F219B400F590DD /* Build configuration list for PBXNativeTarget "ATCalendarTests" */ = {
			isa = XCConfigurationList;
			buildConfigurations = (
				405EC30716F219B400F590DD /* Debug */,
				405EC30816F219B400F590DD /* Release */,
			);
			defaultConfigurationIsVisible = 0;
			defaultConfigurationName = Release;
		};
/* End XCConfigurationList section */

/* Begin XCVersionGroup section */
		401297B916F21C2D00C0DC35 /* ATCalendar.xcdatamodeld */ = {
			isa = XCVersionGroup;
			children = (
				401297C216F21D6C00C0DC35 /* ATCalendar_initial.xcdatamodel */,
				401297BA16F21C2D00C0DC35 /* ATCalendar.xcdatamodel */,
			);
			currentVersion = 401297C216F21D6C00C0DC35 /* ATCalendar_initial.xcdatamodel */;
			path = ATCalendar.xcdatamodeld;
			sourceTree = "<group>";
			versionGroupType = wrapper.xcdatamodel;
		};
/* End XCVersionGroup section */
	};
	rootObject = 405EC2BA16F219B400F590DD /* Project object */;
}
