// !$*UTF8*$!
{
	archiveVersion = 1;
	classes = {
	};
	objectVersion = 46;
	objects = {

/* Begin PBXAggregateTarget section */
		401297BD16F21CA100C0DC35 /* Mogenerator */ = {
			isa = PBXAggregateTarget;
			buildConfigurationList = 401297BE16F21CA100C0DC35 /* Build configuration list for PBXAggregateTarget "Mogenerator" */;
			buildPhases = (
				401297C116F21CB200C0DC35 /* ShellScript */,
			);
			dependencies = (
			);
			name = Mogenerator;
			productName = Mogenerator;
		};
/* End PBXAggregateTarget section */

/* Begin PBXBuildFile section */
		400F6FCA16F86FC4007285C3 /* ATEventEditBaseController.m in Sources */ = {isa = PBXBuildFile; fileRef = 400F6FC916F86FC4007285C3 /* ATEventEditBaseController.m */; };
		400F6FCB16F86FC4007285C3 /* ATEventEditBaseController.m in Sources */ = {isa = PBXBuildFile; fileRef = 400F6FC916F86FC4007285C3 /* ATEventEditBaseController.m */; };
		400F6FCE16F870CE007285C3 /* ATEventCreateController.m in Sources */ = {isa = PBXBuildFile; fileRef = 400F6FCD16F870CE007285C3 /* ATEventCreateController.m */; };
		400F6FCF16F870CE007285C3 /* ATEventCreateController.m in Sources */ = {isa = PBXBuildFile; fileRef = 400F6FCD16F870CE007285C3 /* ATEventCreateController.m */; };
		400F6FD316F879F8007285C3 /* ATEventTextFieldCell.m in Sources */ = {isa = PBXBuildFile; fileRef = 400F6FD216F879F8007285C3 /* ATEventTextFieldCell.m */; };
		400F6FD416F879F8007285C3 /* ATEventTextFieldCell.m in Sources */ = {isa = PBXBuildFile; fileRef = 400F6FD216F879F8007285C3 /* ATEventTextFieldCell.m */; };
		4011027E170B499C00C59572 /* ATEventOccurenceCell.m in Sources */ = {isa = PBXBuildFile; fileRef = 4011027D170B499C00C59572 /* ATEventOccurenceCell.m */; };
		40110284170B4C8A00C59572 /* _EventProperty.m in Sources */ = {isa = PBXBuildFile; fileRef = 40110281170B4C8A00C59572 /* _EventProperty.m */; };
		40110285170B4C8A00C59572 /* EventProperty.m in Sources */ = {isa = PBXBuildFile; fileRef = 40110283170B4C8A00C59572 /* EventProperty.m */; };
		4012981C16F2277D00C0DC35 /* ATCoreDataTest.m in Sources */ = {isa = PBXBuildFile; fileRef = 4012981B16F2277D00C0DC35 /* ATCoreDataTest.m */; };
		4012982516F22F9600C0DC35 /* _ATEvent.m in Sources */ = {isa = PBXBuildFile; fileRef = 4012981E16F22F9600C0DC35 /* _ATEvent.m */; };
		4012982616F22F9600C0DC35 /* _ATRecurrence.m in Sources */ = {isa = PBXBuildFile; fileRef = 4012982016F22F9600C0DC35 /* _ATRecurrence.m */; };
		4012982716F22F9600C0DC35 /* ATEvent.m in Sources */ = {isa = PBXBuildFile; fileRef = 4012982216F22F9600C0DC35 /* ATEvent.m */; };
		4012982816F22F9600C0DC35 /* ATRecurrence.m in Sources */ = {isa = PBXBuildFile; fileRef = 4012982416F22F9600C0DC35 /* ATRecurrence.m */; };
		4012983216F23B0100C0DC35 /* _ATGlobalPropertyes.m in Sources */ = {isa = PBXBuildFile; fileRef = 4012982B16F23B0100C0DC35 /* _ATGlobalPropertyes.m */; };
		4012983316F23B0100C0DC35 /* _ATOccurrenceCache.m in Sources */ = {isa = PBXBuildFile; fileRef = 4012982D16F23B0100C0DC35 /* _ATOccurrenceCache.m */; };
		4012983416F23B0100C0DC35 /* ATGlobalPropertyes.m in Sources */ = {isa = PBXBuildFile; fileRef = 4012982F16F23B0100C0DC35 /* ATGlobalPropertyes.m */; };
		4012983516F23B0100C0DC35 /* ATOccurrenceCache.m in Sources */ = {isa = PBXBuildFile; fileRef = 4012983116F23B0100C0DC35 /* ATOccurrenceCache.m */; };
		4012983816F23E6800C0DC35 /* ATGlobalPropertyesTest.m in Sources */ = {isa = PBXBuildFile; fileRef = 4012983716F23E6800C0DC35 /* ATGlobalPropertyesTest.m */; };
		4012983F16F2435600C0DC35 /* ATCalendar.m in Sources */ = {isa = PBXBuildFile; fileRef = 4012983E16F2435600C0DC35 /* ATCalendar.m */; };
		4012984016F2435600C0DC35 /* ATCalendar.m in Sources */ = {isa = PBXBuildFile; fileRef = 4012983E16F2435600C0DC35 /* ATCalendar.m */; };
		402638B616F78042002E5C6D /* ATEventOccurenceController.m in Sources */ = {isa = PBXBuildFile; fileRef = 402638AE16F78042002E5C6D /* ATEventOccurenceController.m */; };
		402638B716F78042002E5C6D /* ATEventOccurenceController.m in Sources */ = {isa = PBXBuildFile; fileRef = 402638AE16F78042002E5C6D /* ATEventOccurenceController.m */; };
		402638B816F78042002E5C6D /* ATEventEditController.m in Sources */ = {isa = PBXBuildFile; fileRef = 402638B016F78042002E5C6D /* ATEventEditController.m */; };
		402638B916F78042002E5C6D /* ATEventEditController.m in Sources */ = {isa = PBXBuildFile; fileRef = 402638B016F78042002E5C6D /* ATEventEditController.m */; };
		402638BA16F78042002E5C6D /* ATEventListController.m in Sources */ = {isa = PBXBuildFile; fileRef = 402638B316F78042002E5C6D /* ATEventListController.m */; };
		402638BB16F78042002E5C6D /* ATEventListController.m in Sources */ = {isa = PBXBuildFile; fileRef = 402638B316F78042002E5C6D /* ATEventListController.m */; };
		402B14E81705E20400B32594 /* ATTZPickerController.m in Sources */ = {isa = PBXBuildFile; fileRef = 40339D90170456E6008D7190 /* ATTZPickerController.m */; };
		40322DF016F8B0F500186611 /* ATEventTimeEditCell.m in Sources */ = {isa = PBXBuildFile; fileRef = 40322DEF16F8B0F500186611 /* ATEventTimeEditCell.m */; };
		40322DF116F8B0F500186611 /* ATEventTimeEditCell.m in Sources */ = {isa = PBXBuildFile; fileRef = 40322DEF16F8B0F500186611 /* ATEventTimeEditCell.m */; };
		403329CD1702E865002FC8F5 /* ATAvilabilityController.m in Sources */ = {isa = PBXBuildFile; fileRef = 403329CC1702E865002FC8F5 /* ATAvilabilityController.m */; };
		403329D41702FB57002FC8F5 /* _ATAlertNotification.m in Sources */ = {isa = PBXBuildFile; fileRef = 403329D11702FB57002FC8F5 /* _ATAlertNotification.m */; };
		403329D51702FB57002FC8F5 /* _ATAlertNotification.m in Sources */ = {isa = PBXBuildFile; fileRef = 403329D11702FB57002FC8F5 /* _ATAlertNotification.m */; };
		403329D61702FB57002FC8F5 /* ATAlertNotification.m in Sources */ = {isa = PBXBuildFile; fileRef = 403329D31702FB57002FC8F5 /* ATAlertNotification.m */; };
		403329D71702FB57002FC8F5 /* ATAlertNotification.m in Sources */ = {isa = PBXBuildFile; fileRef = 403329D31702FB57002FC8F5 /* ATAlertNotification.m */; };
		403329D81702FED5002FC8F5 /* ATAlertTypeController.m in Sources */ = {isa = PBXBuildFile; fileRef = 404A3B5A1701FB13001C3CB8 /* ATAlertTypeController.m */; };
		403329D91702FF09002FC8F5 /* ATAvilabilityController.m in Sources */ = {isa = PBXBuildFile; fileRef = 403329CC1702E865002FC8F5 /* ATAvilabilityController.m */; };
		40339D91170456E6008D7190 /* ATTZPickerController.m in Sources */ = {isa = PBXBuildFile; fileRef = 40339D90170456E6008D7190 /* ATTZPickerController.m */; };
		403969B5170C928F0098B7DA /* ATEvent+LocalNotifications.m in Sources */ = {isa = PBXBuildFile; fileRef = 403329DB17033784002FC8F5 /* ATEvent+LocalNotifications.m */; };
		403969B6170C92900098B7DA /* ATEvent+LocalNotifications.m in Sources */ = {isa = PBXBuildFile; fileRef = 403329DB17033784002FC8F5 /* ATEvent+LocalNotifications.m */; };
		403969EE170D79CE0098B7DA /* ATCalendarUIConfig.m in Sources */ = {isa = PBXBuildFile; fileRef = 403969ED170D79CE0098B7DA /* ATCalendarUIConfig.m */; };
		404627C41737EADE00EA06BE /* ATCalendar.xcdatamodeld in Sources */ = {isa = PBXBuildFile; fileRef = 404627A11737E6CC00EA06BE /* ATCalendar.xcdatamodeld */; };
		404627C51737EAE500EA06BE /* Calendar.storyboard in Resources */ = {isa = PBXBuildFile; fileRef = 4046275B1737DF9300EA06BE /* Calendar.storyboard */; };
		404627C61737EAE900EA06BE /* EventTimeEditCell.xib in Resources */ = {isa = PBXBuildFile; fileRef = 4046275E1737DFA200EA06BE /* EventTimeEditCell.xib */; };
		404627CB1737EBAC00EA06BE /* ATCalendar.bundle in Resources */ = {isa = PBXBuildFile; fileRef = 404627B51737E8D300EA06BE /* ATCalendar.bundle */; };
		404A3B5B1701FB13001C3CB8 /* ATAlertTypeController.m in Sources */ = {isa = PBXBuildFile; fileRef = 404A3B5A1701FB13001C3CB8 /* ATAlertTypeController.m */; };
		404A44DE16F8CD3300DAAD96 /* ATDurationEditController.m in Sources */ = {isa = PBXBuildFile; fileRef = 404A44DD16F8CD3300DAAD96 /* ATDurationEditController.m */; };
		404A44DF16F8CD3300DAAD96 /* ATDurationEditController.m in Sources */ = {isa = PBXBuildFile; fileRef = 404A44DD16F8CD3300DAAD96 /* ATDurationEditController.m */; };
		404A44E516F9C63A00DAAD96 /* ATEventDetailCell.m in Sources */ = {isa = PBXBuildFile; fileRef = 404A44E416F9C63A00DAAD96 /* ATEventDetailCell.m */; };
		404A44E616F9C63A00DAAD96 /* ATEventDetailCell.m in Sources */ = {isa = PBXBuildFile; fileRef = 404A44E416F9C63A00DAAD96 /* ATEventDetailCell.m */; };
		4059A96716F24600008F90F4 /* ATCalendarTest.m in Sources */ = {isa = PBXBuildFile; fileRef = 4059A96616F24600008F90F4 /* ATCalendarTest.m */; };
		4059A96A16F24CB0008F90F4 /* Pods.xcconfig in Resources */ = {isa = PBXBuildFile; fileRef = 8AFFA37E5D9B470888607BEB /* Pods.xcconfig */; };
		4059A96B16F24CB0008F90F4 /* Pods.xcconfig in Resources */ = {isa = PBXBuildFile; fileRef = 8AFFA37E5D9B470888607BEB /* Pods.xcconfig */; };
		4059A96F16F32D69008F90F4 /* ATTimeSpan.m in Sources */ = {isa = PBXBuildFile; fileRef = 4059A96E16F32D69008F90F4 /* ATTimeSpan.m */; };
		4059A97216F358B1008F90F4 /* ATEventTest.m in Sources */ = {isa = PBXBuildFile; fileRef = 4059A97116F358B1008F90F4 /* ATEventTest.m */; };
		405EC2C616F219B400F590DD /* UIKit.framework in Frameworks */ = {isa = PBXBuildFile; fileRef = 405EC2C516F219B400F590DD /* UIKit.framework */; };
		405EC2C816F219B400F590DD /* Foundation.framework in Frameworks */ = {isa = PBXBuildFile; fileRef = 405EC2C716F219B400F590DD /* Foundation.framework */; };
		405EC2CA16F219B400F590DD /* CoreGraphics.framework in Frameworks */ = {isa = PBXBuildFile; fileRef = 405EC2C916F219B400F590DD /* CoreGraphics.framework */; };
		405EC2CC16F219B400F590DD /* CoreData.framework in Frameworks */ = {isa = PBXBuildFile; fileRef = 405EC2CB16F219B400F590DD /* CoreData.framework */; };
		405EC2D216F219B400F590DD /* InfoPlist.strings in Resources */ = {isa = PBXBuildFile; fileRef = 405EC2D016F219B400F590DD /* InfoPlist.strings */; };
		405EC2D416F219B400F590DD /* main.m in Sources */ = {isa = PBXBuildFile; fileRef = 405EC2D316F219B400F590DD /* main.m */; };
		405EC2D816F219B400F590DD /* ATAppDelegate.m in Sources */ = {isa = PBXBuildFile; fileRef = 405EC2D716F219B400F590DD /* ATAppDelegate.m */; };
		405EC2DA16F219B400F590DD /* Default.png in Resources */ = {isa = PBXBuildFile; fileRef = 405EC2D916F219B400F590DD /* Default.png */; };
		405EC2DC16F219B400F590DD /* Default@2x.png in Resources */ = {isa = PBXBuildFile; fileRef = 405EC2DB16F219B400F590DD /* Default@2x.png */; };
		405EC2DE16F219B400F590DD /* Default-568h@2x.png in Resources */ = {isa = PBXBuildFile; fileRef = 405EC2DD16F219B400F590DD /* Default-568h@2x.png */; };
		405EC2E716F219B400F590DD /* ATMasterViewController.m in Sources */ = {isa = PBXBuildFile; fileRef = 405EC2E616F219B400F590DD /* ATMasterViewController.m */; };
		405EC2EA16F219B400F590DD /* ATDetailViewController.m in Sources */ = {isa = PBXBuildFile; fileRef = 405EC2E916F219B400F590DD /* ATDetailViewController.m */; };
		405EC2F216F219B400F590DD /* SenTestingKit.framework in Frameworks */ = {isa = PBXBuildFile; fileRef = 405EC2F116F219B400F590DD /* SenTestingKit.framework */; };
		405EC2F316F219B400F590DD /* UIKit.framework in Frameworks */ = {isa = PBXBuildFile; fileRef = 405EC2C516F219B400F590DD /* UIKit.framework */; };
		405EC2F416F219B400F590DD /* Foundation.framework in Frameworks */ = {isa = PBXBuildFile; fileRef = 405EC2C716F219B400F590DD /* Foundation.framework */; };
		405EC2F516F219B400F590DD /* CoreData.framework in Frameworks */ = {isa = PBXBuildFile; fileRef = 405EC2CB16F219B400F590DD /* CoreData.framework */; };
		405EC2FD16F219B400F590DD /* InfoPlist.strings in Resources */ = {isa = PBXBuildFile; fileRef = 405EC2FB16F219B400F590DD /* InfoPlist.strings */; };
		4068BF0B16FC43AD008F4B67 /* ATEventTextViewCell.m in Sources */ = {isa = PBXBuildFile; fileRef = 4068BF0A16FC43AD008F4B67 /* ATEventTextViewCell.m */; };
		4068BF0C16FC43AD008F4B67 /* ATEventTextViewCell.m in Sources */ = {isa = PBXBuildFile; fileRef = 4068BF0A16FC43AD008F4B67 /* ATEventTextViewCell.m */; };
		4068BF1016FC45EA008F4B67 /* ATPlaceHolderTextView.m in Sources */ = {isa = PBXBuildFile; fileRef = 4068BF0F16FC45EA008F4B67 /* ATPlaceHolderTextView.m */; };
		4068BF1116FC45EA008F4B67 /* ATPlaceHolderTextView.m in Sources */ = {isa = PBXBuildFile; fileRef = 4068BF0F16FC45EA008F4B67 /* ATPlaceHolderTextView.m */; };
		4068BF4816FCA443008F4B67 /* ATRecurrenceController.m in Sources */ = {isa = PBXBuildFile; fileRef = 40C67D0416FB108100A65232 /* ATRecurrenceController.m */; };
		4068BF4916FCA444008F4B67 /* ATRecurrenceController.m in Sources */ = {isa = PBXBuildFile; fileRef = 40C67D0416FB108100A65232 /* ATRecurrenceController.m */; };
		4077E61116F394CC00E9D80F /* ATRecurrence.m in Sources */ = {isa = PBXBuildFile; fileRef = 4012982416F22F9600C0DC35 /* ATRecurrence.m */; };
		4077E61216F394CF00E9D80F /* _ATRecurrence.m in Sources */ = {isa = PBXBuildFile; fileRef = 4012982016F22F9600C0DC35 /* _ATRecurrence.m */; };
		40C3372116F38CC0002EDD52 /* _ATEvent.m in Sources */ = {isa = PBXBuildFile; fileRef = 4012981E16F22F9600C0DC35 /* _ATEvent.m */; };
		40C3372216F38CC4002EDD52 /* _ATGlobalPropertyes.m in Sources */ = {isa = PBXBuildFile; fileRef = 4012982B16F23B0100C0DC35 /* _ATGlobalPropertyes.m */; };
		40C3372316F38CC7002EDD52 /* _ATOccurrenceCache.m in Sources */ = {isa = PBXBuildFile; fileRef = 4012982D16F23B0100C0DC35 /* _ATOccurrenceCache.m */; };
		40C3372416F38CC9002EDD52 /* ATGlobalPropertyes.m in Sources */ = {isa = PBXBuildFile; fileRef = 4012982F16F23B0100C0DC35 /* ATGlobalPropertyes.m */; };
		40C3372516F38CCC002EDD52 /* ATOccurrenceCache.m in Sources */ = {isa = PBXBuildFile; fileRef = 4012983116F23B0100C0DC35 /* ATOccurrenceCache.m */; };
		40C3372616F38CD5002EDD52 /* ATEvent.m in Sources */ = {isa = PBXBuildFile; fileRef = 4012982216F22F9600C0DC35 /* ATEvent.m */; };
		40C3372816F38CF8002EDD52 /* ATTimeSpan.m in Sources */ = {isa = PBXBuildFile; fileRef = 4059A96E16F32D69008F90F4 /* ATTimeSpan.m */; };
		40C67D0816FB562400A65232 /* ATEndRecurrenceController.m in Sources */ = {isa = PBXBuildFile; fileRef = 40C67D0716FB562400A65232 /* ATEndRecurrenceController.m */; };
		40C67D0916FB562400A65232 /* ATEndRecurrenceController.m in Sources */ = {isa = PBXBuildFile; fileRef = 40C67D0716FB562400A65232 /* ATEndRecurrenceController.m */; };
		40D3BBCE16FA170F00EC54AD /* QuartzCore.framework in Frameworks */ = {isa = PBXBuildFile; fileRef = 40D3BBCD16FA170F00EC54AD /* QuartzCore.framework */; };
		40F92ACC1737ED2C00AF1665 /* NSBundle+ATCalendar.m in Sources */ = {isa = PBXBuildFile; fileRef = 40F92ACB1737ED2C00AF1665 /* NSBundle+ATCalendar.m */; };
		40F92AD01737F62B00AF1665 /* Localizable.strings in Resources */ = {isa = PBXBuildFile; fileRef = 40F92AD21737F62B00AF1665 /* Localizable.strings */; };
		40F92B001738006700AF1665 /* ATCalendar.podspec in Resources */ = {isa = PBXBuildFile; fileRef = 40F92AFF1738006700AF1665 /* ATCalendar.podspec */; };
		40F92B02173801CC00AF1665 /* Podfile in Resources */ = {isa = PBXBuildFile; fileRef = 40F92B01173801CC00AF1665 /* Podfile */; };
		40FCA7C916F46F3600F22C81 /* CoreGraphics.framework in Frameworks */ = {isa = PBXBuildFile; fileRef = 405EC2C916F219B400F590DD /* CoreGraphics.framework */; };
		40FCA7EC16F4C40E00F22C81 /* _ATMonthlyRecurrence.m in Sources */ = {isa = PBXBuildFile; fileRef = 40FCA7DD16F4C40E00F22C81 /* _ATMonthlyRecurrence.m */; };
		40FCA7ED16F4C40E00F22C81 /* _ATMonthlyRecurrence.m in Sources */ = {isa = PBXBuildFile; fileRef = 40FCA7DD16F4C40E00F22C81 /* _ATMonthlyRecurrence.m */; };
		40FCA7EE16F4C40E00F22C81 /* _ATWeeklyRecurrence.m in Sources */ = {isa = PBXBuildFile; fileRef = 40FCA7DF16F4C40E00F22C81 /* _ATWeeklyRecurrence.m */; };
		40FCA7EF16F4C40E00F22C81 /* _ATWeeklyRecurrence.m in Sources */ = {isa = PBXBuildFile; fileRef = 40FCA7DF16F4C40E00F22C81 /* _ATWeeklyRecurrence.m */; };
		40FCA7F016F4C40E00F22C81 /* _ATYearlyRecurrence.m in Sources */ = {isa = PBXBuildFile; fileRef = 40FCA7E116F4C40E00F22C81 /* _ATYearlyRecurrence.m */; };
		40FCA7F116F4C40E00F22C81 /* _ATYearlyRecurrence.m in Sources */ = {isa = PBXBuildFile; fileRef = 40FCA7E116F4C40E00F22C81 /* _ATYearlyRecurrence.m */; };
		40FCA7F216F4C40E00F22C81 /* ATMonthlyRecurrence.m in Sources */ = {isa = PBXBuildFile; fileRef = 40FCA7E316F4C40E00F22C81 /* ATMonthlyRecurrence.m */; };
		40FCA7F316F4C40E00F22C81 /* ATMonthlyRecurrence.m in Sources */ = {isa = PBXBuildFile; fileRef = 40FCA7E316F4C40E00F22C81 /* ATMonthlyRecurrence.m */; };
		40FCA7F416F4C40E00F22C81 /* ATWeeklyRecurrence.m in Sources */ = {isa = PBXBuildFile; fileRef = 40FCA7E516F4C40E00F22C81 /* ATWeeklyRecurrence.m */; };
		40FCA7F516F4C40E00F22C81 /* ATWeeklyRecurrence.m in Sources */ = {isa = PBXBuildFile; fileRef = 40FCA7E516F4C40E00F22C81 /* ATWeeklyRecurrence.m */; };
		40FCA7F616F4C40E00F22C81 /* ATYearlyRecurrence.m in Sources */ = {isa = PBXBuildFile; fileRef = 40FCA7E716F4C40E00F22C81 /* ATYearlyRecurrence.m */; };
		40FCA7F716F4C40E00F22C81 /* ATYearlyRecurrence.m in Sources */ = {isa = PBXBuildFile; fileRef = 40FCA7E716F4C40E00F22C81 /* ATYearlyRecurrence.m */; };
		40FCA7F816F4C40E00F22C81 /* _ATDailyRecurrence.m in Sources */ = {isa = PBXBuildFile; fileRef = 40FCA7E916F4C40E00F22C81 /* _ATDailyRecurrence.m */; };
		40FCA7F916F4C40E00F22C81 /* _ATDailyRecurrence.m in Sources */ = {isa = PBXBuildFile; fileRef = 40FCA7E916F4C40E00F22C81 /* _ATDailyRecurrence.m */; };
		40FCA7FA16F4C40E00F22C81 /* ATDailyRecurrence.m in Sources */ = {isa = PBXBuildFile; fileRef = 40FCA7EB16F4C40E00F22C81 /* ATDailyRecurrence.m */; };
		40FCA7FB16F4C40E00F22C81 /* ATDailyRecurrence.m in Sources */ = {isa = PBXBuildFile; fileRef = 40FCA7EB16F4C40E00F22C81 /* ATDailyRecurrence.m */; };
		40FCA7FD16F4CD0100F22C81 /* ATRecurrenceTest.m in Sources */ = {isa = PBXBuildFile; fileRef = 40FCA7FC16F4CD0100F22C81 /* ATRecurrenceTest.m */; };
		628016158C39494FB1B9D4B1 /* libPods.a in Frameworks */ = {isa = PBXBuildFile; fileRef = 841B0704C9154AE4852A0DEE /* libPods.a */; };
		B3E538D3BD1C478298F3F8BB /* libPods-test.a in Frameworks */ = {isa = PBXBuildFile; fileRef = 38736638942241C7A5F4162B /* libPods-test.a */; };
/* End PBXBuildFile section */

/* Begin PBXContainerItemProxy section */
		404627C91737EB8000EA06BE /* PBXContainerItemProxy */ = {
			isa = PBXContainerItemProxy;
			containerPortal = 405EC2BA16F219B400F590DD /* Project object */;
			proxyType = 1;
			remoteGlobalIDString = 404627B41737E8D300EA06BE;
			remoteInfo = ATCalendarResources;
		};
/* End PBXContainerItemProxy section */

/* Begin PBXFileReference section */
		38736638942241C7A5F4162B /* libPods-test.a */ = {isa = PBXFileReference; explicitFileType = archive.ar; includeInIndex = 0; path = "libPods-test.a"; sourceTree = BUILT_PRODUCTS_DIR; };
		400F6FC816F86FC4007285C3 /* ATEventEditBaseController.h */ = {isa = PBXFileReference; fileEncoding = 4; lastKnownFileType = sourcecode.c.h; path = ATEventEditBaseController.h; sourceTree = "<group>"; };
		400F6FC916F86FC4007285C3 /* ATEventEditBaseController.m */ = {isa = PBXFileReference; fileEncoding = 4; lastKnownFileType = sourcecode.c.objc; path = ATEventEditBaseController.m; sourceTree = "<group>"; };
		400F6FCC16F870CE007285C3 /* ATEventCreateController.h */ = {isa = PBXFileReference; fileEncoding = 4; lastKnownFileType = sourcecode.c.h; path = ATEventCreateController.h; sourceTree = "<group>"; };
		400F6FCD16F870CE007285C3 /* ATEventCreateController.m */ = {isa = PBXFileReference; fileEncoding = 4; lastKnownFileType = sourcecode.c.objc; path = ATEventCreateController.m; sourceTree = "<group>"; };
		400F6FD116F879F8007285C3 /* ATEventTextFieldCell.h */ = {isa = PBXFileReference; fileEncoding = 4; lastKnownFileType = sourcecode.c.h; path = ATEventTextFieldCell.h; sourceTree = "<group>"; };
		400F6FD216F879F8007285C3 /* ATEventTextFieldCell.m */ = {isa = PBXFileReference; fileEncoding = 4; lastKnownFileType = sourcecode.c.objc; path = ATEventTextFieldCell.m; sourceTree = "<group>"; };
		4011027C170B499C00C59572 /* ATEventOccurenceCell.h */ = {isa = PBXFileReference; fileEncoding = 4; lastKnownFileType = sourcecode.c.h; path = ATEventOccurenceCell.h; sourceTree = "<group>"; };
		4011027D170B499C00C59572 /* ATEventOccurenceCell.m */ = {isa = PBXFileReference; fileEncoding = 4; lastKnownFileType = sourcecode.c.objc; path = ATEventOccurenceCell.m; sourceTree = "<group>"; };
		40110280170B4C8A00C59572 /* _EventProperty.h */ = {isa = PBXFileReference; fileEncoding = 4; lastKnownFileType = sourcecode.c.h; path = _EventProperty.h; sourceTree = "<group>"; };
		40110281170B4C8A00C59572 /* _EventProperty.m */ = {isa = PBXFileReference; fileEncoding = 4; lastKnownFileType = sourcecode.c.objc; path = _EventProperty.m; sourceTree = "<group>"; };
		40110282170B4C8A00C59572 /* EventProperty.h */ = {isa = PBXFileReference; fileEncoding = 4; lastKnownFileType = sourcecode.c.h; path = EventProperty.h; sourceTree = "<group>"; };
		40110283170B4C8A00C59572 /* EventProperty.m */ = {isa = PBXFileReference; fileEncoding = 4; lastKnownFileType = sourcecode.c.objc; path = EventProperty.m; sourceTree = "<group>"; };
		4012981A16F2277D00C0DC35 /* ATCoreDataTest.h */ = {isa = PBXFileReference; fileEncoding = 4; lastKnownFileType = sourcecode.c.h; path = ATCoreDataTest.h; sourceTree = "<group>"; };
		4012981B16F2277D00C0DC35 /* ATCoreDataTest.m */ = {isa = PBXFileReference; fileEncoding = 4; lastKnownFileType = sourcecode.c.objc; path = ATCoreDataTest.m; sourceTree = "<group>"; };
		4012981D16F22F9600C0DC35 /* _ATEvent.h */ = {isa = PBXFileReference; fileEncoding = 4; lastKnownFileType = sourcecode.c.h; path = _ATEvent.h; sourceTree = "<group>"; };
		4012981E16F22F9600C0DC35 /* _ATEvent.m */ = {isa = PBXFileReference; fileEncoding = 4; lastKnownFileType = sourcecode.c.objc; path = _ATEvent.m; sourceTree = "<group>"; };
		4012981F16F22F9600C0DC35 /* _ATRecurrence.h */ = {isa = PBXFileReference; fileEncoding = 4; lastKnownFileType = sourcecode.c.h; path = _ATRecurrence.h; sourceTree = "<group>"; };
		4012982016F22F9600C0DC35 /* _ATRecurrence.m */ = {isa = PBXFileReference; fileEncoding = 4; lastKnownFileType = sourcecode.c.objc; path = _ATRecurrence.m; sourceTree = "<group>"; };
		4012982116F22F9600C0DC35 /* ATEvent.h */ = {isa = PBXFileReference; fileEncoding = 4; lastKnownFileType = sourcecode.c.h; path = ATEvent.h; sourceTree = "<group>"; };
		4012982216F22F9600C0DC35 /* ATEvent.m */ = {isa = PBXFileReference; fileEncoding = 4; lastKnownFileType = sourcecode.c.objc; path = ATEvent.m; sourceTree = "<group>"; };
		4012982316F22F9600C0DC35 /* ATRecurrence.h */ = {isa = PBXFileReference; fileEncoding = 4; lastKnownFileType = sourcecode.c.h; path = ATRecurrence.h; sourceTree = "<group>"; };
		4012982416F22F9600C0DC35 /* ATRecurrence.m */ = {isa = PBXFileReference; fileEncoding = 4; lastKnownFileType = sourcecode.c.objc; path = ATRecurrence.m; sourceTree = "<group>"; };
		4012982A16F23B0100C0DC35 /* _ATGlobalPropertyes.h */ = {isa = PBXFileReference; fileEncoding = 4; lastKnownFileType = sourcecode.c.h; path = _ATGlobalPropertyes.h; sourceTree = "<group>"; };
		4012982B16F23B0100C0DC35 /* _ATGlobalPropertyes.m */ = {isa = PBXFileReference; fileEncoding = 4; lastKnownFileType = sourcecode.c.objc; path = _ATGlobalPropertyes.m; sourceTree = "<group>"; };
		4012982C16F23B0100C0DC35 /* _ATOccurrenceCache.h */ = {isa = PBXFileReference; fileEncoding = 4; lastKnownFileType = sourcecode.c.h; path = _ATOccurrenceCache.h; sourceTree = "<group>"; };
		4012982D16F23B0100C0DC35 /* _ATOccurrenceCache.m */ = {isa = PBXFileReference; fileEncoding = 4; lastKnownFileType = sourcecode.c.objc; path = _ATOccurrenceCache.m; sourceTree = "<group>"; };
		4012982E16F23B0100C0DC35 /* ATGlobalPropertyes.h */ = {isa = PBXFileReference; fileEncoding = 4; lastKnownFileType = sourcecode.c.h; path = ATGlobalPropertyes.h; sourceTree = "<group>"; };
		4012982F16F23B0100C0DC35 /* ATGlobalPropertyes.m */ = {isa = PBXFileReference; fileEncoding = 4; lastKnownFileType = sourcecode.c.objc; path = ATGlobalPropertyes.m; sourceTree = "<group>"; };
		4012983016F23B0100C0DC35 /* ATOccurrenceCache.h */ = {isa = PBXFileReference; fileEncoding = 4; lastKnownFileType = sourcecode.c.h; path = ATOccurrenceCache.h; sourceTree = "<group>"; };
		4012983116F23B0100C0DC35 /* ATOccurrenceCache.m */ = {isa = PBXFileReference; fileEncoding = 4; lastKnownFileType = sourcecode.c.objc; path = ATOccurrenceCache.m; sourceTree = "<group>"; };
		4012983616F23E6800C0DC35 /* ATGlobalPropertyesTest.h */ = {isa = PBXFileReference; fileEncoding = 4; lastKnownFileType = sourcecode.c.h; path = ATGlobalPropertyesTest.h; sourceTree = "<group>"; };
		4012983716F23E6800C0DC35 /* ATGlobalPropertyesTest.m */ = {isa = PBXFileReference; fileEncoding = 4; lastKnownFileType = sourcecode.c.objc; path = ATGlobalPropertyesTest.m; sourceTree = "<group>"; };
		4012983D16F2435600C0DC35 /* ATCalendar.h */ = {isa = PBXFileReference; fileEncoding = 4; lastKnownFileType = sourcecode.c.h; path = ATCalendar.h; sourceTree = "<group>"; };
		4012983E16F2435600C0DC35 /* ATCalendar.m */ = {isa = PBXFileReference; fileEncoding = 4; lastKnownFileType = sourcecode.c.objc; path = ATCalendar.m; sourceTree = "<group>"; };
		402638AC16F78042002E5C6D /* ATEventAlertEditProtocol.h */ = {isa = PBXFileReference; fileEncoding = 4; lastKnownFileType = sourcecode.c.h; path = ATEventAlertEditProtocol.h; sourceTree = "<group>"; };
		402638AD16F78042002E5C6D /* ATEventOccurenceController.h */ = {isa = PBXFileReference; fileEncoding = 4; lastKnownFileType = sourcecode.c.h; path = ATEventOccurenceController.h; sourceTree = "<group>"; };
		402638AE16F78042002E5C6D /* ATEventOccurenceController.m */ = {isa = PBXFileReference; fileEncoding = 4; lastKnownFileType = sourcecode.c.objc; path = ATEventOccurenceController.m; sourceTree = "<group>"; };
		402638AF16F78042002E5C6D /* ATEventEditController.h */ = {isa = PBXFileReference; fileEncoding = 4; lastKnownFileType = sourcecode.c.h; path = ATEventEditController.h; sourceTree = "<group>"; };
		402638B016F78042002E5C6D /* ATEventEditController.m */ = {isa = PBXFileReference; fileEncoding = 4; lastKnownFileType = sourcecode.c.objc; path = ATEventEditController.m; sourceTree = "<group>"; };
		402638B216F78042002E5C6D /* ATEventListController.h */ = {isa = PBXFileReference; fileEncoding = 4; lastKnownFileType = sourcecode.c.h; path = ATEventListController.h; sourceTree = "<group>"; };
		402638B316F78042002E5C6D /* ATEventListController.m */ = {isa = PBXFileReference; fileEncoding = 4; lastKnownFileType = sourcecode.c.objc; path = ATEventListController.m; sourceTree = "<group>"; };
		402638B416F78042002E5C6D /* ATEventRecurenceEditProtocol.h */ = {isa = PBXFileReference; fileEncoding = 4; lastKnownFileType = sourcecode.c.h; path = ATEventRecurenceEditProtocol.h; sourceTree = "<group>"; };
		402638B516F78042002E5C6D /* ATEventStartEndEditProtocol.h */ = {isa = PBXFileReference; fileEncoding = 4; lastKnownFileType = sourcecode.c.h; path = ATEventStartEndEditProtocol.h; sourceTree = "<group>"; };
		40322DEE16F8B0F500186611 /* ATEventTimeEditCell.h */ = {isa = PBXFileReference; fileEncoding = 4; lastKnownFileType = sourcecode.c.h; path = ATEventTimeEditCell.h; sourceTree = "<group>"; };
		40322DEF16F8B0F500186611 /* ATEventTimeEditCell.m */ = {isa = PBXFileReference; fileEncoding = 4; lastKnownFileType = sourcecode.c.objc; path = ATEventTimeEditCell.m; sourceTree = "<group>"; };
		403329CB1702E865002FC8F5 /* ATAvilabilityController.h */ = {isa = PBXFileReference; fileEncoding = 4; lastKnownFileType = sourcecode.c.h; path = ATAvilabilityController.h; sourceTree = "<group>"; };
		403329CC1702E865002FC8F5 /* ATAvilabilityController.m */ = {isa = PBXFileReference; fileEncoding = 4; lastKnownFileType = sourcecode.c.objc; path = ATAvilabilityController.m; sourceTree = "<group>"; };
		403329D01702FB57002FC8F5 /* _ATAlertNotification.h */ = {isa = PBXFileReference; fileEncoding = 4; lastKnownFileType = sourcecode.c.h; path = _ATAlertNotification.h; sourceTree = "<group>"; };
		403329D11702FB57002FC8F5 /* _ATAlertNotification.m */ = {isa = PBXFileReference; fileEncoding = 4; lastKnownFileType = sourcecode.c.objc; path = _ATAlertNotification.m; sourceTree = "<group>"; };
		403329D21702FB57002FC8F5 /* ATAlertNotification.h */ = {isa = PBXFileReference; fileEncoding = 4; lastKnownFileType = sourcecode.c.h; path = ATAlertNotification.h; sourceTree = "<group>"; };
		403329D31702FB57002FC8F5 /* ATAlertNotification.m */ = {isa = PBXFileReference; fileEncoding = 4; lastKnownFileType = sourcecode.c.objc; path = ATAlertNotification.m; sourceTree = "<group>"; };
		403329DA17033784002FC8F5 /* ATEvent+LocalNotifications.h */ = {isa = PBXFileReference; fileEncoding = 4; lastKnownFileType = sourcecode.c.h; path = "ATEvent+LocalNotifications.h"; sourceTree = "<group>"; };
		403329DB17033784002FC8F5 /* ATEvent+LocalNotifications.m */ = {isa = PBXFileReference; fileEncoding = 4; lastKnownFileType = sourcecode.c.objc; path = "ATEvent+LocalNotifications.m"; sourceTree = "<group>"; };
		40339D8F170456E6008D7190 /* ATTZPickerController.h */ = {isa = PBXFileReference; fileEncoding = 4; lastKnownFileType = sourcecode.c.h; path = ATTZPickerController.h; sourceTree = "<group>"; };
		40339D90170456E6008D7190 /* ATTZPickerController.m */ = {isa = PBXFileReference; fileEncoding = 4; lastKnownFileType = sourcecode.c.objc; path = ATTZPickerController.m; sourceTree = "<group>"; };
		403969EC170D79CE0098B7DA /* ATCalendarUIConfig.h */ = {isa = PBXFileReference; fileEncoding = 4; lastKnownFileType = sourcecode.c.h; path = ATCalendarUIConfig.h; sourceTree = "<group>"; };
		403969ED170D79CE0098B7DA /* ATCalendarUIConfig.m */ = {isa = PBXFileReference; fileEncoding = 4; lastKnownFileType = sourcecode.c.objc; path = ATCalendarUIConfig.m; sourceTree = "<group>"; };
		4046275F1737DFAF00EA06BE /* Base */ = {isa = PBXFileReference; lastKnownFileType = file.storyboard; name = Base; path = Base.lproj/Calendar.storyboard; sourceTree = "<group>"; };
		404627601737DFAF00EA06BE /* Base */ = {isa = PBXFileReference; lastKnownFileType = file.xib; name = Base; path = Base.lproj/EventTimeEditCell.xib; sourceTree = "<group>"; };
		404627621737DFC700EA06BE /* en */ = {isa = PBXFileReference; lastKnownFileType = text.plist.strings; name = en; path = en.lproj/Calendar.strings; sourceTree = "<group>"; };
		404627641737DFD100EA06BE /* en */ = {isa = PBXFileReference; lastKnownFileType = text.plist.strings; name = en; path = en.lproj/EventTimeEditCell.strings; sourceTree = "<group>"; };
		404627651737E1C900EA06BE /* fr */ = {isa = PBXFileReference; lastKnownFileType = text.plist.strings; name = fr; path = fr.lproj/Calendar.strings; sourceTree = "<group>"; };
		404627661737E1C900EA06BE /* fr */ = {isa = PBXFileReference; lastKnownFileType = text.plist.strings; name = fr; path = fr.lproj/EventTimeEditCell.strings; sourceTree = "<group>"; };
		404627671737E1C900EA06BE /* fr */ = {isa = PBXFileReference; lastKnownFileType = text.plist.strings; name = fr; path = fr.lproj/InfoPlist.strings; sourceTree = "<group>"; };
		404627681737E1C900EA06BE /* fr */ = {isa = PBXFileReference; lastKnownFileType = text.plist.strings; name = fr; path = fr.lproj/InfoPlist.strings; sourceTree = "<group>"; };
		404627A21737E6CC00EA06BE /* ATCalendar.xcdatamodel */ = {isa = PBXFileReference; lastKnownFileType = wrapper.xcdatamodel; path = ATCalendar.xcdatamodel; sourceTree = "<group>"; };
		404627A31737E6CC00EA06BE /* ATCalendar_alarm.xcdatamodel */ = {isa = PBXFileReference; lastKnownFileType = wrapper.xcdatamodel; path = ATCalendar_alarm.xcdatamodel; sourceTree = "<group>"; };
		404627A41737E6CC00EA06BE /* ATCalendar_busy.xcdatamodel */ = {isa = PBXFileReference; lastKnownFileType = wrapper.xcdatamodel; path = ATCalendar_busy.xcdatamodel; sourceTree = "<group>"; };
		404627A51737E6CC00EA06BE /* ATCalendar_daycache.xcdatamodel */ = {isa = PBXFileReference; lastKnownFileType = wrapper.xcdatamodel; path = ATCalendar_daycache.xcdatamodel; sourceTree = "<group>"; };
		404627A61737E6CC00EA06BE /* ATCalendar_EventProperties.xcdatamodel */ = {isa = PBXFileReference; lastKnownFileType = wrapper.xcdatamodel; path = ATCalendar_EventProperties.xcdatamodel; sourceTree = "<group>"; };
		404627A71737E6CC00EA06BE /* ATCalendar_GroupNotifications.xcdatamodel */ = {isa = PBXFileReference; lastKnownFileType = wrapper.xcdatamodel; path = ATCalendar_GroupNotifications.xcdatamodel; sourceTree = "<group>"; };
		404627A81737E6CC00EA06BE /* ATCalendar_initial.xcdatamodel */ = {isa = PBXFileReference; lastKnownFileType = wrapper.xcdatamodel; path = ATCalendar_initial.xcdatamodel; sourceTree = "<group>"; };
		404627A91737E6CC00EA06BE /* ATCalendar_Notification.xcdatamodel */ = {isa = PBXFileReference; lastKnownFileType = wrapper.xcdatamodel; path = ATCalendar_Notification.xcdatamodel; sourceTree = "<group>"; };
		404627AA1737E6CC00EA06BE /* ATCalendar_Notification_2.xcdatamodel */ = {isa = PBXFileReference; lastKnownFileType = wrapper.xcdatamodel; path = ATCalendar_Notification_2.xcdatamodel; sourceTree = "<group>"; };
		404627AB1737E6CC00EA06BE /* ATCalendar_Notification_eventuserinfo.xcdatamodel */ = {isa = PBXFileReference; lastKnownFileType = wrapper.xcdatamodel; path = ATCalendar_Notification_eventuserinfo.xcdatamodel; sourceTree = "<group>"; };
		404627AC1737E6CC00EA06BE /* ATCalendar_Notification_TZ.xcdatamodel */ = {isa = PBXFileReference; lastKnownFileType = wrapper.xcdatamodel; path = ATCalendar_Notification_TZ.xcdatamodel; sourceTree = "<group>"; };
		404627AD1737E6CC00EA06BE /* ATCalendar_Notifications.xcdatamodel */ = {isa = PBXFileReference; lastKnownFileType = wrapper.xcdatamodel; path = ATCalendar_Notifications.xcdatamodel; sourceTree = "<group>"; };
		404627AE1737E6CC00EA06BE /* ATCalendar_reccurence.xcdatamodel */ = {isa = PBXFileReference; lastKnownFileType = wrapper.xcdatamodel; path = ATCalendar_reccurence.xcdatamodel; sourceTree = "<group>"; };
		404627AF1737E6CC00EA06BE /* ATCalendar_reccurence_take2.xcdatamodel */ = {isa = PBXFileReference; lastKnownFileType = wrapper.xcdatamodel; path = ATCalendar_reccurence_take2.xcdatamodel; sourceTree = "<group>"; };
		404627B51737E8D300EA06BE /* ATCalendar.bundle */ = {isa = PBXFileReference; explicitFileType = wrapper.cfbundle; includeInIndex = 0; path = ATCalendar.bundle; sourceTree = BUILT_PRODUCTS_DIR; };
		404627B61737E8D300EA06BE /* CoreFoundation.framework */ = {isa = PBXFileReference; lastKnownFileType = wrapper.framework; name = CoreFoundation.framework; path = System/Library/Frameworks/CoreFoundation.framework; sourceTree = SDKROOT; };
		404627C21737E91800EA06BE /* Resources-Info.plist */ = {isa = PBXFileReference; fileEncoding = 4; lastKnownFileType = text.plist.xml; path = "Resources-Info.plist"; sourceTree = "<group>"; };
		404A3B591701FB13001C3CB8 /* ATAlertTypeController.h */ = {isa = PBXFileReference; fileEncoding = 4; lastKnownFileType = sourcecode.c.h; path = ATAlertTypeController.h; sourceTree = "<group>"; };
		404A3B5A1701FB13001C3CB8 /* ATAlertTypeController.m */ = {isa = PBXFileReference; fileEncoding = 4; lastKnownFileType = sourcecode.c.objc; path = ATAlertTypeController.m; sourceTree = "<group>"; };
		404A44DC16F8CD3300DAAD96 /* ATDurationEditController.h */ = {isa = PBXFileReference; fileEncoding = 4; lastKnownFileType = sourcecode.c.h; path = ATDurationEditController.h; sourceTree = "<group>"; };
		404A44DD16F8CD3300DAAD96 /* ATDurationEditController.m */ = {isa = PBXFileReference; fileEncoding = 4; lastKnownFileType = sourcecode.c.objc; path = ATDurationEditController.m; sourceTree = "<group>"; };
		404A44E316F9C63A00DAAD96 /* ATEventDetailCell.h */ = {isa = PBXFileReference; fileEncoding = 4; lastKnownFileType = sourcecode.c.h; path = ATEventDetailCell.h; sourceTree = "<group>"; };
		404A44E416F9C63A00DAAD96 /* ATEventDetailCell.m */ = {isa = PBXFileReference; fileEncoding = 4; lastKnownFileType = sourcecode.c.objc; path = ATEventDetailCell.m; sourceTree = "<group>"; };
		4059A96616F24600008F90F4 /* ATCalendarTest.m */ = {isa = PBXFileReference; fileEncoding = 4; lastKnownFileType = sourcecode.c.objc; path = ATCalendarTest.m; sourceTree = "<group>"; };
		4059A96D16F32D69008F90F4 /* ATTimeSpan.h */ = {isa = PBXFileReference; fileEncoding = 4; lastKnownFileType = sourcecode.c.h; path = ATTimeSpan.h; sourceTree = "<group>"; };
		4059A96E16F32D69008F90F4 /* ATTimeSpan.m */ = {isa = PBXFileReference; fileEncoding = 4; lastKnownFileType = sourcecode.c.objc; path = ATTimeSpan.m; sourceTree = "<group>"; };
		4059A97116F358B1008F90F4 /* ATEventTest.m */ = {isa = PBXFileReference; fileEncoding = 4; lastKnownFileType = sourcecode.c.objc; path = ATEventTest.m; sourceTree = "<group>"; };
		405EC2C216F219B400F590DD /* ATCalendarDemo.app */ = {isa = PBXFileReference; explicitFileType = wrapper.application; includeInIndex = 0; path = ATCalendarDemo.app; sourceTree = BUILT_PRODUCTS_DIR; };
		405EC2C516F219B400F590DD /* UIKit.framework */ = {isa = PBXFileReference; lastKnownFileType = wrapper.framework; name = UIKit.framework; path = System/Library/Frameworks/UIKit.framework; sourceTree = SDKROOT; };
		405EC2C716F219B400F590DD /* Foundation.framework */ = {isa = PBXFileReference; lastKnownFileType = wrapper.framework; name = Foundation.framework; path = System/Library/Frameworks/Foundation.framework; sourceTree = SDKROOT; };
		405EC2C916F219B400F590DD /* CoreGraphics.framework */ = {isa = PBXFileReference; lastKnownFileType = wrapper.framework; name = CoreGraphics.framework; path = System/Library/Frameworks/CoreGraphics.framework; sourceTree = SDKROOT; };
		405EC2CB16F219B400F590DD /* CoreData.framework */ = {isa = PBXFileReference; lastKnownFileType = wrapper.framework; name = CoreData.framework; path = System/Library/Frameworks/CoreData.framework; sourceTree = SDKROOT; };
		405EC2CF16F219B400F590DD /* ATCalendarDemo-Info.plist */ = {isa = PBXFileReference; lastKnownFileType = text.plist.xml; path = "ATCalendarDemo-Info.plist"; sourceTree = "<group>"; };
		405EC2D116F219B400F590DD /* en */ = {isa = PBXFileReference; lastKnownFileType = text.plist.strings; name = en; path = en.lproj/InfoPlist.strings; sourceTree = "<group>"; };
		405EC2D316F219B400F590DD /* main.m */ = {isa = PBXFileReference; lastKnownFileType = sourcecode.c.objc; path = main.m; sourceTree = "<group>"; };
		405EC2D516F219B400F590DD /* ATCalendar-Prefix.pch */ = {isa = PBXFileReference; lastKnownFileType = sourcecode.c.h; path = "ATCalendar-Prefix.pch"; sourceTree = "<group>"; };
		405EC2D616F219B400F590DD /* ATAppDelegate.h */ = {isa = PBXFileReference; lastKnownFileType = sourcecode.c.h; path = ATAppDelegate.h; sourceTree = "<group>"; };
		405EC2D716F219B400F590DD /* ATAppDelegate.m */ = {isa = PBXFileReference; lastKnownFileType = sourcecode.c.objc; path = ATAppDelegate.m; sourceTree = "<group>"; };
		405EC2D916F219B400F590DD /* Default.png */ = {isa = PBXFileReference; lastKnownFileType = image.png; path = Default.png; sourceTree = "<group>"; };
		405EC2DB16F219B400F590DD /* Default@2x.png */ = {isa = PBXFileReference; lastKnownFileType = image.png; path = "Default@2x.png"; sourceTree = "<group>"; };
		405EC2DD16F219B400F590DD /* Default-568h@2x.png */ = {isa = PBXFileReference; lastKnownFileType = image.png; path = "Default-568h@2x.png"; sourceTree = "<group>"; };
		405EC2E516F219B400F590DD /* ATMasterViewController.h */ = {isa = PBXFileReference; lastKnownFileType = sourcecode.c.h; path = ATMasterViewController.h; sourceTree = "<group>"; };
		405EC2E616F219B400F590DD /* ATMasterViewController.m */ = {isa = PBXFileReference; lastKnownFileType = sourcecode.c.objc; path = ATMasterViewController.m; sourceTree = "<group>"; };
		405EC2E816F219B400F590DD /* ATDetailViewController.h */ = {isa = PBXFileReference; lastKnownFileType = sourcecode.c.h; path = ATDetailViewController.h; sourceTree = "<group>"; };
		405EC2E916F219B400F590DD /* ATDetailViewController.m */ = {isa = PBXFileReference; lastKnownFileType = sourcecode.c.objc; path = ATDetailViewController.m; sourceTree = "<group>"; };
		405EC2F016F219B400F590DD /* ATCalendarTests.octest */ = {isa = PBXFileReference; explicitFileType = wrapper.cfbundle; includeInIndex = 0; path = ATCalendarTests.octest; sourceTree = BUILT_PRODUCTS_DIR; };
		405EC2F116F219B400F590DD /* SenTestingKit.framework */ = {isa = PBXFileReference; lastKnownFileType = wrapper.framework; name = SenTestingKit.framework; path = Library/Frameworks/SenTestingKit.framework; sourceTree = DEVELOPER_DIR; };
		405EC2FA16F219B400F590DD /* ATCalendarTests-Info.plist */ = {isa = PBXFileReference; lastKnownFileType = text.plist.xml; path = "ATCalendarTests-Info.plist"; sourceTree = "<group>"; };
		405EC2FC16F219B400F590DD /* en */ = {isa = PBXFileReference; lastKnownFileType = text.plist.strings; name = en; path = en.lproj/InfoPlist.strings; sourceTree = "<group>"; };
		4068BF0916FC43AD008F4B67 /* ATEventTextViewCell.h */ = {isa = PBXFileReference; fileEncoding = 4; lastKnownFileType = sourcecode.c.h; path = ATEventTextViewCell.h; sourceTree = "<group>"; };
		4068BF0A16FC43AD008F4B67 /* ATEventTextViewCell.m */ = {isa = PBXFileReference; fileEncoding = 4; lastKnownFileType = sourcecode.c.objc; path = ATEventTextViewCell.m; sourceTree = "<group>"; };
		4068BF0E16FC45EA008F4B67 /* ATPlaceHolderTextView.h */ = {isa = PBXFileReference; fileEncoding = 4; lastKnownFileType = sourcecode.c.h; path = ATPlaceHolderTextView.h; sourceTree = "<group>"; };
		4068BF0F16FC45EA008F4B67 /* ATPlaceHolderTextView.m */ = {isa = PBXFileReference; fileEncoding = 4; lastKnownFileType = sourcecode.c.objc; path = ATPlaceHolderTextView.m; sourceTree = "<group>"; };
		40C67D0316FB108100A65232 /* ATRecurrenceController.h */ = {isa = PBXFileReference; fileEncoding = 4; lastKnownFileType = sourcecode.c.h; path = ATRecurrenceController.h; sourceTree = "<group>"; };
		40C67D0416FB108100A65232 /* ATRecurrenceController.m */ = {isa = PBXFileReference; fileEncoding = 4; lastKnownFileType = sourcecode.c.objc; path = ATRecurrenceController.m; sourceTree = "<group>"; };
		40C67D0616FB562400A65232 /* ATEndRecurrenceController.h */ = {isa = PBXFileReference; fileEncoding = 4; lastKnownFileType = sourcecode.c.h; path = ATEndRecurrenceController.h; sourceTree = "<group>"; };
		40C67D0716FB562400A65232 /* ATEndRecurrenceController.m */ = {isa = PBXFileReference; fileEncoding = 4; lastKnownFileType = sourcecode.c.objc; path = ATEndRecurrenceController.m; sourceTree = "<group>"; };
		40D3BBCD16FA170F00EC54AD /* QuartzCore.framework */ = {isa = PBXFileReference; lastKnownFileType = wrapper.framework; name = QuartzCore.framework; path = System/Library/Frameworks/QuartzCore.framework; sourceTree = SDKROOT; };
		40F92ACA1737ED2C00AF1665 /* NSBundle+ATCalendar.h */ = {isa = PBXFileReference; fileEncoding = 4; lastKnownFileType = sourcecode.c.h; path = "NSBundle+ATCalendar.h"; sourceTree = "<group>"; };
		40F92ACB1737ED2C00AF1665 /* NSBundle+ATCalendar.m */ = {isa = PBXFileReference; fileEncoding = 4; lastKnownFileType = sourcecode.c.objc; path = "NSBundle+ATCalendar.m"; sourceTree = "<group>"; };
		40F92AD11737F62B00AF1665 /* en */ = {isa = PBXFileReference; lastKnownFileType = text.plist.strings; name = en; path = en.lproj/Localizable.strings; sourceTree = "<group>"; };
		40F92AD31737F62D00AF1665 /* fr */ = {isa = PBXFileReference; lastKnownFileType = text.plist.strings; name = fr; path = fr.lproj/Localizable.strings; sourceTree = "<group>"; };
		40F92AFB1737FFDD00AF1665 /*  Readme.markdown */ = {isa = PBXFileReference; fileEncoding = 4; lastKnownFileType = text; path = " Readme.markdown"; sourceTree = "<group>"; };
		40F92AFD1737FFEF00AF1665 /* LICENSE */ = {isa = PBXFileReference; fileEncoding = 4; lastKnownFileType = text; path = LICENSE; sourceTree = "<group>"; };
		40F92AFF1738006700AF1665 /* ATCalendar.podspec */ = {isa = PBXFileReference; explicitFileType = text.script.ruby; fileEncoding = 4; path = ATCalendar.podspec; sourceTree = "<group>"; };
		40F92B01173801CC00AF1665 /* Podfile */ = {isa = PBXFileReference; explicitFileType = text.script.ruby; fileEncoding = 4; path = Podfile; sourceTree = "<group>"; };
		40FCA7DC16F4C40E00F22C81 /* _ATMonthlyRecurrence.h */ = {isa = PBXFileReference; fileEncoding = 4; lastKnownFileType = sourcecode.c.h; path = _ATMonthlyRecurrence.h; sourceTree = "<group>"; };
		40FCA7DD16F4C40E00F22C81 /* _ATMonthlyRecurrence.m */ = {isa = PBXFileReference; fileEncoding = 4; lastKnownFileType = sourcecode.c.objc; path = _ATMonthlyRecurrence.m; sourceTree = "<group>"; };
		40FCA7DE16F4C40E00F22C81 /* _ATWeeklyRecurrence.h */ = {isa = PBXFileReference; fileEncoding = 4; lastKnownFileType = sourcecode.c.h; path = _ATWeeklyRecurrence.h; sourceTree = "<group>"; };
		40FCA7DF16F4C40E00F22C81 /* _ATWeeklyRecurrence.m */ = {isa = PBXFileReference; fileEncoding = 4; lastKnownFileType = sourcecode.c.objc; path = _ATWeeklyRecurrence.m; sourceTree = "<group>"; };
		40FCA7E016F4C40E00F22C81 /* _ATYearlyRecurrence.h */ = {isa = PBXFileReference; fileEncoding = 4; lastKnownFileType = sourcecode.c.h; path = _ATYearlyRecurrence.h; sourceTree = "<group>"; };
		40FCA7E116F4C40E00F22C81 /* _ATYearlyRecurrence.m */ = {isa = PBXFileReference; fileEncoding = 4; lastKnownFileType = sourcecode.c.objc; path = _ATYearlyRecurrence.m; sourceTree = "<group>"; };
		40FCA7E216F4C40E00F22C81 /* ATMonthlyRecurrence.h */ = {isa = PBXFileReference; fileEncoding = 4; lastKnownFileType = sourcecode.c.h; path = ATMonthlyRecurrence.h; sourceTree = "<group>"; };
		40FCA7E316F4C40E00F22C81 /* ATMonthlyRecurrence.m */ = {isa = PBXFileReference; fileEncoding = 4; lastKnownFileType = sourcecode.c.objc; path = ATMonthlyRecurrence.m; sourceTree = "<group>"; };
		40FCA7E416F4C40E00F22C81 /* ATWeeklyRecurrence.h */ = {isa = PBXFileReference; fileEncoding = 4; lastKnownFileType = sourcecode.c.h; path = ATWeeklyRecurrence.h; sourceTree = "<group>"; };
		40FCA7E516F4C40E00F22C81 /* ATWeeklyRecurrence.m */ = {isa = PBXFileReference; fileEncoding = 4; lastKnownFileType = sourcecode.c.objc; path = ATWeeklyRecurrence.m; sourceTree = "<group>"; };
		40FCA7E616F4C40E00F22C81 /* ATYearlyRecurrence.h */ = {isa = PBXFileReference; fileEncoding = 4; lastKnownFileType = sourcecode.c.h; path = ATYearlyRecurrence.h; sourceTree = "<group>"; };
		40FCA7E716F4C40E00F22C81 /* ATYearlyRecurrence.m */ = {isa = PBXFileReference; fileEncoding = 4; lastKnownFileType = sourcecode.c.objc; path = ATYearlyRecurrence.m; sourceTree = "<group>"; };
		40FCA7E816F4C40E00F22C81 /* _ATDailyRecurrence.h */ = {isa = PBXFileReference; fileEncoding = 4; lastKnownFileType = sourcecode.c.h; path = _ATDailyRecurrence.h; sourceTree = "<group>"; };
		40FCA7E916F4C40E00F22C81 /* _ATDailyRecurrence.m */ = {isa = PBXFileReference; fileEncoding = 4; lastKnownFileType = sourcecode.c.objc; path = _ATDailyRecurrence.m; sourceTree = "<group>"; };
		40FCA7EA16F4C40E00F22C81 /* ATDailyRecurrence.h */ = {isa = PBXFileReference; fileEncoding = 4; lastKnownFileType = sourcecode.c.h; path = ATDailyRecurrence.h; sourceTree = "<group>"; };
		40FCA7EB16F4C40E00F22C81 /* ATDailyRecurrence.m */ = {isa = PBXFileReference; fileEncoding = 4; lastKnownFileType = sourcecode.c.objc; path = ATDailyRecurrence.m; sourceTree = "<group>"; };
		40FCA7FC16F4CD0100F22C81 /* ATRecurrenceTest.m */ = {isa = PBXFileReference; fileEncoding = 4; lastKnownFileType = sourcecode.c.objc; path = ATRecurrenceTest.m; sourceTree = "<group>"; };
		59D0A087B57E4DE8B22E442C /* Pods-test.xcconfig */ = {isa = PBXFileReference; includeInIndex = 1; lastKnownFileType = text.xcconfig; name = "Pods-test.xcconfig"; path = "Pods/Pods-test.xcconfig"; sourceTree = SOURCE_ROOT; };
		841B0704C9154AE4852A0DEE /* libPods.a */ = {isa = PBXFileReference; explicitFileType = archive.ar; includeInIndex = 0; path = libPods.a; sourceTree = BUILT_PRODUCTS_DIR; };
		8AFFA37E5D9B470888607BEB /* Pods.xcconfig */ = {isa = PBXFileReference; includeInIndex = 1; lastKnownFileType = text.xcconfig; name = Pods.xcconfig; path = Pods/Pods.xcconfig; sourceTree = SOURCE_ROOT; };
/* End PBXFileReference section */

/* Begin PBXFrameworksBuildPhase section */
		404627B21737E8D300EA06BE /* Frameworks */ = {
			isa = PBXFrameworksBuildPhase;
			buildActionMask = 2147483647;
			files = (
			);
			runOnlyForDeploymentPostprocessing = 0;
		};
		405EC2BF16F219B400F590DD /* Frameworks */ = {
			isa = PBXFrameworksBuildPhase;
			buildActionMask = 2147483647;
			files = (
				40D3BBCE16FA170F00EC54AD /* QuartzCore.framework in Frameworks */,
				405EC2C616F219B400F590DD /* UIKit.framework in Frameworks */,
				405EC2C816F219B400F590DD /* Foundation.framework in Frameworks */,
				405EC2CA16F219B400F590DD /* CoreGraphics.framework in Frameworks */,
				405EC2CC16F219B400F590DD /* CoreData.framework in Frameworks */,
				628016158C39494FB1B9D4B1 /* libPods.a in Frameworks */,
			);
			runOnlyForDeploymentPostprocessing = 0;
		};
		405EC2EC16F219B400F590DD /* Frameworks */ = {
			isa = PBXFrameworksBuildPhase;
			buildActionMask = 2147483647;
			files = (
				405EC2F216F219B400F590DD /* SenTestingKit.framework in Frameworks */,
				405EC2F316F219B400F590DD /* UIKit.framework in Frameworks */,
				405EC2F416F219B400F590DD /* Foundation.framework in Frameworks */,
				405EC2F516F219B400F590DD /* CoreData.framework in Frameworks */,
				B3E538D3BD1C478298F3F8BB /* libPods-test.a in Frameworks */,
				40FCA7C916F46F3600F22C81 /* CoreGraphics.framework in Frameworks */,
			);
			runOnlyForDeploymentPostprocessing = 0;
		};
/* End PBXFrameworksBuildPhase section */

/* Begin PBXGroup section */
		400F6FD016F879F8007285C3 /* Views */ = {
			isa = PBXGroup;
			children = (
				4011027C170B499C00C59572 /* ATEventOccurenceCell.h */,
				4011027D170B499C00C59572 /* ATEventOccurenceCell.m */,
				400F6FD116F879F8007285C3 /* ATEventTextFieldCell.h */,
				400F6FD216F879F8007285C3 /* ATEventTextFieldCell.m */,
				40322DEE16F8B0F500186611 /* ATEventTimeEditCell.h */,
				40322DEF16F8B0F500186611 /* ATEventTimeEditCell.m */,
				404A44E316F9C63A00DAAD96 /* ATEventDetailCell.h */,
				404A44E416F9C63A00DAAD96 /* ATEventDetailCell.m */,
				4068BF0916FC43AD008F4B67 /* ATEventTextViewCell.h */,
				4068BF0A16FC43AD008F4B67 /* ATEventTextViewCell.m */,
				4068BF0E16FC45EA008F4B67 /* ATPlaceHolderTextView.h */,
				4068BF0F16FC45EA008F4B67 /* ATPlaceHolderTextView.m */,
			);
			path = Views;
			sourceTree = "<group>";
		};
		401297B816F21C2D00C0DC35 /* Models */ = {
			isa = PBXGroup;
			children = (
				40F92AC91737ECE600AF1665 /* Database */,
				4059A96C16F32D51008F90F4 /* General */,
				40F92ACA1737ED2C00AF1665 /* NSBundle+ATCalendar.h */,
				40F92ACB1737ED2C00AF1665 /* NSBundle+ATCalendar.m */,
			);
			path = Models;
			sourceTree = "<group>";
		};
		402638AB16F78042002E5C6D /* Controllers */ = {
			isa = PBXGroup;
			children = (
				403329CB1702E865002FC8F5 /* ATAvilabilityController.h */,
				403329CC1702E865002FC8F5 /* ATAvilabilityController.m */,
				404A3B591701FB13001C3CB8 /* ATAlertTypeController.h */,
				404A3B5A1701FB13001C3CB8 /* ATAlertTypeController.m */,
				40C67D0316FB108100A65232 /* ATRecurrenceController.h */,
				40C67D0416FB108100A65232 /* ATRecurrenceController.m */,
				402638AC16F78042002E5C6D /* ATEventAlertEditProtocol.h */,
				402638AD16F78042002E5C6D /* ATEventOccurenceController.h */,
				402638AE16F78042002E5C6D /* ATEventOccurenceController.m */,
				402638AF16F78042002E5C6D /* ATEventEditController.h */,
				402638B016F78042002E5C6D /* ATEventEditController.m */,
				402638B216F78042002E5C6D /* ATEventListController.h */,
				402638B316F78042002E5C6D /* ATEventListController.m */,
				402638B416F78042002E5C6D /* ATEventRecurenceEditProtocol.h */,
				402638B516F78042002E5C6D /* ATEventStartEndEditProtocol.h */,
				400F6FC816F86FC4007285C3 /* ATEventEditBaseController.h */,
				400F6FC916F86FC4007285C3 /* ATEventEditBaseController.m */,
				400F6FCC16F870CE007285C3 /* ATEventCreateController.h */,
				400F6FCD16F870CE007285C3 /* ATEventCreateController.m */,
				404A44DC16F8CD3300DAAD96 /* ATDurationEditController.h */,
				404A44DD16F8CD3300DAAD96 /* ATDurationEditController.m */,
				40C67D0616FB562400A65232 /* ATEndRecurrenceController.h */,
				40C67D0716FB562400A65232 /* ATEndRecurrenceController.m */,
				40339D8F170456E6008D7190 /* ATTZPickerController.h */,
				40339D90170456E6008D7190 /* ATTZPickerController.m */,
			);
			path = Controllers;
			sourceTree = "<group>";
		};
		404627541737DF4D00EA06BE /* Resources */ = {
			isa = PBXGroup;
			children = (
				404627C21737E91800EA06BE /* Resources-Info.plist */,
				404627A11737E6CC00EA06BE /* ATCalendar.xcdatamodeld */,
				4046275B1737DF9300EA06BE /* Calendar.storyboard */,
				4046275E1737DFA200EA06BE /* EventTimeEditCell.xib */,
				40F92AD21737F62B00AF1665 /* Localizable.strings */,
			);
			path = Resources;
			sourceTree = "<group>";
		};
		4059A96C16F32D51008F90F4 /* General */ = {
			isa = PBXGroup;
			children = (
				4059A96D16F32D69008F90F4 /* ATTimeSpan.h */,
				4059A96E16F32D69008F90F4 /* ATTimeSpan.m */,
			);
			name = General;
			sourceTree = "<group>";
		};
		405EC2B916F219B400F590DD = {
			isa = PBXGroup;
			children = (
				40F92B01173801CC00AF1665 /* Podfile */,
				40F92AFF1738006700AF1665 /* ATCalendar.podspec */,
				40F92AFD1737FFEF00AF1665 /* LICENSE */,
				40F92AFB1737FFDD00AF1665 /*  Readme.markdown */,
				404627541737DF4D00EA06BE /* Resources */,
				405EC30916F21B0500F590DD /* src */,
				405EC2CD16F219B400F590DD /* ATCalendarDemo */,
				405EC2F816F219B400F590DD /* ATCalendarDemoTests */,
				405EC2C416F219B400F590DD /* Frameworks */,
				405EC2C316F219B400F590DD /* Products */,
				8AFFA37E5D9B470888607BEB /* Pods.xcconfig */,
				59D0A087B57E4DE8B22E442C /* Pods-test.xcconfig */,
			);
			sourceTree = "<group>";
		};
		405EC2C316F219B400F590DD /* Products */ = {
			isa = PBXGroup;
			children = (
				405EC2C216F219B400F590DD /* ATCalendarDemo.app */,
				405EC2F016F219B400F590DD /* ATCalendarTests.octest */,
				404627B51737E8D300EA06BE /* ATCalendar.bundle */,
			);
			name = Products;
			sourceTree = "<group>";
		};
		405EC2C416F219B400F590DD /* Frameworks */ = {
			isa = PBXGroup;
			children = (
				40D3BBCD16FA170F00EC54AD /* QuartzCore.framework */,
				405EC2C516F219B400F590DD /* UIKit.framework */,
				405EC2C716F219B400F590DD /* Foundation.framework */,
				405EC2C916F219B400F590DD /* CoreGraphics.framework */,
				405EC2CB16F219B400F590DD /* CoreData.framework */,
				405EC2F116F219B400F590DD /* SenTestingKit.framework */,
				841B0704C9154AE4852A0DEE /* libPods.a */,
				38736638942241C7A5F4162B /* libPods-test.a */,
				404627B61737E8D300EA06BE /* CoreFoundation.framework */,
			);
			name = Frameworks;
			sourceTree = "<group>";
		};
		405EC2CD16F219B400F590DD /* ATCalendarDemo */ = {
			isa = PBXGroup;
			children = (
				405EC2D616F219B400F590DD /* ATAppDelegate.h */,
				405EC2D716F219B400F590DD /* ATAppDelegate.m */,
				405EC2E516F219B400F590DD /* ATMasterViewController.h */,
				405EC2E616F219B400F590DD /* ATMasterViewController.m */,
				405EC2E816F219B400F590DD /* ATDetailViewController.h */,
				405EC2E916F219B400F590DD /* ATDetailViewController.m */,
				405EC2CE16F219B400F590DD /* Supporting Files */,
			);
			path = ATCalendarDemo;
			sourceTree = "<group>";
		};
		405EC2CE16F219B400F590DD /* Supporting Files */ = {
			isa = PBXGroup;
			children = (
				405EC2CF16F219B400F590DD /* ATCalendarDemo-Info.plist */,
				405EC2D016F219B400F590DD /* InfoPlist.strings */,
				405EC2D316F219B400F590DD /* main.m */,
				405EC2D516F219B400F590DD /* ATCalendar-Prefix.pch */,
				405EC2D916F219B400F590DD /* Default.png */,
				405EC2DB16F219B400F590DD /* Default@2x.png */,
				405EC2DD16F219B400F590DD /* Default-568h@2x.png */,
			);
			name = "Supporting Files";
			sourceTree = "<group>";
		};
		405EC2F816F219B400F590DD /* ATCalendarDemoTests */ = {
			isa = PBXGroup;
			children = (
				405EC2F916F219B400F590DD /* Supporting Files */,
				4012981A16F2277D00C0DC35 /* ATCoreDataTest.h */,
				4012981B16F2277D00C0DC35 /* ATCoreDataTest.m */,
				4012983616F23E6800C0DC35 /* ATGlobalPropertyesTest.h */,
				4012983716F23E6800C0DC35 /* ATGlobalPropertyesTest.m */,
				4059A96616F24600008F90F4 /* ATCalendarTest.m */,
				4059A97116F358B1008F90F4 /* ATEventTest.m */,
				40FCA7FC16F4CD0100F22C81 /* ATRecurrenceTest.m */,
			);
			path = ATCalendarDemoTests;
			sourceTree = "<group>";
		};
		405EC2F916F219B400F590DD /* Supporting Files */ = {
			isa = PBXGroup;
			children = (
				405EC2FA16F219B400F590DD /* ATCalendarTests-Info.plist */,
				405EC2FB16F219B400F590DD /* InfoPlist.strings */,
			);
			name = "Supporting Files";
			sourceTree = "<group>";
		};
		405EC30916F21B0500F590DD /* src */ = {
			isa = PBXGroup;
			children = (
				400F6FD016F879F8007285C3 /* Views */,
				402638AB16F78042002E5C6D /* Controllers */,
				401297B816F21C2D00C0DC35 /* Models */,
				403969EC170D79CE0098B7DA /* ATCalendarUIConfig.h */,
				403969ED170D79CE0098B7DA /* ATCalendarUIConfig.m */,
			);
			name = src;
			path = Classes;
			sourceTree = "<group>";
		};
		40F92AC91737ECE600AF1665 /* Database */ = {
			isa = PBXGroup;
			children = (
				40110280170B4C8A00C59572 /* _EventProperty.h */,
				40110281170B4C8A00C59572 /* _EventProperty.m */,
				40110282170B4C8A00C59572 /* EventProperty.h */,
				40110283170B4C8A00C59572 /* EventProperty.m */,
				403329D01702FB57002FC8F5 /* _ATAlertNotification.h */,
				403329D11702FB57002FC8F5 /* _ATAlertNotification.m */,
				403329D21702FB57002FC8F5 /* ATAlertNotification.h */,
				403329D31702FB57002FC8F5 /* ATAlertNotification.m */,
				40FCA7DC16F4C40E00F22C81 /* _ATMonthlyRecurrence.h */,
				40FCA7DD16F4C40E00F22C81 /* _ATMonthlyRecurrence.m */,
				40FCA7DE16F4C40E00F22C81 /* _ATWeeklyRecurrence.h */,
				40FCA7DF16F4C40E00F22C81 /* _ATWeeklyRecurrence.m */,
				40FCA7E016F4C40E00F22C81 /* _ATYearlyRecurrence.h */,
				40FCA7E116F4C40E00F22C81 /* _ATYearlyRecurrence.m */,
				40FCA7E216F4C40E00F22C81 /* ATMonthlyRecurrence.h */,
				40FCA7E316F4C40E00F22C81 /* ATMonthlyRecurrence.m */,
				40FCA7E416F4C40E00F22C81 /* ATWeeklyRecurrence.h */,
				40FCA7E516F4C40E00F22C81 /* ATWeeklyRecurrence.m */,
				40FCA7E616F4C40E00F22C81 /* ATYearlyRecurrence.h */,
				40FCA7E716F4C40E00F22C81 /* ATYearlyRecurrence.m */,
				40FCA7E816F4C40E00F22C81 /* _ATDailyRecurrence.h */,
				40FCA7E916F4C40E00F22C81 /* _ATDailyRecurrence.m */,
				40FCA7EA16F4C40E00F22C81 /* ATDailyRecurrence.h */,
				40FCA7EB16F4C40E00F22C81 /* ATDailyRecurrence.m */,
				4012981D16F22F9600C0DC35 /* _ATEvent.h */,
				4012981E16F22F9600C0DC35 /* _ATEvent.m */,
				4012981F16F22F9600C0DC35 /* _ATRecurrence.h */,
				4012982016F22F9600C0DC35 /* _ATRecurrence.m */,
				4012982A16F23B0100C0DC35 /* _ATGlobalPropertyes.h */,
				4012982B16F23B0100C0DC35 /* _ATGlobalPropertyes.m */,
				4012982C16F23B0100C0DC35 /* _ATOccurrenceCache.h */,
				4012982D16F23B0100C0DC35 /* _ATOccurrenceCache.m */,
				4012982E16F23B0100C0DC35 /* ATGlobalPropertyes.h */,
				4012982F16F23B0100C0DC35 /* ATGlobalPropertyes.m */,
				4012983016F23B0100C0DC35 /* ATOccurrenceCache.h */,
				4012983116F23B0100C0DC35 /* ATOccurrenceCache.m */,
				4012982116F22F9600C0DC35 /* ATEvent.h */,
				4012982216F22F9600C0DC35 /* ATEvent.m */,
				4012982316F22F9600C0DC35 /* ATRecurrence.h */,
				4012982416F22F9600C0DC35 /* ATRecurrence.m */,
				4012983D16F2435600C0DC35 /* ATCalendar.h */,
				4012983E16F2435600C0DC35 /* ATCalendar.m */,
				403329DA17033784002FC8F5 /* ATEvent+LocalNotifications.h */,
				403329DB17033784002FC8F5 /* ATEvent+LocalNotifications.m */,
			);
			name = Database;
			sourceTree = "<group>";
		};
/* End PBXGroup section */

/* Begin PBXNativeTarget section */
		404627B41737E8D300EA06BE /* ATCalendarResources */ = {
			isa = PBXNativeTarget;
			buildConfigurationList = 404627C11737E8D300EA06BE /* Build configuration list for PBXNativeTarget "ATCalendarResources" */;
			buildPhases = (
				404627B11737E8D300EA06BE /* Sources */,
				404627B21737E8D300EA06BE /* Frameworks */,
				404627B31737E8D300EA06BE /* Resources */,
			);
			buildRules = (
			);
			dependencies = (
			);
			name = ATCalendarResources;
			productName = ATCalendarResources;
			productReference = 404627B51737E8D300EA06BE /* ATCalendar.bundle */;
			productType = "com.apple.product-type.bundle";
		};
		405EC2C116F219B400F590DD /* ATCalendarDemo */ = {
			isa = PBXNativeTarget;
			buildConfigurationList = 405EC30316F219B400F590DD /* Build configuration list for PBXNativeTarget "ATCalendarDemo" */;
			buildPhases = (
				405EC2BE16F219B400F590DD /* Sources */,
				405EC2BF16F219B400F590DD /* Frameworks */,
				405EC2C016F219B400F590DD /* Resources */,
				3CB40BE3C84C48B99A69EB11 /* Copy Pods Resources */,
			);
			buildRules = (
			);
			dependencies = (
				404627CA1737EB8000EA06BE /* PBXTargetDependency */,
			);
			name = ATCalendarDemo;
			productName = ATCalendarDemo;
			productReference = 405EC2C216F219B400F590DD /* ATCalendarDemo.app */;
			productType = "com.apple.product-type.application";
		};
		405EC2EF16F219B400F590DD /* ATCalendarTests */ = {
			isa = PBXNativeTarget;
			buildConfigurationList = 405EC30616F219B400F590DD /* Build configuration list for PBXNativeTarget "ATCalendarTests" */;
			buildPhases = (
				405EC2EB16F219B400F590DD /* Sources */,
				405EC2EC16F219B400F590DD /* Frameworks */,
				405EC2ED16F219B400F590DD /* Resources */,
				405EC2EE16F219B400F590DD /* ShellScript */,
				5CFE8E347C944191A3187F17 /* Copy Pods Resources */,
			);
			buildRules = (
			);
			dependencies = (
			);
			name = ATCalendarTests;
			productName = ATCalendarDemoTests;
			productReference = 405EC2F016F219B400F590DD /* ATCalendarTests.octest */;
			productType = "com.apple.product-type.bundle";
		};
/* End PBXNativeTarget section */

/* Begin PBXProject section */
		405EC2BA16F219B400F590DD /* Project object */ = {
			isa = PBXProject;
			attributes = {
				CLASSPREFIX = AT;
				LastUpgradeCheck = 0460;
				ORGANIZATIONNAME = "Adrian Tofan";
			};
			buildConfigurationList = 405EC2BD16F219B400F590DD /* Build configuration list for PBXProject "ATCalendar" */;
			compatibilityVersion = "Xcode 3.2";
			developmentRegion = English;
			hasScannedForEncodings = 0;
			knownRegions = (
				en,
				Base,
				fr,
			);
			mainGroup = 405EC2B916F219B400F590DD;
			productRefGroup = 405EC2C316F219B400F590DD /* Products */;
			projectDirPath = "";
			projectRoot = "";
			targets = (
				405EC2C116F219B400F590DD /* ATCalendarDemo */,
				405EC2EF16F219B400F590DD /* ATCalendarTests */,
				401297BD16F21CA100C0DC35 /* Mogenerator */,
				404627B41737E8D300EA06BE /* ATCalendarResources */,
			);
		};
/* End PBXProject section */

/* Begin PBXResourcesBuildPhase section */
		404627B31737E8D300EA06BE /* Resources */ = {
			isa = PBXResourcesBuildPhase;
			buildActionMask = 2147483647;
			files = (
				404627C51737EAE500EA06BE /* Calendar.storyboard in Resources */,
				404627C61737EAE900EA06BE /* EventTimeEditCell.xib in Resources */,
				40F92AD01737F62B00AF1665 /* Localizable.strings in Resources */,
			);
			runOnlyForDeploymentPostprocessing = 0;
		};
		405EC2C016F219B400F590DD /* Resources */ = {
			isa = PBXResourcesBuildPhase;
			buildActionMask = 2147483647;
			files = (
				404627CB1737EBAC00EA06BE /* ATCalendar.bundle in Resources */,
				405EC2D216F219B400F590DD /* InfoPlist.strings in Resources */,
				405EC2DA16F219B400F590DD /* Default.png in Resources */,
				405EC2DC16F219B400F590DD /* Default@2x.png in Resources */,
				405EC2DE16F219B400F590DD /* Default-568h@2x.png in Resources */,
				4059A96A16F24CB0008F90F4 /* Pods.xcconfig in Resources */,
				40F92B001738006700AF1665 /* ATCalendar.podspec in Resources */,
				40F92B02173801CC00AF1665 /* Podfile in Resources */,
			);
			runOnlyForDeploymentPostprocessing = 0;
		};
		405EC2ED16F219B400F590DD /* Resources */ = {
			isa = PBXResourcesBuildPhase;
			buildActionMask = 2147483647;
			files = (
				405EC2FD16F219B400F590DD /* InfoPlist.strings in Resources */,
				4059A96B16F24CB0008F90F4 /* Pods.xcconfig in Resources */,
			);
			runOnlyForDeploymentPostprocessing = 0;
		};
/* End PBXResourcesBuildPhase section */

/* Begin PBXShellScriptBuildPhase section */
		3CB40BE3C84C48B99A69EB11 /* Copy Pods Resources */ = {
			isa = PBXShellScriptBuildPhase;
			buildActionMask = 2147483647;
			files = (
			);
			inputPaths = (
			);
			name = "Copy Pods Resources";
			outputPaths = (
			);
			runOnlyForDeploymentPostprocessing = 0;
			shellPath = /bin/sh;
			shellScript = "\"${SRCROOT}/Pods/Pods-resources.sh\"\n";
		};
		401297C116F21CB200C0DC35 /* ShellScript */ = {
			isa = PBXShellScriptBuildPhase;
			buildActionMask = 2147483647;
			files = (
			);
			inputPaths = (
			);
			outputPaths = (
			);
			runOnlyForDeploymentPostprocessing = 0;
			shellPath = /bin/sh;
			shellScript = "cd src/Models\nDATA_MODEL_PACKAGE=\"ATCalendar.xcdatamodeld\"\nCURRENT_VERSION=`/usr/libexec/PlistBuddy \"$DATA_MODEL_PACKAGE/.xccurrentversion\" -c 'print _XCCurrentVersionName'`\n/usr/local/bin/mogenerator --template-var arc=true -m \"$DATA_MODEL_PACKAGE/$CURRENT_VERSION\"";
		};
		405EC2EE16F219B400F590DD /* ShellScript */ = {
			isa = PBXShellScriptBuildPhase;
			buildActionMask = 2147483647;
			files = (
			);
			inputPaths = (
			);
			outputPaths = (
			);
			runOnlyForDeploymentPostprocessing = 0;
			shellPath = /bin/sh;
			shellScript = "# Run the unit tests in this test bundle.\n\"${SYSTEM_DEVELOPER_DIR}/Tools/RunUnitTests\"\n";
		};
		5CFE8E347C944191A3187F17 /* Copy Pods Resources */ = {
			isa = PBXShellScriptBuildPhase;
			buildActionMask = 2147483647;
			files = (
			);
			inputPaths = (
			);
			name = "Copy Pods Resources";
			outputPaths = (
			);
			runOnlyForDeploymentPostprocessing = 0;
			shellPath = /bin/sh;
			shellScript = "\"${SRCROOT}/Pods/Pods-test-resources.sh\"\n";
		};
/* End PBXShellScriptBuildPhase section */

/* Begin PBXSourcesBuildPhase section */
		404627B11737E8D300EA06BE /* Sources */ = {
			isa = PBXSourcesBuildPhase;
			buildActionMask = 2147483647;
			files = (
				404627C41737EADE00EA06BE /* ATCalendar.xcdatamodeld in Sources */,
			);
			runOnlyForDeploymentPostprocessing = 0;
		};
		405EC2BE16F219B400F590DD /* Sources */ = {
			isa = PBXSourcesBuildPhase;
			buildActionMask = 2147483647;
			files = (
				405EC2D416F219B400F590DD /* main.m in Sources */,
				405EC2D816F219B400F590DD /* ATAppDelegate.m in Sources */,
				405EC2E716F219B400F590DD /* ATMasterViewController.m in Sources */,
				405EC2EA16F219B400F590DD /* ATDetailViewController.m in Sources */,
				4012982516F22F9600C0DC35 /* _ATEvent.m in Sources */,
				4012982616F22F9600C0DC35 /* _ATRecurrence.m in Sources */,
				4012982716F22F9600C0DC35 /* ATEvent.m in Sources */,
				4012982816F22F9600C0DC35 /* ATRecurrence.m in Sources */,
				4012983216F23B0100C0DC35 /* _ATGlobalPropertyes.m in Sources */,
				4012983316F23B0100C0DC35 /* _ATOccurrenceCache.m in Sources */,
				4012983416F23B0100C0DC35 /* ATGlobalPropertyes.m in Sources */,
				4012983516F23B0100C0DC35 /* ATOccurrenceCache.m in Sources */,
				4012983F16F2435600C0DC35 /* ATCalendar.m in Sources */,
				4059A96F16F32D69008F90F4 /* ATTimeSpan.m in Sources */,
				40FCA7EC16F4C40E00F22C81 /* _ATMonthlyRecurrence.m in Sources */,
				40FCA7EE16F4C40E00F22C81 /* _ATWeeklyRecurrence.m in Sources */,
				40FCA7F016F4C40E00F22C81 /* _ATYearlyRecurrence.m in Sources */,
				40FCA7F216F4C40E00F22C81 /* ATMonthlyRecurrence.m in Sources */,
				40FCA7F416F4C40E00F22C81 /* ATWeeklyRecurrence.m in Sources */,
				40FCA7F616F4C40E00F22C81 /* ATYearlyRecurrence.m in Sources */,
				40FCA7F816F4C40E00F22C81 /* _ATDailyRecurrence.m in Sources */,
				40FCA7FA16F4C40E00F22C81 /* ATDailyRecurrence.m in Sources */,
				402638B616F78042002E5C6D /* ATEventOccurenceController.m in Sources */,
				402638B816F78042002E5C6D /* ATEventEditController.m in Sources */,
				402638BA16F78042002E5C6D /* ATEventListController.m in Sources */,
				400F6FCA16F86FC4007285C3 /* ATEventEditBaseController.m in Sources */,
				400F6FCE16F870CE007285C3 /* ATEventCreateController.m in Sources */,
				400F6FD316F879F8007285C3 /* ATEventTextFieldCell.m in Sources */,
				40322DF016F8B0F500186611 /* ATEventTimeEditCell.m in Sources */,
				404A44DE16F8CD3300DAAD96 /* ATDurationEditController.m in Sources */,
				404A44E516F9C63A00DAAD96 /* ATEventDetailCell.m in Sources */,
				40C67D0816FB562400A65232 /* ATEndRecurrenceController.m in Sources */,
				4068BF0B16FC43AD008F4B67 /* ATEventTextViewCell.m in Sources */,
				4068BF1016FC45EA008F4B67 /* ATPlaceHolderTextView.m in Sources */,
				4068BF4816FCA443008F4B67 /* ATRecurrenceController.m in Sources */,
				404A3B5B1701FB13001C3CB8 /* ATAlertTypeController.m in Sources */,
				403329CD1702E865002FC8F5 /* ATAvilabilityController.m in Sources */,
				403329D41702FB57002FC8F5 /* _ATAlertNotification.m in Sources */,
				403329D61702FB57002FC8F5 /* ATAlertNotification.m in Sources */,
				40339D91170456E6008D7190 /* ATTZPickerController.m in Sources */,
				4011027E170B499C00C59572 /* ATEventOccurenceCell.m in Sources */,
				40110284170B4C8A00C59572 /* _EventProperty.m in Sources */,
				40110285170B4C8A00C59572 /* EventProperty.m in Sources */,
				403969B5170C928F0098B7DA /* ATEvent+LocalNotifications.m in Sources */,
				403969EE170D79CE0098B7DA /* ATCalendarUIConfig.m in Sources */,
				40F92ACC1737ED2C00AF1665 /* NSBundle+ATCalendar.m in Sources */,
			);
			runOnlyForDeploymentPostprocessing = 0;
		};
		405EC2EB16F219B400F590DD /* Sources */ = {
			isa = PBXSourcesBuildPhase;
			buildActionMask = 2147483647;
			files = (
				4012981C16F2277D00C0DC35 /* ATCoreDataTest.m in Sources */,
				4012983816F23E6800C0DC35 /* ATGlobalPropertyesTest.m in Sources */,
				4012984016F2435600C0DC35 /* ATCalendar.m in Sources */,
				4059A96716F24600008F90F4 /* ATCalendarTest.m in Sources */,
				4059A97216F358B1008F90F4 /* ATEventTest.m in Sources */,
				40C3372116F38CC0002EDD52 /* _ATEvent.m in Sources */,
				40C3372216F38CC4002EDD52 /* _ATGlobalPropertyes.m in Sources */,
				40C3372316F38CC7002EDD52 /* _ATOccurrenceCache.m in Sources */,
				40C3372416F38CC9002EDD52 /* ATGlobalPropertyes.m in Sources */,
				40C3372516F38CCC002EDD52 /* ATOccurrenceCache.m in Sources */,
				40C3372616F38CD5002EDD52 /* ATEvent.m in Sources */,
				40C3372816F38CF8002EDD52 /* ATTimeSpan.m in Sources */,
				4077E61116F394CC00E9D80F /* ATRecurrence.m in Sources */,
				4077E61216F394CF00E9D80F /* _ATRecurrence.m in Sources */,
				40FCA7ED16F4C40E00F22C81 /* _ATMonthlyRecurrence.m in Sources */,
				40FCA7EF16F4C40E00F22C81 /* _ATWeeklyRecurrence.m in Sources */,
				40FCA7F116F4C40E00F22C81 /* _ATYearlyRecurrence.m in Sources */,
				40FCA7F316F4C40E00F22C81 /* ATMonthlyRecurrence.m in Sources */,
				40FCA7F516F4C40E00F22C81 /* ATWeeklyRecurrence.m in Sources */,
				40FCA7F716F4C40E00F22C81 /* ATYearlyRecurrence.m in Sources */,
				40FCA7F916F4C40E00F22C81 /* _ATDailyRecurrence.m in Sources */,
				40FCA7FB16F4C40E00F22C81 /* ATDailyRecurrence.m in Sources */,
				40FCA7FD16F4CD0100F22C81 /* ATRecurrenceTest.m in Sources */,
				402638B716F78042002E5C6D /* ATEventOccurenceController.m in Sources */,
				402638B916F78042002E5C6D /* ATEventEditController.m in Sources */,
				402638BB16F78042002E5C6D /* ATEventListController.m in Sources */,
				400F6FCB16F86FC4007285C3 /* ATEventEditBaseController.m in Sources */,
				400F6FCF16F870CE007285C3 /* ATEventCreateController.m in Sources */,
				400F6FD416F879F8007285C3 /* ATEventTextFieldCell.m in Sources */,
				40322DF116F8B0F500186611 /* ATEventTimeEditCell.m in Sources */,
				404A44DF16F8CD3300DAAD96 /* ATDurationEditController.m in Sources */,
				404A44E616F9C63A00DAAD96 /* ATEventDetailCell.m in Sources */,
				40C67D0916FB562400A65232 /* ATEndRecurrenceController.m in Sources */,
				4068BF0C16FC43AD008F4B67 /* ATEventTextViewCell.m in Sources */,
				4068BF1116FC45EA008F4B67 /* ATPlaceHolderTextView.m in Sources */,
				4068BF4916FCA444008F4B67 /* ATRecurrenceController.m in Sources */,
				403329D51702FB57002FC8F5 /* _ATAlertNotification.m in Sources */,
				403329D71702FB57002FC8F5 /* ATAlertNotification.m in Sources */,
				403329D81702FED5002FC8F5 /* ATAlertTypeController.m in Sources */,
				403329D91702FF09002FC8F5 /* ATAvilabilityController.m in Sources */,
				402B14E81705E20400B32594 /* ATTZPickerController.m in Sources */,
				403969B6170C92900098B7DA /* ATEvent+LocalNotifications.m in Sources */,
			);
			runOnlyForDeploymentPostprocessing = 0;
		};
/* End PBXSourcesBuildPhase section */

/* Begin PBXTargetDependency section */
		404627CA1737EB8000EA06BE /* PBXTargetDependency */ = {
			isa = PBXTargetDependency;
			target = 404627B41737E8D300EA06BE /* ATCalendarResources */;
			targetProxy = 404627C91737EB8000EA06BE /* PBXContainerItemProxy */;
		};
/* End PBXTargetDependency section */

/* Begin PBXVariantGroup section */
		4046275B1737DF9300EA06BE /* Calendar.storyboard */ = {
			isa = PBXVariantGroup;
			children = (
				4046275F1737DFAF00EA06BE /* Base */,
				404627621737DFC700EA06BE /* en */,
				404627651737E1C900EA06BE /* fr */,
			);
			name = Calendar.storyboard;
			sourceTree = "<group>";
		};
		4046275E1737DFA200EA06BE /* EventTimeEditCell.xib */ = {
			isa = PBXVariantGroup;
			children = (
				404627601737DFAF00EA06BE /* Base */,
				404627641737DFD100EA06BE /* en */,
				404627661737E1C900EA06BE /* fr */,
			);
			name = EventTimeEditCell.xib;
			sourceTree = "<group>";
		};
		405EC2D016F219B400F590DD /* InfoPlist.strings */ = {
			isa = PBXVariantGroup;
			children = (
				405EC2D116F219B400F590DD /* en */,
				404627671737E1C900EA06BE /* fr */,
			);
			name = InfoPlist.strings;
			sourceTree = "<group>";
		};
		405EC2FB16F219B400F590DD /* InfoPlist.strings */ = {
			isa = PBXVariantGroup;
			children = (
				405EC2FC16F219B400F590DD /* en */,
				404627681737E1C900EA06BE /* fr */,
			);
			name = InfoPlist.strings;
			sourceTree = "<group>";
		};
		40F92AD21737F62B00AF1665 /* Localizable.strings */ = {
			isa = PBXVariantGroup;
			children = (
				40F92AD11737F62B00AF1665 /* en */,
				40F92AD31737F62D00AF1665 /* fr */,
			);
			name = Localizable.strings;
			sourceTree = "<group>";
		};
/* End PBXVariantGroup section */

/* Begin XCBuildConfiguration section */
		401297BF16F21CA100C0DC35 /* Debug */ = {
			isa = XCBuildConfiguration;
			buildSettings = {
				PRODUCT_NAME = "$(TARGET_NAME)";
			};
			name = Debug;
		};
		401297C016F21CA100C0DC35 /* Release */ = {
			isa = XCBuildConfiguration;
			buildSettings = {
				PRODUCT_NAME = "$(TARGET_NAME)";
			};
			name = Release;
		};
		404627BF1737E8D300EA06BE /* Debug */ = {
			isa = XCBuildConfiguration;
			buildSettings = {
				COMBINE_HIDPI_IMAGES = YES;
				GCC_ENABLE_OBJC_EXCEPTIONS = YES;
				GCC_PRECOMPILE_PREFIX_HEADER = YES;
				GCC_WARN_64_TO_32_BIT_CONVERSION = YES;
				INFOPLIST_FILE = "Resources/Resources-Info.plist";
				PRODUCT_NAME = ATCalendar;
				WRAPPER_EXTENSION = bundle;
			};
			name = Debug;
		};
		404627C01737E8D300EA06BE /* Release */ = {
			isa = XCBuildConfiguration;
			buildSettings = {
				COMBINE_HIDPI_IMAGES = YES;
				DEBUG_INFORMATION_FORMAT = "dwarf-with-dsym";
				GCC_ENABLE_OBJC_EXCEPTIONS = YES;
				GCC_PRECOMPILE_PREFIX_HEADER = YES;
				GCC_WARN_64_TO_32_BIT_CONVERSION = YES;
				INFOPLIST_FILE = "Resources/Resources-Info.plist";
				PRODUCT_NAME = ATCalendar;
				WRAPPER_EXTENSION = bundle;
			};
			name = Release;
		};
		405EC30116F219B400F590DD /* Debug */ = {
			isa = XCBuildConfiguration;
			buildSettings = {
				ALWAYS_SEARCH_USER_PATHS = NO;
				CLANG_CXX_LANGUAGE_STANDARD = "gnu++0x";
				CLANG_CXX_LIBRARY = "libc++";
				CLANG_ENABLE_OBJC_ARC = YES;
				CLANG_WARN_CONSTANT_CONVERSION = YES;
				CLANG_WARN_EMPTY_BODY = YES;
				CLANG_WARN_ENUM_CONVERSION = YES;
				CLANG_WARN_INT_CONVERSION = YES;
				CLANG_WARN__DUPLICATE_METHOD_MATCH = YES;
				"CODE_SIGN_IDENTITY[sdk=iphoneos*]" = "iPhone Developer";
				COPY_PHASE_STRIP = NO;
				GCC_C_LANGUAGE_STANDARD = gnu99;
				GCC_DYNAMIC_NO_PIC = NO;
				GCC_OPTIMIZATION_LEVEL = 0;
				GCC_PREPROCESSOR_DEFINITIONS = (
					"DEBUG=1",
					"$(inherited)",
				);
				GCC_SYMBOLS_PRIVATE_EXTERN = NO;
				GCC_WARN_ABOUT_RETURN_TYPE = YES;
				GCC_WARN_UNINITIALIZED_AUTOS = YES;
				GCC_WARN_UNUSED_VARIABLE = YES;
				IPHONEOS_DEPLOYMENT_TARGET = 6.1;
				ONLY_ACTIVE_ARCH = YES;
				SDKROOT = iphoneos;
			};
			name = Debug;
		};
		405EC30216F219B400F590DD /* Release */ = {
			isa = XCBuildConfiguration;
			buildSettings = {
				ALWAYS_SEARCH_USER_PATHS = NO;
				CLANG_CXX_LANGUAGE_STANDARD = "gnu++0x";
				CLANG_CXX_LIBRARY = "libc++";
				CLANG_ENABLE_OBJC_ARC = YES;
				CLANG_WARN_CONSTANT_CONVERSION = YES;
				CLANG_WARN_EMPTY_BODY = YES;
				CLANG_WARN_ENUM_CONVERSION = YES;
				CLANG_WARN_INT_CONVERSION = YES;
				CLANG_WARN__DUPLICATE_METHOD_MATCH = YES;
				"CODE_SIGN_IDENTITY[sdk=iphoneos*]" = "iPhone Developer";
				COPY_PHASE_STRIP = YES;
				GCC_C_LANGUAGE_STANDARD = gnu99;
				GCC_WARN_ABOUT_RETURN_TYPE = YES;
				GCC_WARN_UNINITIALIZED_AUTOS = YES;
				GCC_WARN_UNUSED_VARIABLE = YES;
				IPHONEOS_DEPLOYMENT_TARGET = 6.1;
				OTHER_CFLAGS = "-DNS_BLOCK_ASSERTIONS=1";
				SDKROOT = iphoneos;
				VALIDATE_PRODUCT = YES;
			};
			name = Release;
		};
		405EC30416F219B400F590DD /* Debug */ = {
			isa = XCBuildConfiguration;
			baseConfigurationReference = 8AFFA37E5D9B470888607BEB /* Pods.xcconfig */;
			buildSettings = {
				GCC_PRECOMPILE_PREFIX_HEADER = YES;
				GCC_PREFIX_HEADER = "ATCalendarDemo/ATCalendar-Prefix.pch";
				INFOPLIST_FILE = "ATCalendarDemo/ATCalendarDemo-Info.plist";
				OTHER_LDFLAGS = (
					"-ObjC",
					"-all_load",
				);
				PRODUCT_NAME = "$(TARGET_NAME)";
				WRAPPER_EXTENSION = app;
			};
			name = Debug;
		};
		405EC30516F219B400F590DD /* Release */ = {
			isa = XCBuildConfiguration;
			baseConfigurationReference = 8AFFA37E5D9B470888607BEB /* Pods.xcconfig */;
			buildSettings = {
				GCC_PRECOMPILE_PREFIX_HEADER = YES;
				GCC_PREFIX_HEADER = "ATCalendarDemo/ATCalendar-Prefix.pch";
				INFOPLIST_FILE = "ATCalendarDemo/ATCalendarDemo-Info.plist";
				OTHER_LDFLAGS = (
					"-ObjC",
					"-all_load",
				);
				PRODUCT_NAME = "$(TARGET_NAME)";
				WRAPPER_EXTENSION = app;
			};
			name = Release;
		};
		405EC30716F219B400F590DD /* Debug */ = {
			isa = XCBuildConfiguration;
			baseConfigurationReference = 59D0A087B57E4DE8B22E442C /* Pods-test.xcconfig */;
			buildSettings = {
				FRAMEWORK_SEARCH_PATHS = (
					"\"$(SDKROOT)/Developer/Library/Frameworks\"",
					"\"$(DEVELOPER_LIBRARY_DIR)/Frameworks\"",
				);
				GCC_PRECOMPILE_PREFIX_HEADER = YES;
				GCC_PREFIX_HEADER = "ATCalendarDemo/ATCalendar-Prefix.pch";
				INFOPLIST_FILE = "ATCalendarDemoTests/ATCalendarTests-Info.plist";
				OTHER_LDFLAGS = (
					"-ObjC",
					"-all_load",
					"$(inherited)",
				);
				PRODUCT_NAME = "$(TARGET_NAME)";
				WRAPPER_EXTENSION = octest;
			};
			name = Debug;
		};
		405EC30816F219B400F590DD /* Release */ = {
			isa = XCBuildConfiguration;
			baseConfigurationReference = 59D0A087B57E4DE8B22E442C /* Pods-test.xcconfig */;
			buildSettings = {
				FRAMEWORK_SEARCH_PATHS = (
					"\"$(SDKROOT)/Developer/Library/Frameworks\"",
					"\"$(DEVELOPER_LIBRARY_DIR)/Frameworks\"",
				);
				GCC_PRECOMPILE_PREFIX_HEADER = YES;
				GCC_PREFIX_HEADER = "ATCalendarDemo/ATCalendar-Prefix.pch";
				INFOPLIST_FILE = "ATCalendarDemoTests/ATCalendarTests-Info.plist";
				OTHER_LDFLAGS = (
					"-ObjC",
					"-all_load",
					"$(inherited)",
				);
				PRODUCT_NAME = "$(TARGET_NAME)";
				WRAPPER_EXTENSION = octest;
			};
			name = Release;
		};
/* End XCBuildConfiguration section */

/* Begin XCConfigurationList section */
		401297BE16F21CA100C0DC35 /* Build configuration list for PBXAggregateTarget "Mogenerator" */ = {
			isa = XCConfigurationList;
			buildConfigurations = (
				401297BF16F21CA100C0DC35 /* Debug */,
				401297C016F21CA100C0DC35 /* Release */,
			);
			defaultConfigurationIsVisible = 0;
			defaultConfigurationName = Release;
		};
		404627C11737E8D300EA06BE /* Build configuration list for PBXNativeTarget "ATCalendarResources" */ = {
			isa = XCConfigurationList;
			buildConfigurations = (
				404627BF1737E8D300EA06BE /* Debug */,
				404627C01737E8D300EA06BE /* Release */,
			);
			defaultConfigurationIsVisible = 0;
			defaultConfigurationName = Release;
		};
		405EC2BD16F219B400F590DD /* Build configuration list for PBXProject "ATCalendar" */ = {
			isa = XCConfigurationList;
			buildConfigurations = (
				405EC30116F219B400F590DD /* Debug */,
				405EC30216F219B400F590DD /* Release */,
			);
			defaultConfigurationIsVisible = 0;
			defaultConfigurationName = Release;
		};
		405EC30316F219B400F590DD /* Build configuration list for PBXNativeTarget "ATCalendarDemo" */ = {
			isa = XCConfigurationList;
			buildConfigurations = (
				405EC30416F219B400F590DD /* Debug */,
				405EC30516F219B400F590DD /* Release */,
			);
			defaultConfigurationIsVisible = 0;
			defaultConfigurationName = Release;
		};
		405EC30616F219B400F590DD /* Build configuration list for PBXNativeTarget "ATCalendarTests" */ = {
			isa = XCConfigurationList;
			buildConfigurations = (
				405EC30716F219B400F590DD /* Debug */,
				405EC30816F219B400F590DD /* Release */,
			);
			defaultConfigurationIsVisible = 0;
			defaultConfigurationName = Release;
		};
/* End XCConfigurationList section */

/* Begin XCVersionGroup section */
		404627A11737E6CC00EA06BE /* ATCalendar.xcdatamodeld */ = {
			isa = XCVersionGroup;
			children = (
				404627A21737E6CC00EA06BE /* ATCalendar.xcdatamodel */,
				404627A31737E6CC00EA06BE /* ATCalendar_alarm.xcdatamodel */,
				404627A41737E6CC00EA06BE /* ATCalendar_busy.xcdatamodel */,
				404627A51737E6CC00EA06BE /* ATCalendar_daycache.xcdatamodel */,
				404627A61737E6CC00EA06BE /* ATCalendar_EventProperties.xcdatamodel */,
				404627A71737E6CC00EA06BE /* ATCalendar_GroupNotifications.xcdatamodel */,
				404627A81737E6CC00EA06BE /* ATCalendar_initial.xcdatamodel */,
				404627A91737E6CC00EA06BE /* ATCalendar_Notification.xcdatamodel */,
				404627AA1737E6CC00EA06BE /* ATCalendar_Notification_2.xcdatamodel */,
				404627AB1737E6CC00EA06BE /* ATCalendar_Notification_eventuserinfo.xcdatamodel */,
				404627AC1737E6CC00EA06BE /* ATCalendar_Notification_TZ.xcdatamodel */,
				404627AD1737E6CC00EA06BE /* ATCalendar_Notifications.xcdatamodel */,
				404627AE1737E6CC00EA06BE /* ATCalendar_reccurence.xcdatamodel */,
				404627AF1737E6CC00EA06BE /* ATCalendar_reccurence_take2.xcdatamodel */,
			);
			currentVersion = 404627A71737E6CC00EA06BE /* ATCalendar_GroupNotifications.xcdatamodel */;
			path = ATCalendar.xcdatamodeld;
			sourceTree = "<group>";
			versionGroupType = wrapper.xcdatamodel;
		};
/* End XCVersionGroup section */
	};
	rootObject = 405EC2BA16F219B400F590DD /* Project object */;
}
