<?xml version="1.0" encoding="UTF-8"?>
<!DOCTYPE plist PUBLIC "-//Apple//DTD PLIST 1.0//EN" "http://www.apple.com/DTDs/PropertyList-1.0.dtd">
<plist version="1.0">
<dict>
	<key>archiveVersion</key>
	<string>1</string>
	<key>classes</key>
	<dict/>
	<key>objectVersion</key>
	<string>46</string>
	<key>objects</key>
	<dict>
		<key>3CB40BE3C84C48B99A69EB11</key>
		<dict>
			<key>buildActionMask</key>
			<string>2147483647</string>
			<key>files</key>
			<array/>
			<key>inputPaths</key>
			<array/>
			<key>isa</key>
			<string>PBXShellScriptBuildPhase</string>
			<key>name</key>
			<string>Copy Pods Resources</string>
			<key>outputPaths</key>
			<array/>
			<key>runOnlyForDeploymentPostprocessing</key>
			<string>0</string>
			<key>shellPath</key>
			<string>/bin/sh</string>
			<key>shellScript</key>
			<string>"${SRCROOT}/Pods/Pods-resources.sh"
</string>
			<key>showEnvVarsInLog</key>
			<string>1</string>
		</dict>
		<key>401297B816F21C2D00C0DC35</key>
		<dict>
			<key>children</key>
			<array>
				<string>4012981D16F22F9600C0DC35</string>
				<string>4012981E16F22F9600C0DC35</string>
				<string>4012981F16F22F9600C0DC35</string>
				<string>4012982016F22F9600C0DC35</string>
				<string>4012982116F22F9600C0DC35</string>
				<string>4012982216F22F9600C0DC35</string>
				<string>4012982316F22F9600C0DC35</string>
				<string>4012982416F22F9600C0DC35</string>
				<string>401297B916F21C2D00C0DC35</string>
			</array>
			<key>isa</key>
			<string>PBXGroup</string>
			<key>path</key>
			<string>Models</string>
			<key>sourceTree</key>
			<string>&lt;group&gt;</string>
		</dict>
		<key>401297B916F21C2D00C0DC35</key>
		<dict>
			<key>children</key>
			<array>
				<string>401297C216F21D6C00C0DC35</string>
				<string>4012982916F2312E00C0DC35</string>
				<string>401297BA16F21C2D00C0DC35</string>
			</array>
			<key>currentVersion</key>
			<string>4012982916F2312E00C0DC35</string>
			<key>isa</key>
			<string>XCVersionGroup</string>
			<key>path</key>
			<string>ATCalendar.xcdatamodeld</string>
			<key>sourceTree</key>
			<string>&lt;group&gt;</string>
			<key>versionGroupType</key>
			<string>wrapper.xcdatamodel</string>
		</dict>
		<key>401297BA16F21C2D00C0DC35</key>
		<dict>
			<key>isa</key>
			<string>PBXFileReference</string>
			<key>lastKnownFileType</key>
			<string>wrapper.xcdatamodel</string>
			<key>path</key>
			<string>ATCalendar.xcdatamodel</string>
			<key>sourceTree</key>
			<string>&lt;group&gt;</string>
		</dict>
		<key>401297BB16F21C2D00C0DC35</key>
		<dict>
			<key>fileRef</key>
			<string>401297B916F21C2D00C0DC35</string>
			<key>isa</key>
			<string>PBXBuildFile</string>
		</dict>
		<key>401297BC16F21C2D00C0DC35</key>
		<dict>
			<key>fileRef</key>
			<string>401297B916F21C2D00C0DC35</string>
			<key>isa</key>
			<string>PBXBuildFile</string>
		</dict>
		<key>401297BD16F21CA100C0DC35</key>
		<dict>
			<key>buildConfigurationList</key>
			<string>401297BE16F21CA100C0DC35</string>
			<key>buildPhases</key>
			<array>
				<string>401297C116F21CB200C0DC35</string>
			</array>
			<key>dependencies</key>
			<array/>
			<key>isa</key>
			<string>PBXAggregateTarget</string>
			<key>name</key>
			<string>Mogenerator</string>
			<key>productName</key>
			<string>Mogenerator</string>
		</dict>
		<key>401297BE16F21CA100C0DC35</key>
		<dict>
			<key>buildConfigurations</key>
			<array>
				<string>401297BF16F21CA100C0DC35</string>
				<string>401297C016F21CA100C0DC35</string>
			</array>
			<key>defaultConfigurationIsVisible</key>
			<string>0</string>
			<key>defaultConfigurationName</key>
			<string>Release</string>
			<key>isa</key>
			<string>XCConfigurationList</string>
		</dict>
		<key>401297BF16F21CA100C0DC35</key>
		<dict>
			<key>buildSettings</key>
			<dict>
				<key>PRODUCT_NAME</key>
				<string>$(TARGET_NAME)</string>
			</dict>
			<key>isa</key>
			<string>XCBuildConfiguration</string>
			<key>name</key>
			<string>Debug</string>
		</dict>
		<key>401297C016F21CA100C0DC35</key>
		<dict>
			<key>buildSettings</key>
			<dict>
				<key>PRODUCT_NAME</key>
				<string>$(TARGET_NAME)</string>
			</dict>
			<key>isa</key>
			<string>XCBuildConfiguration</string>
			<key>name</key>
			<string>Release</string>
		</dict>
		<key>401297C116F21CB200C0DC35</key>
		<dict>
			<key>buildActionMask</key>
			<string>2147483647</string>
			<key>files</key>
			<array/>
			<key>inputPaths</key>
			<array/>
			<key>isa</key>
			<string>PBXShellScriptBuildPhase</string>
			<key>outputPaths</key>
			<array/>
			<key>runOnlyForDeploymentPostprocessing</key>
			<string>0</string>
			<key>shellPath</key>
			<string>/bin/sh</string>
			<key>shellScript</key>
			<string>cd src/Models
DATA_MODEL_PACKAGE="ATCalendar.xcdatamodeld"
CURRENT_VERSION=`/usr/libexec/PlistBuddy "$DATA_MODEL_PACKAGE/.xccurrentversion" -c 'print _XCCurrentVersionName'`
/usr/local/bin/mogenerator --template-var arc=true -m "$DATA_MODEL_PACKAGE/$CURRENT_VERSION"</string>
		</dict>
		<key>401297C216F21D6C00C0DC35</key>
		<dict>
			<key>isa</key>
			<string>PBXFileReference</string>
			<key>lastKnownFileType</key>
			<string>file</string>
			<key>path</key>
			<string>ATCalendar_initial.xcdatamodel</string>
			<key>sourceTree</key>
			<string>&lt;group&gt;</string>
		</dict>
		<key>401297C316F224DC00C0DC35</key>
		<dict>
			<key>children</key>
			<array>
				<string>401297C416F2251B00C0DC35</string>
			</array>
			<key>isa</key>
			<string>PBXGroup</string>
			<key>name</key>
			<string>Vendor</string>
			<key>sourceTree</key>
			<string>&lt;group&gt;</string>
		</dict>
		<key>401297C416F2251B00C0DC35</key>
		<dict>
			<key>children</key>
			<array>
				<string>401297C516F2251B00C0DC35</string>
				<string>401297EF16F2251B00C0DC35</string>
				<string>401297FF16F2251B00C0DC35</string>
			</array>
			<key>isa</key>
			<string>PBXGroup</string>
			<key>name</key>
			<string>MagicalRecord</string>
			<key>path</key>
			<string>Vendor/MagicalRecord/MagicalRecord</string>
			<key>sourceTree</key>
			<string>&lt;group&gt;</string>
		</dict>
		<key>401297C516F2251B00C0DC35</key>
		<dict>
			<key>children</key>
			<array>
				<string>401297C616F2251B00C0DC35</string>
				<string>401297D516F2251B00C0DC35</string>
				<string>401297E016F2251B00C0DC35</string>
				<string>401297E916F2251B00C0DC35</string>
				<string>401297EA16F2251B00C0DC35</string>
				<string>401297EB16F2251B00C0DC35</string>
				<string>401297EC16F2251B00C0DC35</string>
				<string>401297ED16F2251B00C0DC35</string>
				<string>401297EE16F2251B00C0DC35</string>
			</array>
			<key>isa</key>
			<string>PBXGroup</string>
			<key>path</key>
			<string>Categories</string>
			<key>sourceTree</key>
			<string>&lt;group&gt;</string>
		</dict>
		<key>401297C616F2251B00C0DC35</key>
		<dict>
			<key>children</key>
			<array>
				<string>401297C716F2251B00C0DC35</string>
				<string>401297C816F2251B00C0DC35</string>
				<string>401297C916F2251B00C0DC35</string>
				<string>401297CA16F2251B00C0DC35</string>
				<string>401297CB16F2251B00C0DC35</string>
				<string>401297CC16F2251B00C0DC35</string>
				<string>401297CD16F2251B00C0DC35</string>
				<string>401297CE16F2251B00C0DC35</string>
				<string>401297CF16F2251B00C0DC35</string>
				<string>401297D016F2251B00C0DC35</string>
				<string>401297D116F2251B00C0DC35</string>
				<string>401297D216F2251B00C0DC35</string>
				<string>401297D316F2251B00C0DC35</string>
				<string>401297D416F2251B00C0DC35</string>
			</array>
			<key>isa</key>
			<string>PBXGroup</string>
			<key>path</key>
			<string>DataImport</string>
			<key>sourceTree</key>
			<string>&lt;group&gt;</string>
		</dict>
		<key>401297C716F2251B00C0DC35</key>
		<dict>
			<key>fileEncoding</key>
			<string>4</string>
			<key>isa</key>
			<string>PBXFileReference</string>
			<key>lastKnownFileType</key>
			<string>sourcecode.c.h</string>
			<key>path</key>
			<string>MagicalImportFunctions.h</string>
			<key>sourceTree</key>
			<string>&lt;group&gt;</string>
		</dict>
		<key>401297C816F2251B00C0DC35</key>
		<dict>
			<key>fileEncoding</key>
			<string>4</string>
			<key>isa</key>
			<string>PBXFileReference</string>
			<key>lastKnownFileType</key>
			<string>sourcecode.c.objc</string>
			<key>path</key>
			<string>MagicalImportFunctions.m</string>
			<key>sourceTree</key>
			<string>&lt;group&gt;</string>
		</dict>
		<key>401297C916F2251B00C0DC35</key>
		<dict>
			<key>fileEncoding</key>
			<string>4</string>
			<key>isa</key>
			<string>PBXFileReference</string>
			<key>lastKnownFileType</key>
			<string>sourcecode.c.h</string>
			<key>path</key>
			<string>NSAttributeDescription+MagicalDataImport.h</string>
			<key>sourceTree</key>
			<string>&lt;group&gt;</string>
		</dict>
		<key>401297CA16F2251B00C0DC35</key>
		<dict>
			<key>fileEncoding</key>
			<string>4</string>
			<key>isa</key>
			<string>PBXFileReference</string>
			<key>lastKnownFileType</key>
			<string>sourcecode.c.objc</string>
			<key>path</key>
			<string>NSAttributeDescription+MagicalDataImport.m</string>
			<key>sourceTree</key>
			<string>&lt;group&gt;</string>
		</dict>
		<key>401297CB16F2251B00C0DC35</key>
		<dict>
			<key>fileEncoding</key>
			<string>4</string>
			<key>isa</key>
			<string>PBXFileReference</string>
			<key>lastKnownFileType</key>
			<string>sourcecode.c.h</string>
			<key>path</key>
			<string>NSEntityDescription+MagicalDataImport.h</string>
			<key>sourceTree</key>
			<string>&lt;group&gt;</string>
		</dict>
		<key>401297CC16F2251B00C0DC35</key>
		<dict>
			<key>fileEncoding</key>
			<string>4</string>
			<key>isa</key>
			<string>PBXFileReference</string>
			<key>lastKnownFileType</key>
			<string>sourcecode.c.objc</string>
			<key>path</key>
			<string>NSEntityDescription+MagicalDataImport.m</string>
			<key>sourceTree</key>
			<string>&lt;group&gt;</string>
		</dict>
		<key>401297CD16F2251B00C0DC35</key>
		<dict>
			<key>fileEncoding</key>
			<string>4</string>
			<key>isa</key>
			<string>PBXFileReference</string>
			<key>lastKnownFileType</key>
			<string>sourcecode.c.h</string>
			<key>path</key>
			<string>NSNumber+MagicalDataImport.h</string>
			<key>sourceTree</key>
			<string>&lt;group&gt;</string>
		</dict>
		<key>401297CE16F2251B00C0DC35</key>
		<dict>
			<key>fileEncoding</key>
			<string>4</string>
			<key>isa</key>
			<string>PBXFileReference</string>
			<key>lastKnownFileType</key>
			<string>sourcecode.c.objc</string>
			<key>path</key>
			<string>NSNumber+MagicalDataImport.m</string>
			<key>sourceTree</key>
			<string>&lt;group&gt;</string>
		</dict>
		<key>401297CF16F2251B00C0DC35</key>
		<dict>
			<key>fileEncoding</key>
			<string>4</string>
			<key>isa</key>
			<string>PBXFileReference</string>
			<key>lastKnownFileType</key>
			<string>sourcecode.c.h</string>
			<key>path</key>
			<string>NSObject+MagicalDataImport.h</string>
			<key>sourceTree</key>
			<string>&lt;group&gt;</string>
		</dict>
		<key>401297D016F2251B00C0DC35</key>
		<dict>
			<key>fileEncoding</key>
			<string>4</string>
			<key>isa</key>
			<string>PBXFileReference</string>
			<key>lastKnownFileType</key>
			<string>sourcecode.c.objc</string>
			<key>path</key>
			<string>NSObject+MagicalDataImport.m</string>
			<key>sourceTree</key>
			<string>&lt;group&gt;</string>
		</dict>
		<key>401297D116F2251B00C0DC35</key>
		<dict>
			<key>fileEncoding</key>
			<string>4</string>
			<key>isa</key>
			<string>PBXFileReference</string>
			<key>lastKnownFileType</key>
			<string>sourcecode.c.h</string>
			<key>path</key>
			<string>NSRelationshipDescription+MagicalDataImport.h</string>
			<key>sourceTree</key>
			<string>&lt;group&gt;</string>
		</dict>
		<key>401297D216F2251B00C0DC35</key>
		<dict>
			<key>fileEncoding</key>
			<string>4</string>
			<key>isa</key>
			<string>PBXFileReference</string>
			<key>lastKnownFileType</key>
			<string>sourcecode.c.objc</string>
			<key>path</key>
			<string>NSRelationshipDescription+MagicalDataImport.m</string>
			<key>sourceTree</key>
			<string>&lt;group&gt;</string>
		</dict>
		<key>401297D316F2251B00C0DC35</key>
		<dict>
			<key>fileEncoding</key>
			<string>4</string>
			<key>isa</key>
			<string>PBXFileReference</string>
			<key>lastKnownFileType</key>
			<string>sourcecode.c.h</string>
			<key>path</key>
			<string>NSString+MagicalDataImport.h</string>
			<key>sourceTree</key>
			<string>&lt;group&gt;</string>
		</dict>
		<key>401297D416F2251B00C0DC35</key>
		<dict>
			<key>fileEncoding</key>
			<string>4</string>
			<key>isa</key>
			<string>PBXFileReference</string>
			<key>lastKnownFileType</key>
			<string>sourcecode.c.objc</string>
			<key>path</key>
			<string>NSString+MagicalDataImport.m</string>
			<key>sourceTree</key>
			<string>&lt;group&gt;</string>
		</dict>
		<key>401297D516F2251B00C0DC35</key>
		<dict>
			<key>children</key>
			<array>
				<string>401297D616F2251B00C0DC35</string>
				<string>401297D716F2251B00C0DC35</string>
				<string>401297D816F2251B00C0DC35</string>
				<string>401297D916F2251B00C0DC35</string>
				<string>401297DA16F2251B00C0DC35</string>
				<string>401297DB16F2251B00C0DC35</string>
				<string>401297DC16F2251B00C0DC35</string>
				<string>401297DD16F2251B00C0DC35</string>
				<string>401297DE16F2251B00C0DC35</string>
				<string>401297DF16F2251B00C0DC35</string>
			</array>
			<key>isa</key>
			<string>PBXGroup</string>
			<key>path</key>
			<string>NSManagedObject</string>
			<key>sourceTree</key>
			<string>&lt;group&gt;</string>
		</dict>
		<key>401297D616F2251B00C0DC35</key>
		<dict>
			<key>fileEncoding</key>
			<string>4</string>
			<key>isa</key>
			<string>PBXFileReference</string>
			<key>lastKnownFileType</key>
			<string>sourcecode.c.h</string>
			<key>path</key>
			<string>NSManagedObject+MagicalAggregation.h</string>
			<key>sourceTree</key>
			<string>&lt;group&gt;</string>
		</dict>
		<key>401297D716F2251B00C0DC35</key>
		<dict>
			<key>fileEncoding</key>
			<string>4</string>
			<key>isa</key>
			<string>PBXFileReference</string>
			<key>lastKnownFileType</key>
			<string>sourcecode.c.objc</string>
			<key>path</key>
			<string>NSManagedObject+MagicalAggregation.m</string>
			<key>sourceTree</key>
			<string>&lt;group&gt;</string>
		</dict>
		<key>401297D816F2251B00C0DC35</key>
		<dict>
			<key>fileEncoding</key>
			<string>4</string>
			<key>isa</key>
			<string>PBXFileReference</string>
			<key>lastKnownFileType</key>
			<string>sourcecode.c.h</string>
			<key>path</key>
			<string>NSManagedObject+MagicalDataImport.h</string>
			<key>sourceTree</key>
			<string>&lt;group&gt;</string>
		</dict>
		<key>401297D916F2251B00C0DC35</key>
		<dict>
			<key>fileEncoding</key>
			<string>4</string>
			<key>isa</key>
			<string>PBXFileReference</string>
			<key>lastKnownFileType</key>
			<string>sourcecode.c.objc</string>
			<key>path</key>
			<string>NSManagedObject+MagicalDataImport.m</string>
			<key>sourceTree</key>
			<string>&lt;group&gt;</string>
		</dict>
		<key>401297DA16F2251B00C0DC35</key>
		<dict>
			<key>fileEncoding</key>
			<string>4</string>
			<key>isa</key>
			<string>PBXFileReference</string>
			<key>lastKnownFileType</key>
			<string>sourcecode.c.h</string>
			<key>path</key>
			<string>NSManagedObject+MagicalFinders.h</string>
			<key>sourceTree</key>
			<string>&lt;group&gt;</string>
		</dict>
		<key>401297DB16F2251B00C0DC35</key>
		<dict>
			<key>fileEncoding</key>
			<string>4</string>
			<key>isa</key>
			<string>PBXFileReference</string>
			<key>lastKnownFileType</key>
			<string>sourcecode.c.objc</string>
			<key>path</key>
			<string>NSManagedObject+MagicalFinders.m</string>
			<key>sourceTree</key>
			<string>&lt;group&gt;</string>
		</dict>
		<key>401297DC16F2251B00C0DC35</key>
		<dict>
			<key>fileEncoding</key>
			<string>4</string>
			<key>isa</key>
			<string>PBXFileReference</string>
			<key>lastKnownFileType</key>
			<string>sourcecode.c.h</string>
			<key>path</key>
			<string>NSManagedObject+MagicalRecord.h</string>
			<key>sourceTree</key>
			<string>&lt;group&gt;</string>
		</dict>
		<key>401297DD16F2251B00C0DC35</key>
		<dict>
			<key>fileEncoding</key>
			<string>4</string>
			<key>isa</key>
			<string>PBXFileReference</string>
			<key>lastKnownFileType</key>
			<string>sourcecode.c.objc</string>
			<key>path</key>
			<string>NSManagedObject+MagicalRecord.m</string>
			<key>sourceTree</key>
			<string>&lt;group&gt;</string>
		</dict>
		<key>401297DE16F2251B00C0DC35</key>
		<dict>
			<key>fileEncoding</key>
			<string>4</string>
			<key>isa</key>
			<string>PBXFileReference</string>
			<key>lastKnownFileType</key>
			<string>sourcecode.c.h</string>
			<key>path</key>
			<string>NSManagedObject+MagicalRequests.h</string>
			<key>sourceTree</key>
			<string>&lt;group&gt;</string>
		</dict>
		<key>401297DF16F2251B00C0DC35</key>
		<dict>
			<key>fileEncoding</key>
			<string>4</string>
			<key>isa</key>
			<string>PBXFileReference</string>
			<key>lastKnownFileType</key>
			<string>sourcecode.c.objc</string>
			<key>path</key>
			<string>NSManagedObject+MagicalRequests.m</string>
			<key>sourceTree</key>
			<string>&lt;group&gt;</string>
		</dict>
		<key>401297E016F2251B00C0DC35</key>
		<dict>
			<key>children</key>
			<array>
				<string>401297E116F2251B00C0DC35</string>
				<string>401297E216F2251B00C0DC35</string>
				<string>401297E316F2251B00C0DC35</string>
				<string>401297E416F2251B00C0DC35</string>
				<string>401297E516F2251B00C0DC35</string>
				<string>401297E616F2251B00C0DC35</string>
				<string>401297E716F2251B00C0DC35</string>
				<string>401297E816F2251B00C0DC35</string>
			</array>
			<key>isa</key>
			<string>PBXGroup</string>
			<key>path</key>
			<string>NSManagedObjectContext</string>
			<key>sourceTree</key>
			<string>&lt;group&gt;</string>
		</dict>
		<key>401297E116F2251B00C0DC35</key>
		<dict>
			<key>fileEncoding</key>
			<string>4</string>
			<key>isa</key>
			<string>PBXFileReference</string>
			<key>lastKnownFileType</key>
			<string>sourcecode.c.h</string>
			<key>path</key>
			<string>NSManagedObjectContext+MagicalObserving.h</string>
			<key>sourceTree</key>
			<string>&lt;group&gt;</string>
		</dict>
		<key>401297E216F2251B00C0DC35</key>
		<dict>
			<key>fileEncoding</key>
			<string>4</string>
			<key>isa</key>
			<string>PBXFileReference</string>
			<key>lastKnownFileType</key>
			<string>sourcecode.c.objc</string>
			<key>path</key>
			<string>NSManagedObjectContext+MagicalObserving.m</string>
			<key>sourceTree</key>
			<string>&lt;group&gt;</string>
		</dict>
		<key>401297E316F2251B00C0DC35</key>
		<dict>
			<key>fileEncoding</key>
			<string>4</string>
			<key>isa</key>
			<string>PBXFileReference</string>
			<key>lastKnownFileType</key>
			<string>sourcecode.c.h</string>
			<key>path</key>
			<string>NSManagedObjectContext+MagicalRecord.h</string>
			<key>sourceTree</key>
			<string>&lt;group&gt;</string>
		</dict>
		<key>401297E416F2251B00C0DC35</key>
		<dict>
			<key>fileEncoding</key>
			<string>4</string>
			<key>isa</key>
			<string>PBXFileReference</string>
			<key>lastKnownFileType</key>
			<string>sourcecode.c.objc</string>
			<key>path</key>
			<string>NSManagedObjectContext+MagicalRecord.m</string>
			<key>sourceTree</key>
			<string>&lt;group&gt;</string>
		</dict>
		<key>401297E516F2251B00C0DC35</key>
		<dict>
			<key>fileEncoding</key>
			<string>4</string>
			<key>isa</key>
			<string>PBXFileReference</string>
			<key>lastKnownFileType</key>
			<string>sourcecode.c.h</string>
			<key>path</key>
			<string>NSManagedObjectContext+MagicalSaves.h</string>
			<key>sourceTree</key>
			<string>&lt;group&gt;</string>
		</dict>
		<key>401297E616F2251B00C0DC35</key>
		<dict>
			<key>fileEncoding</key>
			<string>4</string>
			<key>isa</key>
			<string>PBXFileReference</string>
			<key>lastKnownFileType</key>
			<string>sourcecode.c.objc</string>
			<key>path</key>
			<string>NSManagedObjectContext+MagicalSaves.m</string>
			<key>sourceTree</key>
			<string>&lt;group&gt;</string>
		</dict>
		<key>401297E716F2251B00C0DC35</key>
		<dict>
			<key>fileEncoding</key>
			<string>4</string>
			<key>isa</key>
			<string>PBXFileReference</string>
			<key>lastKnownFileType</key>
			<string>sourcecode.c.h</string>
			<key>path</key>
			<string>NSManagedObjectContext+MagicalThreading.h</string>
			<key>sourceTree</key>
			<string>&lt;group&gt;</string>
		</dict>
		<key>401297E816F2251B00C0DC35</key>
		<dict>
			<key>fileEncoding</key>
			<string>4</string>
			<key>isa</key>
			<string>PBXFileReference</string>
			<key>lastKnownFileType</key>
			<string>sourcecode.c.objc</string>
			<key>path</key>
			<string>NSManagedObjectContext+MagicalThreading.m</string>
			<key>sourceTree</key>
			<string>&lt;group&gt;</string>
		</dict>
		<key>401297E916F2251B00C0DC35</key>
		<dict>
			<key>fileEncoding</key>
			<string>4</string>
			<key>isa</key>
			<string>PBXFileReference</string>
			<key>lastKnownFileType</key>
			<string>sourcecode.c.h</string>
			<key>path</key>
			<string>NSManagedObjectModel+MagicalRecord.h</string>
			<key>sourceTree</key>
			<string>&lt;group&gt;</string>
		</dict>
		<key>401297EA16F2251B00C0DC35</key>
		<dict>
			<key>fileEncoding</key>
			<string>4</string>
			<key>isa</key>
			<string>PBXFileReference</string>
			<key>lastKnownFileType</key>
			<string>sourcecode.c.objc</string>
			<key>path</key>
			<string>NSManagedObjectModel+MagicalRecord.m</string>
			<key>sourceTree</key>
			<string>&lt;group&gt;</string>
		</dict>
		<key>401297EB16F2251B00C0DC35</key>
		<dict>
			<key>fileEncoding</key>
			<string>4</string>
			<key>isa</key>
			<string>PBXFileReference</string>
			<key>lastKnownFileType</key>
			<string>sourcecode.c.h</string>
			<key>path</key>
			<string>NSPersistentStore+MagicalRecord.h</string>
			<key>sourceTree</key>
			<string>&lt;group&gt;</string>
		</dict>
		<key>401297EC16F2251B00C0DC35</key>
		<dict>
			<key>fileEncoding</key>
			<string>4</string>
			<key>isa</key>
			<string>PBXFileReference</string>
			<key>lastKnownFileType</key>
			<string>sourcecode.c.objc</string>
			<key>path</key>
			<string>NSPersistentStore+MagicalRecord.m</string>
			<key>sourceTree</key>
			<string>&lt;group&gt;</string>
		</dict>
		<key>401297ED16F2251B00C0DC35</key>
		<dict>
			<key>fileEncoding</key>
			<string>4</string>
			<key>isa</key>
			<string>PBXFileReference</string>
			<key>lastKnownFileType</key>
			<string>sourcecode.c.h</string>
			<key>path</key>
			<string>NSPersistentStoreCoordinator+MagicalRecord.h</string>
			<key>sourceTree</key>
			<string>&lt;group&gt;</string>
		</dict>
		<key>401297EE16F2251B00C0DC35</key>
		<dict>
			<key>fileEncoding</key>
			<string>4</string>
			<key>isa</key>
			<string>PBXFileReference</string>
			<key>lastKnownFileType</key>
			<string>sourcecode.c.objc</string>
			<key>path</key>
			<string>NSPersistentStoreCoordinator+MagicalRecord.m</string>
			<key>sourceTree</key>
			<string>&lt;group&gt;</string>
		</dict>
		<key>401297EF16F2251B00C0DC35</key>
		<dict>
			<key>children</key>
			<array>
				<string>401297F016F2251B00C0DC35</string>
				<string>401297F116F2251B00C0DC35</string>
				<string>401297F216F2251B00C0DC35</string>
				<string>401297F316F2251B00C0DC35</string>
				<string>401297F416F2251B00C0DC35</string>
				<string>401297F516F2251B00C0DC35</string>
				<string>401297F616F2251B00C0DC35</string>
				<string>401297F716F2251B00C0DC35</string>
				<string>401297F816F2251B00C0DC35</string>
				<string>401297F916F2251B00C0DC35</string>
				<string>401297FA16F2251B00C0DC35</string>
				<string>401297FB16F2251B00C0DC35</string>
				<string>401297FC16F2251B00C0DC35</string>
				<string>401297FD16F2251B00C0DC35</string>
				<string>401297FE16F2251B00C0DC35</string>
			</array>
			<key>isa</key>
			<string>PBXGroup</string>
			<key>path</key>
			<string>Core</string>
			<key>sourceTree</key>
			<string>&lt;group&gt;</string>
		</dict>
		<key>401297F016F2251B00C0DC35</key>
		<dict>
			<key>fileEncoding</key>
			<string>4</string>
			<key>isa</key>
			<string>PBXFileReference</string>
			<key>lastKnownFileType</key>
			<string>sourcecode.c.h</string>
			<key>path</key>
			<string>MagicalRecord+Actions.h</string>
			<key>sourceTree</key>
			<string>&lt;group&gt;</string>
		</dict>
		<key>401297F116F2251B00C0DC35</key>
		<dict>
			<key>fileEncoding</key>
			<string>4</string>
			<key>isa</key>
			<string>PBXFileReference</string>
			<key>lastKnownFileType</key>
			<string>sourcecode.c.objc</string>
			<key>path</key>
			<string>MagicalRecord+Actions.m</string>
			<key>sourceTree</key>
			<string>&lt;group&gt;</string>
		</dict>
		<key>401297F216F2251B00C0DC35</key>
		<dict>
			<key>fileEncoding</key>
			<string>4</string>
			<key>isa</key>
			<string>PBXFileReference</string>
			<key>lastKnownFileType</key>
			<string>sourcecode.c.h</string>
			<key>path</key>
			<string>MagicalRecord+ErrorHandling.h</string>
			<key>sourceTree</key>
			<string>&lt;group&gt;</string>
		</dict>
		<key>401297F316F2251B00C0DC35</key>
		<dict>
			<key>fileEncoding</key>
			<string>4</string>
			<key>isa</key>
			<string>PBXFileReference</string>
			<key>lastKnownFileType</key>
			<string>sourcecode.c.objc</string>
			<key>path</key>
			<string>MagicalRecord+ErrorHandling.m</string>
			<key>sourceTree</key>
			<string>&lt;group&gt;</string>
		</dict>
		<key>401297F416F2251B00C0DC35</key>
		<dict>
			<key>fileEncoding</key>
			<string>4</string>
			<key>isa</key>
			<string>PBXFileReference</string>
			<key>lastKnownFileType</key>
			<string>sourcecode.c.h</string>
			<key>path</key>
			<string>MagicalRecord+iCloud.h</string>
			<key>sourceTree</key>
			<string>&lt;group&gt;</string>
		</dict>
		<key>401297F516F2251B00C0DC35</key>
		<dict>
			<key>fileEncoding</key>
			<string>4</string>
			<key>isa</key>
			<string>PBXFileReference</string>
			<key>lastKnownFileType</key>
			<string>sourcecode.c.objc</string>
			<key>path</key>
			<string>MagicalRecord+iCloud.m</string>
			<key>sourceTree</key>
			<string>&lt;group&gt;</string>
		</dict>
		<key>401297F616F2251B00C0DC35</key>
		<dict>
			<key>fileEncoding</key>
			<string>4</string>
			<key>isa</key>
			<string>PBXFileReference</string>
			<key>lastKnownFileType</key>
			<string>sourcecode.c.h</string>
			<key>path</key>
			<string>MagicalRecord+Options.h</string>
			<key>sourceTree</key>
			<string>&lt;group&gt;</string>
		</dict>
		<key>401297F716F2251B00C0DC35</key>
		<dict>
			<key>fileEncoding</key>
			<string>4</string>
			<key>isa</key>
			<string>PBXFileReference</string>
			<key>lastKnownFileType</key>
			<string>sourcecode.c.objc</string>
			<key>path</key>
			<string>MagicalRecord+Options.m</string>
			<key>sourceTree</key>
			<string>&lt;group&gt;</string>
		</dict>
		<key>401297F816F2251B00C0DC35</key>
		<dict>
			<key>fileEncoding</key>
			<string>4</string>
			<key>isa</key>
			<string>PBXFileReference</string>
			<key>lastKnownFileType</key>
			<string>sourcecode.c.h</string>
			<key>path</key>
			<string>MagicalRecord+Setup.h</string>
			<key>sourceTree</key>
			<string>&lt;group&gt;</string>
		</dict>
		<key>401297F916F2251B00C0DC35</key>
		<dict>
			<key>fileEncoding</key>
			<string>4</string>
			<key>isa</key>
			<string>PBXFileReference</string>
			<key>lastKnownFileType</key>
			<string>sourcecode.c.objc</string>
			<key>path</key>
			<string>MagicalRecord+Setup.m</string>
			<key>sourceTree</key>
			<string>&lt;group&gt;</string>
		</dict>
		<key>401297FA16F2251B00C0DC35</key>
		<dict>
			<key>fileEncoding</key>
			<string>4</string>
			<key>isa</key>
			<string>PBXFileReference</string>
			<key>lastKnownFileType</key>
			<string>sourcecode.c.h</string>
			<key>path</key>
			<string>MagicalRecord+ShorthandSupport.h</string>
			<key>sourceTree</key>
			<string>&lt;group&gt;</string>
		</dict>
		<key>401297FB16F2251B00C0DC35</key>
		<dict>
			<key>fileEncoding</key>
			<string>4</string>
			<key>isa</key>
			<string>PBXFileReference</string>
			<key>lastKnownFileType</key>
			<string>sourcecode.c.objc</string>
			<key>path</key>
			<string>MagicalRecord+ShorthandSupport.m</string>
			<key>sourceTree</key>
			<string>&lt;group&gt;</string>
		</dict>
		<key>401297FC16F2251B00C0DC35</key>
		<dict>
			<key>fileEncoding</key>
			<string>4</string>
			<key>isa</key>
			<string>PBXFileReference</string>
			<key>lastKnownFileType</key>
			<string>sourcecode.c.h</string>
			<key>path</key>
			<string>MagicalRecord.h</string>
			<key>sourceTree</key>
			<string>&lt;group&gt;</string>
		</dict>
		<key>401297FD16F2251B00C0DC35</key>
		<dict>
			<key>fileEncoding</key>
			<string>4</string>
			<key>isa</key>
			<string>PBXFileReference</string>
			<key>lastKnownFileType</key>
			<string>sourcecode.c.objc</string>
			<key>path</key>
			<string>MagicalRecord.m</string>
			<key>sourceTree</key>
			<string>&lt;group&gt;</string>
		</dict>
		<key>401297FE16F2251B00C0DC35</key>
		<dict>
			<key>fileEncoding</key>
			<string>4</string>
			<key>isa</key>
			<string>PBXFileReference</string>
			<key>lastKnownFileType</key>
			<string>sourcecode.c.h</string>
			<key>path</key>
			<string>MagicalRecordShorthand.h</string>
			<key>sourceTree</key>
			<string>&lt;group&gt;</string>
		</dict>
		<key>401297FF16F2251B00C0DC35</key>
		<dict>
			<key>fileEncoding</key>
			<string>4</string>
			<key>isa</key>
			<string>PBXFileReference</string>
			<key>lastKnownFileType</key>
			<string>sourcecode.c.h</string>
			<key>path</key>
			<string>CoreData+MagicalRecord.h</string>
			<key>sourceTree</key>
			<string>&lt;group&gt;</string>
		</dict>
		<key>4012980016F2251B00C0DC35</key>
		<dict>
			<key>fileRef</key>
			<string>401297C816F2251B00C0DC35</string>
			<key>isa</key>
			<string>PBXBuildFile</string>
		</dict>
		<key>4012980116F2251B00C0DC35</key>
		<dict>
			<key>fileRef</key>
			<string>401297CA16F2251B00C0DC35</string>
			<key>isa</key>
			<string>PBXBuildFile</string>
		</dict>
		<key>4012980216F2251B00C0DC35</key>
		<dict>
			<key>fileRef</key>
			<string>401297CC16F2251B00C0DC35</string>
			<key>isa</key>
			<string>PBXBuildFile</string>
		</dict>
		<key>4012980316F2251B00C0DC35</key>
		<dict>
			<key>fileRef</key>
			<string>401297CE16F2251B00C0DC35</string>
			<key>isa</key>
			<string>PBXBuildFile</string>
		</dict>
		<key>4012980416F2251B00C0DC35</key>
		<dict>
			<key>fileRef</key>
			<string>401297D016F2251B00C0DC35</string>
			<key>isa</key>
			<string>PBXBuildFile</string>
		</dict>
		<key>4012980516F2251B00C0DC35</key>
		<dict>
			<key>fileRef</key>
			<string>401297D216F2251B00C0DC35</string>
			<key>isa</key>
			<string>PBXBuildFile</string>
		</dict>
		<key>4012980616F2251B00C0DC35</key>
		<dict>
			<key>fileRef</key>
			<string>401297D416F2251B00C0DC35</string>
			<key>isa</key>
			<string>PBXBuildFile</string>
		</dict>
		<key>4012980716F2251B00C0DC35</key>
		<dict>
			<key>fileRef</key>
			<string>401297D716F2251B00C0DC35</string>
			<key>isa</key>
			<string>PBXBuildFile</string>
		</dict>
		<key>4012980816F2251B00C0DC35</key>
		<dict>
			<key>fileRef</key>
			<string>401297D916F2251B00C0DC35</string>
			<key>isa</key>
			<string>PBXBuildFile</string>
		</dict>
		<key>4012980916F2251B00C0DC35</key>
		<dict>
			<key>fileRef</key>
			<string>401297DB16F2251B00C0DC35</string>
			<key>isa</key>
			<string>PBXBuildFile</string>
		</dict>
		<key>4012980A16F2251B00C0DC35</key>
		<dict>
			<key>fileRef</key>
			<string>401297DD16F2251B00C0DC35</string>
			<key>isa</key>
			<string>PBXBuildFile</string>
		</dict>
		<key>4012980B16F2251B00C0DC35</key>
		<dict>
			<key>fileRef</key>
			<string>401297DF16F2251B00C0DC35</string>
			<key>isa</key>
			<string>PBXBuildFile</string>
		</dict>
		<key>4012980C16F2251B00C0DC35</key>
		<dict>
			<key>fileRef</key>
			<string>401297E216F2251B00C0DC35</string>
			<key>isa</key>
			<string>PBXBuildFile</string>
		</dict>
		<key>4012980D16F2251B00C0DC35</key>
		<dict>
			<key>fileRef</key>
			<string>401297E416F2251B00C0DC35</string>
			<key>isa</key>
			<string>PBXBuildFile</string>
		</dict>
		<key>4012980E16F2251B00C0DC35</key>
		<dict>
			<key>fileRef</key>
			<string>401297E616F2251B00C0DC35</string>
			<key>isa</key>
			<string>PBXBuildFile</string>
		</dict>
		<key>4012980F16F2251B00C0DC35</key>
		<dict>
			<key>fileRef</key>
			<string>401297E816F2251B00C0DC35</string>
			<key>isa</key>
			<string>PBXBuildFile</string>
		</dict>
		<key>4012981016F2251B00C0DC35</key>
		<dict>
			<key>fileRef</key>
			<string>401297EA16F2251B00C0DC35</string>
			<key>isa</key>
			<string>PBXBuildFile</string>
		</dict>
		<key>4012981116F2251B00C0DC35</key>
		<dict>
			<key>fileRef</key>
			<string>401297EC16F2251B00C0DC35</string>
			<key>isa</key>
			<string>PBXBuildFile</string>
		</dict>
		<key>4012981216F2251B00C0DC35</key>
		<dict>
			<key>fileRef</key>
			<string>401297EE16F2251B00C0DC35</string>
			<key>isa</key>
			<string>PBXBuildFile</string>
		</dict>
		<key>4012981316F2251B00C0DC35</key>
		<dict>
			<key>fileRef</key>
			<string>401297F116F2251B00C0DC35</string>
			<key>isa</key>
			<string>PBXBuildFile</string>
		</dict>
		<key>4012981416F2251B00C0DC35</key>
		<dict>
			<key>fileRef</key>
			<string>401297F316F2251B00C0DC35</string>
			<key>isa</key>
			<string>PBXBuildFile</string>
		</dict>
		<key>4012981516F2251B00C0DC35</key>
		<dict>
			<key>fileRef</key>
			<string>401297F516F2251B00C0DC35</string>
			<key>isa</key>
			<string>PBXBuildFile</string>
		</dict>
		<key>4012981616F2251B00C0DC35</key>
		<dict>
			<key>fileRef</key>
			<string>401297F716F2251B00C0DC35</string>
			<key>isa</key>
			<string>PBXBuildFile</string>
		</dict>
		<key>4012981716F2251B00C0DC35</key>
		<dict>
			<key>fileRef</key>
			<string>401297F916F2251B00C0DC35</string>
			<key>isa</key>
			<string>PBXBuildFile</string>
		</dict>
		<key>4012981816F2251B00C0DC35</key>
		<dict>
			<key>fileRef</key>
			<string>401297FB16F2251B00C0DC35</string>
			<key>isa</key>
			<string>PBXBuildFile</string>
		</dict>
		<key>4012981916F2251B00C0DC35</key>
		<dict>
			<key>fileRef</key>
			<string>401297FD16F2251B00C0DC35</string>
			<key>isa</key>
			<string>PBXBuildFile</string>
		</dict>
		<key>4012981A16F2277D00C0DC35</key>
		<dict>
			<key>fileEncoding</key>
			<string>4</string>
			<key>isa</key>
			<string>PBXFileReference</string>
			<key>lastKnownFileType</key>
			<string>sourcecode.c.h</string>
			<key>path</key>
			<string>ATCoreDataTest.h</string>
			<key>sourceTree</key>
			<string>&lt;group&gt;</string>
		</dict>
		<key>4012981B16F2277D00C0DC35</key>
		<dict>
			<key>fileEncoding</key>
			<string>4</string>
			<key>isa</key>
			<string>PBXFileReference</string>
			<key>lastKnownFileType</key>
			<string>sourcecode.c.objc</string>
			<key>path</key>
			<string>ATCoreDataTest.m</string>
			<key>sourceTree</key>
			<string>&lt;group&gt;</string>
		</dict>
		<key>4012981C16F2277D00C0DC35</key>
		<dict>
			<key>fileRef</key>
			<string>4012981B16F2277D00C0DC35</string>
			<key>isa</key>
			<string>PBXBuildFile</string>
		</dict>
		<key>4012981D16F22F9600C0DC35</key>
		<dict>
			<key>fileEncoding</key>
			<string>4</string>
			<key>isa</key>
			<string>PBXFileReference</string>
			<key>lastKnownFileType</key>
			<string>sourcecode.c.h</string>
			<key>path</key>
			<string>_ATEvent.h</string>
			<key>sourceTree</key>
			<string>&lt;group&gt;</string>
		</dict>
		<key>4012981E16F22F9600C0DC35</key>
		<dict>
			<key>fileEncoding</key>
			<string>4</string>
			<key>isa</key>
			<string>PBXFileReference</string>
			<key>lastKnownFileType</key>
			<string>sourcecode.c.objc</string>
			<key>path</key>
			<string>_ATEvent.m</string>
			<key>sourceTree</key>
			<string>&lt;group&gt;</string>
		</dict>
		<key>4012981F16F22F9600C0DC35</key>
		<dict>
			<key>fileEncoding</key>
			<string>4</string>
			<key>isa</key>
			<string>PBXFileReference</string>
			<key>lastKnownFileType</key>
			<string>sourcecode.c.h</string>
			<key>path</key>
			<string>_ATRecurrence.h</string>
			<key>sourceTree</key>
			<string>&lt;group&gt;</string>
		</dict>
		<key>4012982016F22F9600C0DC35</key>
		<dict>
			<key>fileEncoding</key>
			<string>4</string>
			<key>isa</key>
			<string>PBXFileReference</string>
			<key>lastKnownFileType</key>
			<string>sourcecode.c.objc</string>
			<key>path</key>
			<string>_ATRecurrence.m</string>
			<key>sourceTree</key>
			<string>&lt;group&gt;</string>
		</dict>
		<key>4012982116F22F9600C0DC35</key>
		<dict>
			<key>fileEncoding</key>
			<string>4</string>
			<key>isa</key>
			<string>PBXFileReference</string>
			<key>lastKnownFileType</key>
			<string>sourcecode.c.h</string>
			<key>path</key>
			<string>ATEvent.h</string>
			<key>sourceTree</key>
			<string>&lt;group&gt;</string>
		</dict>
		<key>4012982216F22F9600C0DC35</key>
		<dict>
			<key>fileEncoding</key>
			<string>4</string>
			<key>isa</key>
			<string>PBXFileReference</string>
			<key>lastKnownFileType</key>
			<string>sourcecode.c.objc</string>
			<key>path</key>
			<string>ATEvent.m</string>
			<key>sourceTree</key>
			<string>&lt;group&gt;</string>
		</dict>
		<key>4012982316F22F9600C0DC35</key>
		<dict>
			<key>fileEncoding</key>
			<string>4</string>
			<key>isa</key>
			<string>PBXFileReference</string>
			<key>lastKnownFileType</key>
			<string>sourcecode.c.h</string>
			<key>path</key>
			<string>ATRecurrence.h</string>
			<key>sourceTree</key>
			<string>&lt;group&gt;</string>
		</dict>
		<key>4012982416F22F9600C0DC35</key>
		<dict>
			<key>fileEncoding</key>
			<string>4</string>
			<key>isa</key>
			<string>PBXFileReference</string>
			<key>lastKnownFileType</key>
			<string>sourcecode.c.objc</string>
			<key>path</key>
			<string>ATRecurrence.m</string>
			<key>sourceTree</key>
			<string>&lt;group&gt;</string>
		</dict>
		<key>4012982516F22F9600C0DC35</key>
		<dict>
			<key>fileRef</key>
			<string>4012981E16F22F9600C0DC35</string>
			<key>isa</key>
			<string>PBXBuildFile</string>
		</dict>
		<key>4012982616F22F9600C0DC35</key>
		<dict>
			<key>fileRef</key>
			<string>4012982016F22F9600C0DC35</string>
			<key>isa</key>
			<string>PBXBuildFile</string>
		</dict>
		<key>4012982716F22F9600C0DC35</key>
		<dict>
			<key>fileRef</key>
			<string>4012982216F22F9600C0DC35</string>
			<key>isa</key>
			<string>PBXBuildFile</string>
		</dict>
		<key>4012982816F22F9600C0DC35</key>
		<dict>
			<key>fileRef</key>
			<string>4012982416F22F9600C0DC35</string>
			<key>isa</key>
			<string>PBXBuildFile</string>
		</dict>
		<key>4012982916F2312E00C0DC35</key>
		<dict>
			<key>isa</key>
			<string>PBXFileReference</string>
			<key>lastKnownFileType</key>
			<string>file</string>
			<key>path</key>
			<string>ATCalendar_daycache.xcdatamodel</string>
			<key>sourceTree</key>
			<string>&lt;group&gt;</string>
		</dict>
		<key>405EC2B916F219B400F590DD</key>
		<dict>
			<key>children</key>
			<array>
				<string>401297C316F224DC00C0DC35</string>
				<string>405EC30916F21B0500F590DD</string>
				<string>405EC2CD16F219B400F590DD</string>
				<string>405EC2F816F219B400F590DD</string>
				<string>405EC2C416F219B400F590DD</string>
				<string>405EC2C316F219B400F590DD</string>
				<string>8AFFA37E5D9B470888607BEB</string>
			</array>
			<key>isa</key>
			<string>PBXGroup</string>
			<key>sourceTree</key>
			<string>&lt;group&gt;</string>
		</dict>
		<key>405EC2BA16F219B400F590DD</key>
		<dict>
			<key>attributes</key>
			<dict>
				<key>CLASSPREFIX</key>
				<string>AT</string>
				<key>LastUpgradeCheck</key>
				<string>0460</string>
				<key>ORGANIZATIONNAME</key>
				<string>Adrian Tofan</string>
			</dict>
			<key>buildConfigurationList</key>
			<string>405EC2BD16F219B400F590DD</string>
			<key>compatibilityVersion</key>
			<string>Xcode 3.2</string>
			<key>developmentRegion</key>
			<string>English</string>
			<key>hasScannedForEncodings</key>
			<string>0</string>
			<key>isa</key>
			<string>PBXProject</string>
			<key>knownRegions</key>
			<array>
				<string>en</string>
			</array>
			<key>mainGroup</key>
			<string>405EC2B916F219B400F590DD</string>
			<key>productRefGroup</key>
			<string>405EC2C316F219B400F590DD</string>
			<key>projectDirPath</key>
			<string></string>
			<key>projectReferences</key>
			<array/>
			<key>projectRoot</key>
			<string></string>
			<key>targets</key>
			<array>
				<string>405EC2C116F219B400F590DD</string>
				<string>405EC2EF16F219B400F590DD</string>
				<string>401297BD16F21CA100C0DC35</string>
			</array>
		</dict>
		<key>405EC2BD16F219B400F590DD</key>
		<dict>
			<key>buildConfigurations</key>
			<array>
				<string>405EC30116F219B400F590DD</string>
				<string>405EC30216F219B400F590DD</string>
			</array>
			<key>defaultConfigurationIsVisible</key>
			<string>0</string>
			<key>defaultConfigurationName</key>
			<string>Release</string>
			<key>isa</key>
			<string>XCConfigurationList</string>
		</dict>
		<key>405EC2BE16F219B400F590DD</key>
		<dict>
			<key>buildActionMask</key>
			<string>2147483647</string>
			<key>files</key>
			<array>
				<string>405EC2D416F219B400F590DD</string>
				<string>405EC2D816F219B400F590DD</string>
				<string>405EC2E716F219B400F590DD</string>
				<string>405EC2EA16F219B400F590DD</string>
				<string>401297BB16F21C2D00C0DC35</string>
				<string>4012980016F2251B00C0DC35</string>
				<string>4012980116F2251B00C0DC35</string>
				<string>4012980216F2251B00C0DC35</string>
				<string>4012980316F2251B00C0DC35</string>
				<string>4012980416F2251B00C0DC35</string>
				<string>4012980516F2251B00C0DC35</string>
				<string>4012980616F2251B00C0DC35</string>
				<string>4012980716F2251B00C0DC35</string>
				<string>4012980816F2251B00C0DC35</string>
				<string>4012980916F2251B00C0DC35</string>
				<string>4012980A16F2251B00C0DC35</string>
				<string>4012980B16F2251B00C0DC35</string>
				<string>4012980C16F2251B00C0DC35</string>
				<string>4012980D16F2251B00C0DC35</string>
				<string>4012980E16F2251B00C0DC35</string>
				<string>4012980F16F2251B00C0DC35</string>
				<string>4012981016F2251B00C0DC35</string>
				<string>4012981116F2251B00C0DC35</string>
				<string>4012981216F2251B00C0DC35</string>
				<string>4012981316F2251B00C0DC35</string>
				<string>4012981416F2251B00C0DC35</string>
				<string>4012981516F2251B00C0DC35</string>
				<string>4012981616F2251B00C0DC35</string>
				<string>4012981716F2251B00C0DC35</string>
				<string>4012981816F2251B00C0DC35</string>
				<string>4012981916F2251B00C0DC35</string>
				<string>4012982516F22F9600C0DC35</string>
				<string>4012982616F22F9600C0DC35</string>
				<string>4012982716F22F9600C0DC35</string>
				<string>4012982816F22F9600C0DC35</string>
			</array>
			<key>isa</key>
			<string>PBXSourcesBuildPhase</string>
			<key>runOnlyForDeploymentPostprocessing</key>
			<string>0</string>
		</dict>
		<key>405EC2BF16F219B400F590DD</key>
		<dict>
			<key>buildActionMask</key>
			<string>2147483647</string>
			<key>files</key>
			<array>
				<string>405EC2C616F219B400F590DD</string>
				<string>405EC2C816F219B400F590DD</string>
				<string>405EC2CA16F219B400F590DD</string>
				<string>405EC2CC16F219B400F590DD</string>
				<string>628016158C39494FB1B9D4B1</string>
			</array>
			<key>isa</key>
			<string>PBXFrameworksBuildPhase</string>
			<key>runOnlyForDeploymentPostprocessing</key>
			<string>0</string>
		</dict>
		<key>405EC2C016F219B400F590DD</key>
		<dict>
			<key>buildActionMask</key>
			<string>2147483647</string>
			<key>files</key>
			<array>
				<string>405EC2D216F219B400F590DD</string>
				<string>405EC2DA16F219B400F590DD</string>
				<string>405EC2DC16F219B400F590DD</string>
				<string>405EC2DE16F219B400F590DD</string>
				<string>405EC2E116F219B400F590DD</string>
			</array>
			<key>isa</key>
			<string>PBXResourcesBuildPhase</string>
			<key>runOnlyForDeploymentPostprocessing</key>
			<string>0</string>
		</dict>
		<key>405EC2C116F219B400F590DD</key>
		<dict>
			<key>buildConfigurationList</key>
			<string>405EC30316F219B400F590DD</string>
			<key>buildPhases</key>
			<array>
				<string>405EC2BE16F219B400F590DD</string>
				<string>405EC2BF16F219B400F590DD</string>
				<string>405EC2C016F219B400F590DD</string>
				<string>3CB40BE3C84C48B99A69EB11</string>
			</array>
			<key>buildRules</key>
			<array/>
			<key>dependencies</key>
			<array/>
			<key>isa</key>
			<string>PBXNativeTarget</string>
			<key>name</key>
			<string>ATCalendarDemo</string>
			<key>productName</key>
			<string>ATCalendarDemo</string>
			<key>productReference</key>
			<string>405EC2C216F219B400F590DD</string>
			<key>productType</key>
			<string>com.apple.product-type.application</string>
		</dict>
		<key>405EC2C216F219B400F590DD</key>
		<dict>
			<key>explicitFileType</key>
			<string>wrapper.application</string>
			<key>includeInIndex</key>
			<string>0</string>
			<key>isa</key>
			<string>PBXFileReference</string>
			<key>path</key>
			<string>ATCalendarDemo.app</string>
			<key>sourceTree</key>
			<string>BUILT_PRODUCTS_DIR</string>
		</dict>
		<key>405EC2C316F219B400F590DD</key>
		<dict>
			<key>children</key>
			<array>
				<string>405EC2C216F219B400F590DD</string>
				<string>405EC2F016F219B400F590DD</string>
			</array>
			<key>isa</key>
			<string>PBXGroup</string>
			<key>name</key>
			<string>Products</string>
			<key>sourceTree</key>
			<string>&lt;group&gt;</string>
		</dict>
		<key>405EC2C416F219B400F590DD</key>
		<dict>
			<key>children</key>
			<array>
				<string>405EC2C516F219B400F590DD</string>
				<string>405EC2C716F219B400F590DD</string>
				<string>405EC2C916F219B400F590DD</string>
				<string>405EC2CB16F219B400F590DD</string>
				<string>405EC2F116F219B400F590DD</string>
				<string>841B0704C9154AE4852A0DEE</string>
			</array>
			<key>isa</key>
			<string>PBXGroup</string>
			<key>name</key>
			<string>Frameworks</string>
			<key>sourceTree</key>
			<string>&lt;group&gt;</string>
		</dict>
		<key>405EC2C516F219B400F590DD</key>
		<dict>
			<key>isa</key>
			<string>PBXFileReference</string>
			<key>lastKnownFileType</key>
			<string>wrapper.framework</string>
			<key>name</key>
			<string>UIKit.framework</string>
			<key>path</key>
			<string>System/Library/Frameworks/UIKit.framework</string>
			<key>sourceTree</key>
			<string>SDKROOT</string>
		</dict>
		<key>405EC2C616F219B400F590DD</key>
		<dict>
			<key>fileRef</key>
			<string>405EC2C516F219B400F590DD</string>
			<key>isa</key>
			<string>PBXBuildFile</string>
		</dict>
		<key>405EC2C716F219B400F590DD</key>
		<dict>
			<key>isa</key>
			<string>PBXFileReference</string>
			<key>lastKnownFileType</key>
			<string>wrapper.framework</string>
			<key>name</key>
			<string>Foundation.framework</string>
			<key>path</key>
			<string>System/Library/Frameworks/Foundation.framework</string>
			<key>sourceTree</key>
			<string>SDKROOT</string>
		</dict>
		<key>405EC2C816F219B400F590DD</key>
		<dict>
			<key>fileRef</key>
			<string>405EC2C716F219B400F590DD</string>
			<key>isa</key>
			<string>PBXBuildFile</string>
		</dict>
		<key>405EC2C916F219B400F590DD</key>
		<dict>
			<key>isa</key>
			<string>PBXFileReference</string>
			<key>lastKnownFileType</key>
			<string>wrapper.framework</string>
			<key>name</key>
			<string>CoreGraphics.framework</string>
			<key>path</key>
			<string>System/Library/Frameworks/CoreGraphics.framework</string>
			<key>sourceTree</key>
			<string>SDKROOT</string>
		</dict>
		<key>405EC2CA16F219B400F590DD</key>
		<dict>
			<key>fileRef</key>
			<string>405EC2C916F219B400F590DD</string>
			<key>isa</key>
			<string>PBXBuildFile</string>
		</dict>
		<key>405EC2CB16F219B400F590DD</key>
		<dict>
			<key>isa</key>
			<string>PBXFileReference</string>
			<key>lastKnownFileType</key>
			<string>wrapper.framework</string>
			<key>name</key>
			<string>CoreData.framework</string>
			<key>path</key>
			<string>System/Library/Frameworks/CoreData.framework</string>
			<key>sourceTree</key>
			<string>SDKROOT</string>
		</dict>
		<key>405EC2CC16F219B400F590DD</key>
		<dict>
			<key>fileRef</key>
			<string>405EC2CB16F219B400F590DD</string>
			<key>isa</key>
			<string>PBXBuildFile</string>
		</dict>
		<key>405EC2CD16F219B400F590DD</key>
		<dict>
			<key>children</key>
			<array>
				<string>405EC2D616F219B400F590DD</string>
				<string>405EC2D716F219B400F590DD</string>
				<string>405EC2DF16F219B400F590DD</string>
				<string>405EC2E516F219B400F590DD</string>
				<string>405EC2E616F219B400F590DD</string>
				<string>405EC2E816F219B400F590DD</string>
				<string>405EC2E916F219B400F590DD</string>
				<string>405EC2CE16F219B400F590DD</string>
			</array>
			<key>isa</key>
			<string>PBXGroup</string>
			<key>path</key>
			<string>ATCalendarDemo</string>
			<key>sourceTree</key>
			<string>&lt;group&gt;</string>
		</dict>
		<key>405EC2CE16F219B400F590DD</key>
		<dict>
			<key>children</key>
			<array>
				<string>405EC2CF16F219B400F590DD</string>
				<string>405EC2D016F219B400F590DD</string>
				<string>405EC2D316F219B400F590DD</string>
				<string>405EC2D516F219B400F590DD</string>
				<string>405EC2D916F219B400F590DD</string>
				<string>405EC2DB16F219B400F590DD</string>
				<string>405EC2DD16F219B400F590DD</string>
			</array>
			<key>isa</key>
			<string>PBXGroup</string>
			<key>name</key>
			<string>Supporting Files</string>
			<key>sourceTree</key>
			<string>&lt;group&gt;</string>
		</dict>
		<key>405EC2CF16F219B400F590DD</key>
		<dict>
			<key>isa</key>
			<string>PBXFileReference</string>
			<key>lastKnownFileType</key>
			<string>text.plist.xml</string>
			<key>path</key>
			<string>ATCalendarDemo-Info.plist</string>
			<key>sourceTree</key>
			<string>&lt;group&gt;</string>
		</dict>
		<key>405EC2D016F219B400F590DD</key>
		<dict>
			<key>children</key>
			<array>
				<string>405EC2D116F219B400F590DD</string>
			</array>
			<key>isa</key>
			<string>PBXVariantGroup</string>
			<key>name</key>
			<string>InfoPlist.strings</string>
			<key>sourceTree</key>
			<string>&lt;group&gt;</string>
		</dict>
		<key>405EC2D116F219B400F590DD</key>
		<dict>
			<key>isa</key>
			<string>PBXFileReference</string>
			<key>lastKnownFileType</key>
			<string>text.plist.strings</string>
			<key>name</key>
			<string>en</string>
			<key>path</key>
			<string>en.lproj/InfoPlist.strings</string>
			<key>sourceTree</key>
			<string>&lt;group&gt;</string>
		</dict>
		<key>405EC2D216F219B400F590DD</key>
		<dict>
			<key>fileRef</key>
			<string>405EC2D016F219B400F590DD</string>
			<key>isa</key>
			<string>PBXBuildFile</string>
		</dict>
		<key>405EC2D316F219B400F590DD</key>
		<dict>
			<key>isa</key>
			<string>PBXFileReference</string>
			<key>lastKnownFileType</key>
			<string>sourcecode.c.objc</string>
			<key>path</key>
			<string>main.m</string>
			<key>sourceTree</key>
			<string>&lt;group&gt;</string>
		</dict>
		<key>405EC2D416F219B400F590DD</key>
		<dict>
			<key>fileRef</key>
			<string>405EC2D316F219B400F590DD</string>
			<key>isa</key>
			<string>PBXBuildFile</string>
		</dict>
		<key>405EC2D516F219B400F590DD</key>
		<dict>
			<key>isa</key>
			<string>PBXFileReference</string>
			<key>lastKnownFileType</key>
			<string>sourcecode.c.h</string>
			<key>path</key>
			<string>ATCalendar-Prefix.pch</string>
			<key>sourceTree</key>
			<string>&lt;group&gt;</string>
		</dict>
		<key>405EC2D616F219B400F590DD</key>
		<dict>
			<key>isa</key>
			<string>PBXFileReference</string>
			<key>lastKnownFileType</key>
			<string>sourcecode.c.h</string>
			<key>path</key>
			<string>ATAppDelegate.h</string>
			<key>sourceTree</key>
			<string>&lt;group&gt;</string>
		</dict>
		<key>405EC2D716F219B400F590DD</key>
		<dict>
			<key>isa</key>
			<string>PBXFileReference</string>
			<key>lastKnownFileType</key>
			<string>sourcecode.c.objc</string>
			<key>path</key>
			<string>ATAppDelegate.m</string>
			<key>sourceTree</key>
			<string>&lt;group&gt;</string>
		</dict>
		<key>405EC2D816F219B400F590DD</key>
		<dict>
			<key>fileRef</key>
			<string>405EC2D716F219B400F590DD</string>
			<key>isa</key>
			<string>PBXBuildFile</string>
		</dict>
		<key>405EC2D916F219B400F590DD</key>
		<dict>
			<key>isa</key>
			<string>PBXFileReference</string>
			<key>lastKnownFileType</key>
			<string>image.png</string>
			<key>path</key>
			<string>Default.png</string>
			<key>sourceTree</key>
			<string>&lt;group&gt;</string>
		</dict>
		<key>405EC2DA16F219B400F590DD</key>
		<dict>
			<key>fileRef</key>
			<string>405EC2D916F219B400F590DD</string>
			<key>isa</key>
			<string>PBXBuildFile</string>
		</dict>
		<key>405EC2DB16F219B400F590DD</key>
		<dict>
			<key>isa</key>
			<string>PBXFileReference</string>
			<key>lastKnownFileType</key>
			<string>image.png</string>
			<key>path</key>
			<string>Default@2x.png</string>
			<key>sourceTree</key>
			<string>&lt;group&gt;</string>
		</dict>
		<key>405EC2DC16F219B400F590DD</key>
		<dict>
			<key>fileRef</key>
			<string>405EC2DB16F219B400F590DD</string>
			<key>isa</key>
			<string>PBXBuildFile</string>
		</dict>
		<key>405EC2DD16F219B400F590DD</key>
		<dict>
			<key>isa</key>
			<string>PBXFileReference</string>
			<key>lastKnownFileType</key>
			<string>image.png</string>
			<key>path</key>
			<string>Default-568h@2x.png</string>
			<key>sourceTree</key>
			<string>&lt;group&gt;</string>
		</dict>
		<key>405EC2DE16F219B400F590DD</key>
		<dict>
			<key>fileRef</key>
			<string>405EC2DD16F219B400F590DD</string>
			<key>isa</key>
			<string>PBXBuildFile</string>
		</dict>
		<key>405EC2DF16F219B400F590DD</key>
		<dict>
			<key>children</key>
			<array>
				<string>405EC2E016F219B400F590DD</string>
			</array>
			<key>isa</key>
			<string>PBXVariantGroup</string>
			<key>name</key>
			<string>MainStoryboard.storyboard</string>
			<key>sourceTree</key>
			<string>&lt;group&gt;</string>
		</dict>
		<key>405EC2E016F219B400F590DD</key>
		<dict>
			<key>isa</key>
			<string>PBXFileReference</string>
			<key>lastKnownFileType</key>
			<string>file.storyboard</string>
			<key>name</key>
			<string>en</string>
			<key>path</key>
			<string>en.lproj/MainStoryboard.storyboard</string>
			<key>sourceTree</key>
			<string>&lt;group&gt;</string>
		</dict>
		<key>405EC2E116F219B400F590DD</key>
		<dict>
			<key>fileRef</key>
			<string>405EC2DF16F219B400F590DD</string>
			<key>isa</key>
			<string>PBXBuildFile</string>
		</dict>
		<key>405EC2E516F219B400F590DD</key>
		<dict>
			<key>isa</key>
			<string>PBXFileReference</string>
			<key>lastKnownFileType</key>
			<string>sourcecode.c.h</string>
			<key>path</key>
			<string>ATMasterViewController.h</string>
			<key>sourceTree</key>
			<string>&lt;group&gt;</string>
		</dict>
		<key>405EC2E616F219B400F590DD</key>
		<dict>
			<key>isa</key>
			<string>PBXFileReference</string>
			<key>lastKnownFileType</key>
			<string>sourcecode.c.objc</string>
			<key>path</key>
			<string>ATMasterViewController.m</string>
			<key>sourceTree</key>
			<string>&lt;group&gt;</string>
		</dict>
		<key>405EC2E716F219B400F590DD</key>
		<dict>
			<key>fileRef</key>
			<string>405EC2E616F219B400F590DD</string>
			<key>isa</key>
			<string>PBXBuildFile</string>
		</dict>
		<key>405EC2E816F219B400F590DD</key>
		<dict>
			<key>isa</key>
			<string>PBXFileReference</string>
			<key>lastKnownFileType</key>
			<string>sourcecode.c.h</string>
			<key>path</key>
			<string>ATDetailViewController.h</string>
			<key>sourceTree</key>
			<string>&lt;group&gt;</string>
		</dict>
		<key>405EC2E916F219B400F590DD</key>
		<dict>
			<key>isa</key>
			<string>PBXFileReference</string>
			<key>lastKnownFileType</key>
			<string>sourcecode.c.objc</string>
			<key>path</key>
			<string>ATDetailViewController.m</string>
			<key>sourceTree</key>
			<string>&lt;group&gt;</string>
		</dict>
		<key>405EC2EA16F219B400F590DD</key>
		<dict>
			<key>fileRef</key>
			<string>405EC2E916F219B400F590DD</string>
			<key>isa</key>
			<string>PBXBuildFile</string>
		</dict>
		<key>405EC2EB16F219B400F590DD</key>
		<dict>
			<key>buildActionMask</key>
			<string>2147483647</string>
			<key>files</key>
			<array>
				<string>401297BC16F21C2D00C0DC35</string>
				<string>4012981C16F2277D00C0DC35</string>
			</array>
			<key>isa</key>
			<string>PBXSourcesBuildPhase</string>
			<key>runOnlyForDeploymentPostprocessing</key>
			<string>0</string>
		</dict>
		<key>405EC2EC16F219B400F590DD</key>
		<dict>
			<key>buildActionMask</key>
			<string>2147483647</string>
			<key>files</key>
			<array>
				<string>405EC2F216F219B400F590DD</string>
				<string>405EC2F316F219B400F590DD</string>
				<string>405EC2F416F219B400F590DD</string>
				<string>405EC2F516F219B400F590DD</string>
			</array>
			<key>isa</key>
			<string>PBXFrameworksBuildPhase</string>
			<key>runOnlyForDeploymentPostprocessing</key>
			<string>0</string>
		</dict>
		<key>405EC2ED16F219B400F590DD</key>
		<dict>
			<key>buildActionMask</key>
			<string>2147483647</string>
			<key>files</key>
			<array>
				<string>405EC2FD16F219B400F590DD</string>
			</array>
			<key>isa</key>
			<string>PBXResourcesBuildPhase</string>
			<key>runOnlyForDeploymentPostprocessing</key>
			<string>0</string>
		</dict>
		<key>405EC2EE16F219B400F590DD</key>
		<dict>
			<key>buildActionMask</key>
			<string>2147483647</string>
			<key>files</key>
			<array/>
			<key>inputPaths</key>
			<array/>
			<key>isa</key>
			<string>PBXShellScriptBuildPhase</string>
			<key>outputPaths</key>
			<array/>
			<key>runOnlyForDeploymentPostprocessing</key>
			<string>0</string>
			<key>shellPath</key>
			<string>/bin/sh</string>
			<key>shellScript</key>
			<string># Run the unit tests in this test bundle.
"${SYSTEM_DEVELOPER_DIR}/Tools/RunUnitTests"
</string>
		</dict>
		<key>405EC2EF16F219B400F590DD</key>
		<dict>
			<key>buildConfigurationList</key>
			<string>405EC30616F219B400F590DD</string>
			<key>buildPhases</key>
			<array>
				<string>405EC2EB16F219B400F590DD</string>
				<string>405EC2EC16F219B400F590DD</string>
				<string>405EC2ED16F219B400F590DD</string>
				<string>405EC2EE16F219B400F590DD</string>
			</array>
			<key>buildRules</key>
			<array/>
			<key>dependencies</key>
			<array>
				<string>405EC2F716F219B400F590DD</string>
			</array>
			<key>isa</key>
			<string>PBXNativeTarget</string>
			<key>name</key>
			<string>ATCalendarTests</string>
			<key>productName</key>
			<string>ATCalendarDemoTests</string>
			<key>productReference</key>
			<string>405EC2F016F219B400F590DD</string>
			<key>productType</key>
			<string>com.apple.product-type.bundle</string>
		</dict>
		<key>405EC2F016F219B400F590DD</key>
		<dict>
			<key>explicitFileType</key>
			<string>wrapper.cfbundle</string>
			<key>includeInIndex</key>
			<string>0</string>
			<key>isa</key>
			<string>PBXFileReference</string>
			<key>path</key>
			<string>ATCalendarTests.octest</string>
			<key>sourceTree</key>
			<string>BUILT_PRODUCTS_DIR</string>
		</dict>
		<key>405EC2F116F219B400F590DD</key>
		<dict>
			<key>isa</key>
			<string>PBXFileReference</string>
			<key>lastKnownFileType</key>
			<string>wrapper.framework</string>
			<key>name</key>
			<string>SenTestingKit.framework</string>
			<key>path</key>
			<string>Library/Frameworks/SenTestingKit.framework</string>
			<key>sourceTree</key>
			<string>DEVELOPER_DIR</string>
		</dict>
		<key>405EC2F216F219B400F590DD</key>
		<dict>
			<key>fileRef</key>
			<string>405EC2F116F219B400F590DD</string>
			<key>isa</key>
			<string>PBXBuildFile</string>
		</dict>
		<key>405EC2F316F219B400F590DD</key>
		<dict>
			<key>fileRef</key>
			<string>405EC2C516F219B400F590DD</string>
			<key>isa</key>
			<string>PBXBuildFile</string>
		</dict>
		<key>405EC2F416F219B400F590DD</key>
		<dict>
			<key>fileRef</key>
			<string>405EC2C716F219B400F590DD</string>
			<key>isa</key>
			<string>PBXBuildFile</string>
		</dict>
		<key>405EC2F516F219B400F590DD</key>
		<dict>
			<key>fileRef</key>
			<string>405EC2CB16F219B400F590DD</string>
			<key>isa</key>
			<string>PBXBuildFile</string>
		</dict>
		<key>405EC2F616F219B400F590DD</key>
		<dict>
			<key>containerPortal</key>
			<string>405EC2BA16F219B400F590DD</string>
			<key>isa</key>
			<string>PBXContainerItemProxy</string>
			<key>proxyType</key>
			<string>1</string>
			<key>remoteGlobalIDString</key>
			<string>405EC2C116F219B400F590DD</string>
			<key>remoteInfo</key>
			<string>ATCalendarDemo</string>
		</dict>
		<key>405EC2F716F219B400F590DD</key>
		<dict>
			<key>isa</key>
			<string>PBXTargetDependency</string>
			<key>target</key>
			<string>405EC2C116F219B400F590DD</string>
			<key>targetProxy</key>
			<string>405EC2F616F219B400F590DD</string>
		</dict>
		<key>405EC2F816F219B400F590DD</key>
		<dict>
			<key>children</key>
			<array>
				<string>405EC2F916F219B400F590DD</string>
				<string>4012981A16F2277D00C0DC35</string>
				<string>4012981B16F2277D00C0DC35</string>
			</array>
			<key>isa</key>
			<string>PBXGroup</string>
			<key>path</key>
			<string>ATCalendarDemoTests</string>
			<key>sourceTree</key>
			<string>&lt;group&gt;</string>
		</dict>
		<key>405EC2F916F219B400F590DD</key>
		<dict>
			<key>children</key>
			<array>
				<string>405EC2FA16F219B400F590DD</string>
				<string>405EC2FB16F219B400F590DD</string>
			</array>
			<key>isa</key>
			<string>PBXGroup</string>
			<key>name</key>
			<string>Supporting Files</string>
			<key>sourceTree</key>
			<string>&lt;group&gt;</string>
		</dict>
		<key>405EC2FA16F219B400F590DD</key>
		<dict>
			<key>isa</key>
			<string>PBXFileReference</string>
			<key>lastKnownFileType</key>
			<string>text.plist.xml</string>
			<key>path</key>
			<string>ATCalendarTests-Info.plist</string>
			<key>sourceTree</key>
			<string>&lt;group&gt;</string>
		</dict>
		<key>405EC2FB16F219B400F590DD</key>
		<dict>
			<key>children</key>
			<array>
				<string>405EC2FC16F219B400F590DD</string>
			</array>
			<key>isa</key>
			<string>PBXVariantGroup</string>
			<key>name</key>
			<string>InfoPlist.strings</string>
			<key>sourceTree</key>
			<string>&lt;group&gt;</string>
		</dict>
		<key>405EC2FC16F219B400F590DD</key>
		<dict>
			<key>isa</key>
			<string>PBXFileReference</string>
			<key>lastKnownFileType</key>
			<string>text.plist.strings</string>
			<key>name</key>
			<string>en</string>
			<key>path</key>
			<string>en.lproj/InfoPlist.strings</string>
			<key>sourceTree</key>
			<string>&lt;group&gt;</string>
		</dict>
		<key>405EC2FD16F219B400F590DD</key>
		<dict>
			<key>fileRef</key>
			<string>405EC2FB16F219B400F590DD</string>
			<key>isa</key>
			<string>PBXBuildFile</string>
		</dict>
		<key>405EC30116F219B400F590DD</key>
		<dict>
			<key>buildSettings</key>
			<dict>
				<key>ALWAYS_SEARCH_USER_PATHS</key>
				<string>NO</string>
				<key>CLANG_CXX_LANGUAGE_STANDARD</key>
				<string>gnu++0x</string>
				<key>CLANG_CXX_LIBRARY</key>
				<string>libc++</string>
				<key>CLANG_ENABLE_OBJC_ARC</key>
				<string>YES</string>
				<key>CLANG_WARN_CONSTANT_CONVERSION</key>
				<string>YES</string>
				<key>CLANG_WARN_EMPTY_BODY</key>
				<string>YES</string>
				<key>CLANG_WARN_ENUM_CONVERSION</key>
				<string>YES</string>
				<key>CLANG_WARN_INT_CONVERSION</key>
				<string>YES</string>
				<key>CLANG_WARN__DUPLICATE_METHOD_MATCH</key>
				<string>YES</string>
				<key>CODE_SIGN_IDENTITY[sdk=iphoneos*]</key>
				<string>iPhone Developer</string>
				<key>COPY_PHASE_STRIP</key>
				<string>NO</string>
				<key>GCC_C_LANGUAGE_STANDARD</key>
				<string>gnu99</string>
				<key>GCC_DYNAMIC_NO_PIC</key>
				<string>NO</string>
				<key>GCC_OPTIMIZATION_LEVEL</key>
				<string>0</string>
				<key>GCC_PREPROCESSOR_DEFINITIONS</key>
				<array>
					<string>DEBUG=1</string>
					<string>$(inherited)</string>
				</array>
				<key>GCC_SYMBOLS_PRIVATE_EXTERN</key>
				<string>NO</string>
				<key>GCC_WARN_ABOUT_RETURN_TYPE</key>
				<string>YES</string>
				<key>GCC_WARN_UNINITIALIZED_AUTOS</key>
				<string>YES</string>
				<key>GCC_WARN_UNUSED_VARIABLE</key>
				<string>YES</string>
				<key>IPHONEOS_DEPLOYMENT_TARGET</key>
				<string>6.1</string>
				<key>ONLY_ACTIVE_ARCH</key>
				<string>YES</string>
				<key>SDKROOT</key>
				<string>iphoneos</string>
			</dict>
			<key>isa</key>
			<string>XCBuildConfiguration</string>
			<key>name</key>
			<string>Debug</string>
		</dict>
		<key>405EC30216F219B400F590DD</key>
		<dict>
			<key>buildSettings</key>
			<dict>
				<key>ALWAYS_SEARCH_USER_PATHS</key>
				<string>NO</string>
				<key>CLANG_CXX_LANGUAGE_STANDARD</key>
				<string>gnu++0x</string>
				<key>CLANG_CXX_LIBRARY</key>
				<string>libc++</string>
				<key>CLANG_ENABLE_OBJC_ARC</key>
				<string>YES</string>
				<key>CLANG_WARN_CONSTANT_CONVERSION</key>
				<string>YES</string>
				<key>CLANG_WARN_EMPTY_BODY</key>
				<string>YES</string>
				<key>CLANG_WARN_ENUM_CONVERSION</key>
				<string>YES</string>
				<key>CLANG_WARN_INT_CONVERSION</key>
				<string>YES</string>
				<key>CLANG_WARN__DUPLICATE_METHOD_MATCH</key>
				<string>YES</string>
				<key>CODE_SIGN_IDENTITY[sdk=iphoneos*]</key>
				<string>iPhone Developer</string>
				<key>COPY_PHASE_STRIP</key>
				<string>YES</string>
				<key>GCC_C_LANGUAGE_STANDARD</key>
				<string>gnu99</string>
				<key>GCC_WARN_ABOUT_RETURN_TYPE</key>
				<string>YES</string>
				<key>GCC_WARN_UNINITIALIZED_AUTOS</key>
				<string>YES</string>
				<key>GCC_WARN_UNUSED_VARIABLE</key>
				<string>YES</string>
				<key>IPHONEOS_DEPLOYMENT_TARGET</key>
				<string>6.1</string>
				<key>OTHER_CFLAGS</key>
				<string>-DNS_BLOCK_ASSERTIONS=1</string>
				<key>SDKROOT</key>
				<string>iphoneos</string>
				<key>VALIDATE_PRODUCT</key>
				<string>YES</string>
			</dict>
			<key>isa</key>
			<string>XCBuildConfiguration</string>
			<key>name</key>
			<string>Release</string>
		</dict>
		<key>405EC30316F219B400F590DD</key>
		<dict>
			<key>buildConfigurations</key>
			<array>
				<string>405EC30416F219B400F590DD</string>
				<string>405EC30516F219B400F590DD</string>
			</array>
			<key>defaultConfigurationIsVisible</key>
			<string>0</string>
			<key>defaultConfigurationName</key>
			<string>Release</string>
			<key>isa</key>
			<string>XCConfigurationList</string>
		</dict>
		<key>405EC30416F219B400F590DD</key>
		<dict>
			<key>baseConfigurationReference</key>
			<string>8AFFA37E5D9B470888607BEB</string>
			<key>buildSettings</key>
			<dict>
				<key>GCC_PRECOMPILE_PREFIX_HEADER</key>
				<string>YES</string>
				<key>GCC_PREFIX_HEADER</key>
				<string>ATCalendarDemo/ATCalendar-Prefix.pch</string>
				<key>INFOPLIST_FILE</key>
				<string>ATCalendarDemo/ATCalendarDemo-Info.plist</string>
				<key>PRODUCT_NAME</key>
				<string>$(TARGET_NAME)</string>
				<key>WRAPPER_EXTENSION</key>
				<string>app</string>
			</dict>
			<key>isa</key>
			<string>XCBuildConfiguration</string>
			<key>name</key>
			<string>Debug</string>
		</dict>
		<key>405EC30516F219B400F590DD</key>
		<dict>
			<key>baseConfigurationReference</key>
			<string>8AFFA37E5D9B470888607BEB</string>
			<key>buildSettings</key>
			<dict>
				<key>GCC_PRECOMPILE_PREFIX_HEADER</key>
				<string>YES</string>
				<key>GCC_PREFIX_HEADER</key>
				<string>ATCalendarDemo/ATCalendar-Prefix.pch</string>
				<key>INFOPLIST_FILE</key>
				<string>ATCalendarDemo/ATCalendarDemo-Info.plist</string>
				<key>PRODUCT_NAME</key>
				<string>$(TARGET_NAME)</string>
				<key>WRAPPER_EXTENSION</key>
				<string>app</string>
			</dict>
			<key>isa</key>
			<string>XCBuildConfiguration</string>
			<key>name</key>
			<string>Release</string>
		</dict>
		<key>405EC30616F219B400F590DD</key>
		<dict>
			<key>buildConfigurations</key>
			<array>
				<string>405EC30716F219B400F590DD</string>
				<string>405EC30816F219B400F590DD</string>
			</array>
			<key>defaultConfigurationIsVisible</key>
			<string>0</string>
			<key>defaultConfigurationName</key>
			<string>Release</string>
			<key>isa</key>
			<string>XCConfigurationList</string>
		</dict>
		<key>405EC30716F219B400F590DD</key>
		<dict>
			<key>buildSettings</key>
			<dict>
				<key>BUNDLE_LOADER</key>
				<string>$(BUILT_PRODUCTS_DIR)/ATCalendarDemo.app/ATCalendarDemo</string>
				<key>FRAMEWORK_SEARCH_PATHS</key>
				<array>
					<string>"$(SDKROOT)/Developer/Library/Frameworks"</string>
					<string>"$(DEVELOPER_LIBRARY_DIR)/Frameworks"</string>
				</array>
				<key>GCC_PRECOMPILE_PREFIX_HEADER</key>
				<string>YES</string>
				<key>GCC_PREFIX_HEADER</key>
				<string>ATCalendarDemo/ATCalendar-Prefix.pch</string>
				<key>INFOPLIST_FILE</key>
				<string>ATCalendarDemoTests/ATCalendarTests-Info.plist</string>
				<key>PRODUCT_NAME</key>
				<string>$(TARGET_NAME)</string>
				<key>TEST_HOST</key>
				<string>$(BUNDLE_LOADER)</string>
				<key>WRAPPER_EXTENSION</key>
				<string>octest</string>
			</dict>
			<key>isa</key>
			<string>XCBuildConfiguration</string>
			<key>name</key>
			<string>Debug</string>
		</dict>
		<key>405EC30816F219B400F590DD</key>
		<dict>
			<key>buildSettings</key>
			<dict>
				<key>BUNDLE_LOADER</key>
				<string>$(BUILT_PRODUCTS_DIR)/ATCalendarDemo.app/ATCalendarDemo</string>
				<key>FRAMEWORK_SEARCH_PATHS</key>
				<array>
					<string>"$(SDKROOT)/Developer/Library/Frameworks"</string>
					<string>"$(DEVELOPER_LIBRARY_DIR)/Frameworks"</string>
				</array>
				<key>GCC_PRECOMPILE_PREFIX_HEADER</key>
				<string>YES</string>
				<key>GCC_PREFIX_HEADER</key>
				<string>ATCalendarDemo/ATCalendar-Prefix.pch</string>
				<key>INFOPLIST_FILE</key>
				<string>ATCalendarDemoTests/ATCalendarTests-Info.plist</string>
				<key>PRODUCT_NAME</key>
				<string>$(TARGET_NAME)</string>
				<key>TEST_HOST</key>
				<string>$(BUNDLE_LOADER)</string>
				<key>WRAPPER_EXTENSION</key>
				<string>octest</string>
			</dict>
			<key>isa</key>
			<string>XCBuildConfiguration</string>
			<key>name</key>
			<string>Release</string>
		</dict>
		<key>405EC30916F21B0500F590DD</key>
		<dict>
			<key>children</key>
			<array>
				<string>401297B816F21C2D00C0DC35</string>
			</array>
			<key>isa</key>
			<string>PBXGroup</string>
			<key>path</key>
			<string>src</string>
			<key>sourceTree</key>
			<string>&lt;group&gt;</string>
		</dict>
		<key>628016158C39494FB1B9D4B1</key>
		<dict>
			<key>fileRef</key>
			<string>841B0704C9154AE4852A0DEE</string>
			<key>isa</key>
			<string>PBXBuildFile</string>
			<key>settings</key>
			<dict/>
		</dict>
		<key>841B0704C9154AE4852A0DEE</key>
		<dict>
			<key>explicitFileType</key>
			<string>archive.ar</string>
			<key>includeInIndex</key>
			<string>0</string>
			<key>isa</key>
			<string>PBXFileReference</string>
			<key>name</key>
			<string>libPods.a</string>
			<key>path</key>
			<string>libPods.a</string>
			<key>sourceTree</key>
			<string>BUILT_PRODUCTS_DIR</string>
		</dict>
		<key>8AFFA37E5D9B470888607BEB</key>
		<dict>
			<key>includeInIndex</key>
			<string>1</string>
			<key>isa</key>
			<string>PBXFileReference</string>
			<key>lastKnownFileType</key>
			<string>text.xcconfig</string>
			<key>name</key>
			<string>Pods.xcconfig</string>
			<key>path</key>
			<string>Pods/Pods.xcconfig</string>
			<key>sourceTree</key>
			<string>SOURCE_ROOT</string>
		</dict>
	</dict>
	<key>rootObject</key>
	<string>405EC2BA16F219B400F590DD</string>
</dict>
</plist>
